
Microsoft Visual Studio Solution File, Format Version 12.00
# Visual Studio Version 16
VisualStudioVersion = 16.0.29020.237
MinimumVisualStudioVersion = 10.0.40219.1
Project("{FAE04EC0-301F-11D3-BF4B-00C04F79EFBC}") = "NextPermutation", "NextPermutation\NextPermutation.csproj", "{BED9BADE-1EDB-4A49-AFDF-0124B3AC0A1A}"
EndProject
Global
	GlobalSection(SolutionConfigurationPlatforms) = preSolution
		Debug|Any CPU = Debug|Any CPU
		Release|Any CPU = Release|Any CPU
	EndGlobalSection
	GlobalSection(ProjectConfigurationPlatforms) = postSolution
		{BED9BADE-1EDB-4A49-AFDF-0124B3AC0A1A}.Debug|Any CPU.ActiveCfg = Debug|Any CPU
		{BED9BADE-1EDB-4A49-AFDF-0124B3AC0A1A}.Debug|Any CPU.Build.0 = Debug|Any CPU
		{BED9BADE-1EDB-4A49-AFDF-0124B3AC0A1A}.Release|Any CPU.ActiveCfg = Release|Any CPU
		{BED9BADE-1EDB-4A49-AFDF-0124B3AC0A1A}.Release|Any CPU.Build.0 = Release|Any CPU
	EndGlobalSection
	GlobalSection(SolutionProperties) = preSolution
		HideSolutionNode = FALSE
	EndGlobalSection
	GlobalSection(ExtensibilityGlobals) = postSolution
		SolutionGuid = {E83CD7EF-CF2A-48FB-B238-90AEE72F5339}
	EndGlobalSection
EndGlobal
