
Microsoft Visual Studio Solution File, Format Version 12.00
# Visual Studio Version 16
VisualStudioVersion = 16.0.30128.74
MinimumVisualStudioVersion = 10.0.40219.1
Project("{FAE04EC0-301F-11D3-BF4B-00C04F79EFBC}") = "AddAndSearchWord", "AddAndSearchWord\AddAndSearchWord.csproj", "{72BCBD0D-5506-4120-B01D-D583110B5850}"
EndProject
Global
	GlobalSection(SolutionConfigurationPlatforms) = preSolution
		Debug|Any CPU = Debug|Any CPU
		Release|Any CPU = Release|Any CPU
	EndGlobalSection
	GlobalSection(ProjectConfigurationPlatforms) = postSolution
		{72BCBD0D-5506-4120-B01D-D583110B5850}.Debug|Any CPU.ActiveCfg = Debug|Any CPU
		{72BCBD0D-5506-4120-B01D-D583110B5850}.Debug|Any CPU.Build.0 = Debug|Any CPU
		{72BCBD0D-5506-4120-B01D-D583110B5850}.Release|Any CPU.ActiveCfg = Release|Any CPU
		{72BCBD0D-5506-4120-B01D-D583110B5850}.Release|Any CPU.Build.0 = Release|Any CPU
	EndGlobalSection
	GlobalSection(SolutionProperties) = preSolution
		HideSolutionNode = FALSE
	EndGlobalSection
	GlobalSection(ExtensibilityGlobals) = postSolution
		SolutionGuid = {A1919F17-0F6E-481C-A64C-33D4AFEA4FD2}
	EndGlobalSection
EndGlobal
