
Microsoft Visual Studio Solution File, Format Version 12.00
# Visual Studio Version 17
VisualStudioVersion = 17.5.33627.172
MinimumVisualStudioVersion = 10.0.40219.1
Project("{FAE04EC0-301F-11D3-BF4B-00C04F79EFBC}") = "CountTheNumberOfSpecialCharactersII", "CountTheNumberOfSpecialCharactersII\CountTheNumberOfSpecialCharactersII.csproj", "{2DB82310-4789-479D-A56C-2E82C1DBD3EE}"
EndProject
Global
	GlobalSection(SolutionConfigurationPlatforms) = preSolution
		Debug|Any CPU = Debug|Any CPU
		Release|Any CPU = Release|Any CPU
	EndGlobalSection
	GlobalSection(ProjectConfigurationPlatforms) = postSolution
		{2DB82310-4789-479D-A56C-2E82C1DBD3EE}.Debug|Any CPU.ActiveCfg = Debug|Any CPU
		{2DB82310-4789-479D-A56C-2E82C1DBD3EE}.Debug|Any CPU.Build.0 = Debug|Any CPU
		{2DB82310-4789-479D-A56C-2E82C1DBD3EE}.Release|Any CPU.ActiveCfg = Release|Any CPU
		{2DB82310-4789-479D-A56C-2E82C1DBD3EE}.Release|Any CPU.Build.0 = Release|Any CPU
	EndGlobalSection
	GlobalSection(SolutionProperties) = preSolution
		HideSolutionNode = FALSE
	EndGlobalSection
	GlobalSection(ExtensibilityGlobals) = postSolution
		SolutionGuid = {23A88103-CE5B-4E94-B8AA-2735EEC17548}
	EndGlobalSection
EndGlobal
