
Microsoft Visual Studio Solution File, Format Version 12.00
# Visual Studio Version 16
VisualStudioVersion = 16.0.30128.74
MinimumVisualStudioVersion = 10.0.40219.1
Project("{FAE04EC0-301F-11D3-BF4B-00C04F79EFBC}") = "CountOddNumbersInAnIntervalRange", "CountOddNumbersInAnIntervalRange\CountOddNumbersInAnIntervalRange.csproj", "{5C3CA77E-3396-4938-A27D-33B11482425D}"
EndProject
Global
	GlobalSection(SolutionConfigurationPlatforms) = preSolution
		Debug|Any CPU = Debug|Any CPU
		Release|Any CPU = Release|Any CPU
	EndGlobalSection
	GlobalSection(ProjectConfigurationPlatforms) = postSolution
		{5C3CA77E-3396-4938-A27D-33B11482425D}.Debug|Any CPU.ActiveCfg = Debug|Any CPU
		{5C3CA77E-3396-4938-A27D-33B11482425D}.Debug|Any CPU.Build.0 = Debug|Any CPU
		{5C3CA77E-3396-4938-A27D-33B11482425D}.Release|Any CPU.ActiveCfg = Release|Any CPU
		{5C3CA77E-3396-4938-A27D-33B11482425D}.Release|Any CPU.Build.0 = Release|Any CPU
	EndGlobalSection
	GlobalSection(SolutionProperties) = preSolution
		HideSolutionNode = FALSE
	EndGlobalSection
	GlobalSection(ExtensibilityGlobals) = postSolution
		SolutionGuid = {5341D9CB-7A5D-463F-8E71-03B5E6099324}
	EndGlobalSection
EndGlobal
