
Microsoft Visual Studio Solution File, Format Version 12.00
# Visual Studio Version 17
VisualStudioVersion = 17.0.32014.148
MinimumVisualStudioVersion = 10.0.40219.1
Project("{FAE04EC0-301F-11D3-BF4B-00C04F79EFBC}") = "MinimumRoundToCompleteAllTasks", "MinimumRoundToCompleteAllTasks\MinimumRoundToCompleteAllTasks.csproj", "{4C8D089D-B7EE-4AE9-B6C0-28924A2845B5}"
EndProject
Global
	GlobalSection(SolutionConfigurationPlatforms) = preSolution
		Debug|Any CPU = Debug|Any CPU
		Release|Any CPU = Release|Any CPU
	EndGlobalSection
	GlobalSection(ProjectConfigurationPlatforms) = postSolution
		{4C8D089D-B7EE-4AE9-B6C0-28924A2845B5}.Debug|Any CPU.ActiveCfg = Debug|Any CPU
		{4C8D089D-B7EE-4AE9-B6C0-28924A2845B5}.Debug|Any CPU.Build.0 = Debug|Any CPU
		{4C8D089D-B7EE-4AE9-B6C0-28924A2845B5}.Release|Any CPU.ActiveCfg = Release|Any CPU
		{4C8D089D-B7EE-4AE9-B6C0-28924A2845B5}.Release|Any CPU.Build.0 = Release|Any CPU
	EndGlobalSection
	GlobalSection(SolutionProperties) = preSolution
		HideSolutionNode = FALSE
	EndGlobalSection
	GlobalSection(ExtensibilityGlobals) = postSolution
		SolutionGuid = {448AA8F4-CE72-4187-8B52-A6E78E1FF5F4}
	EndGlobalSection
EndGlobal
