
Microsoft Visual Studio Solution File, Format Version 12.00
# Visual Studio Version 17
VisualStudioVersion = 17.3.32825.248
MinimumVisualStudioVersion = 10.0.40219.1
Project("{FAE04EC0-301F-11D3-BF4B-00C04F79EFBC}") = "ShortestPathWithAlternatingColors", "ShortestPathWithAlternatingColors\ShortestPathWithAlternatingColors.csproj", "{C98584C2-303C-4FA1-B88A-7DB2827D82CF}"
EndProject
Global
	GlobalSection(SolutionConfigurationPlatforms) = preSolution
		Debug|Any CPU = Debug|Any CPU
		Release|Any CPU = Release|Any CPU
	EndGlobalSection
	GlobalSection(ProjectConfigurationPlatforms) = postSolution
		{C98584C2-303C-4FA1-B88A-7DB2827D82CF}.Debug|Any CPU.ActiveCfg = Debug|Any CPU
		{C98584C2-303C-4FA1-B88A-7DB2827D82CF}.Debug|Any CPU.Build.0 = Debug|Any CPU
		{C98584C2-303C-4FA1-B88A-7DB2827D82CF}.Release|Any CPU.ActiveCfg = Release|Any CPU
		{C98584C2-303C-4FA1-B88A-7DB2827D82CF}.Release|Any CPU.Build.0 = Release|Any CPU
	EndGlobalSection
	GlobalSection(SolutionProperties) = preSolution
		HideSolutionNode = FALSE
	EndGlobalSection
	GlobalSection(ExtensibilityGlobals) = postSolution
		SolutionGuid = {194F05FE-9392-4AC8-B837-D94D0016D8F9}
	EndGlobalSection
EndGlobal
