
Microsoft Visual Studio Solution File, Format Version 12.00
# Visual Studio Version 17
VisualStudioVersion = 17.5.33516.290
MinimumVisualStudioVersion = 10.0.40219.1
Project("{FAE04EC0-301F-11D3-BF4B-00C04F79EFBC}") = "ConvertAnArrayIntoA2DArray", "ConvertAnArrayIntoA2DArray\ConvertAnArrayIntoA2DArray.csproj", "{7B729CFD-E558-4764-985F-3C8E1C8B43F0}"
EndProject
Global
	GlobalSection(SolutionConfigurationPlatforms) = preSolution
		Debug|Any CPU = Debug|Any CPU
		Release|Any CPU = Release|Any CPU
	EndGlobalSection
	GlobalSection(ProjectConfigurationPlatforms) = postSolution
		{7B729CFD-E558-4764-985F-3C8E1C8B43F0}.Debug|Any CPU.ActiveCfg = Debug|Any CPU
		{7B729CFD-E558-4764-985F-3C8E1C8B43F0}.Debug|Any CPU.Build.0 = Debug|Any CPU
		{7B729CFD-E558-4764-985F-3C8E1C8B43F0}.Release|Any CPU.ActiveCfg = Release|Any CPU
		{7B729CFD-E558-4764-985F-3C8E1C8B43F0}.Release|Any CPU.Build.0 = Release|Any CPU
	EndGlobalSection
	GlobalSection(SolutionProperties) = preSolution
		HideSolutionNode = FALSE
	EndGlobalSection
	GlobalSection(ExtensibilityGlobals) = postSolution
		SolutionGuid = {D5634C02-105E-4DB9-8971-17FF7318E849}
	EndGlobalSection
EndGlobal
