
Microsoft Visual Studio Solution File, Format Version 12.00
# Visual Studio Version 16
VisualStudioVersion = 16.0.29009.5
MinimumVisualStudioVersion = 10.0.40219.1
Project("{FAE04EC0-301F-11D3-BF4B-00C04F79EFBC}") = "MiddleOfTheLinkedList", "MiddleOfTheLinkedList\MiddleOfTheLinkedList.csproj", "{17054ABB-F9F7-4819-BAE9-279CC673453D}"
EndProject
Global
	GlobalSection(SolutionConfigurationPlatforms) = preSolution
		Debug|Any CPU = Debug|Any CPU
		Release|Any CPU = Release|Any CPU
	EndGlobalSection
	GlobalSection(ProjectConfigurationPlatforms) = postSolution
		{17054ABB-F9F7-4819-BAE9-279CC673453D}.Debug|Any CPU.ActiveCfg = Debug|Any CPU
		{17054ABB-F9F7-4819-BAE9-279CC673453D}.Debug|Any CPU.Build.0 = Debug|Any CPU
		{17054ABB-F9F7-4819-BAE9-279CC673453D}.Release|Any CPU.ActiveCfg = Release|Any CPU
		{17054ABB-F9F7-4819-BAE9-279CC673453D}.Release|Any CPU.Build.0 = Release|Any CPU
	EndGlobalSection
	GlobalSection(SolutionProperties) = preSolution
		HideSolutionNode = FALSE
	EndGlobalSection
	GlobalSection(ExtensibilityGlobals) = postSolution
		SolutionGuid = {35CC79BE-C322-4CDE-B392-EB04F25C7EEF}
	EndGlobalSection
EndGlobal
