
Microsoft Visual Studio Solution File, Format Version 12.00
# Visual Studio Version 16
VisualStudioVersion = 16.0.29020.237
MinimumVisualStudioVersion = 10.0.40219.1
Project("{FAE04EC0-301F-11D3-BF4B-00C04F79EFBC}") = "MaximumSumOfTwoNonOverlapping", "MaximumSumOfTwoNonOverlapping\MaximumSumOfTwoNonOverlapping.csproj", "{DC4F2573-6C1B-465E-ACEA-80321482E939}"
EndProject
Global
	GlobalSection(SolutionConfigurationPlatforms) = preSolution
		Debug|Any CPU = Debug|Any CPU
		Release|Any CPU = Release|Any CPU
	EndGlobalSection
	GlobalSection(ProjectConfigurationPlatforms) = postSolution
		{DC4F2573-6C1B-465E-ACEA-80321482E939}.Debug|Any CPU.ActiveCfg = Debug|Any CPU
		{DC4F2573-6C1B-465E-ACEA-80321482E939}.Debug|Any CPU.Build.0 = Debug|Any CPU
		{DC4F2573-6C1B-465E-ACEA-80321482E939}.Release|Any CPU.ActiveCfg = Release|Any CPU
		{DC4F2573-6C1B-465E-ACEA-80321482E939}.Release|Any CPU.Build.0 = Release|Any CPU
	EndGlobalSection
	GlobalSection(SolutionProperties) = preSolution
		HideSolutionNode = FALSE
	EndGlobalSection
	GlobalSection(ExtensibilityGlobals) = postSolution
		SolutionGuid = {8156D6AA-4AB1-463E-893B-15839FED228A}
	EndGlobalSection
EndGlobal
