
Microsoft Visual Studio Solution File, Format Version 12.00
# Visual Studio Version 16
VisualStudioVersion = 16.0.31402.337
MinimumVisualStudioVersion = 10.0.40219.1
Project("{FAE04EC0-301F-11D3-BF4B-00C04F79EFBC}") = "LongestCommonSubsequence", "LongestCommonSubsequence\LongestCommonSubsequence.csproj", "{56F20FAB-71F9-4A91-B243-A3176C729733}"
EndProject
Global
	GlobalSection(SolutionConfigurationPlatforms) = preSolution
		Debug|Any CPU = Debug|Any CPU
		Release|Any CPU = Release|Any CPU
	EndGlobalSection
	GlobalSection(ProjectConfigurationPlatforms) = postSolution
		{56F20FAB-71F9-4A91-B243-A3176C729733}.Debug|Any CPU.ActiveCfg = Debug|Any CPU
		{56F20FAB-71F9-4A91-B243-A3176C729733}.Debug|Any CPU.Build.0 = Debug|Any CPU
		{56F20FAB-71F9-4A91-B243-A3176C729733}.Release|Any CPU.ActiveCfg = Release|Any CPU
		{56F20FAB-71F9-4A91-B243-A3176C729733}.Release|Any CPU.Build.0 = Release|Any CPU
	EndGlobalSection
	GlobalSection(SolutionProperties) = preSolution
		HideSolutionNode = FALSE
	EndGlobalSection
	GlobalSection(ExtensibilityGlobals) = postSolution
		SolutionGuid = {0AEB9559-FBB3-4A07-91E6-BB565995D3A1}
	EndGlobalSection
EndGlobal
