
Microsoft Visual Studio Solution File, Format Version 12.00
# Visual Studio Version 16
VisualStudioVersion = 16.0.29418.71
MinimumVisualStudioVersion = 10.0.40219.1
Project("{FAE04EC0-301F-11D3-BF4B-00C04F79EFBC}") = "CheckIfWordIsValidAfterSubstitutions", "CheckIfWordIsValidAfterSubstitutions\CheckIfWordIsValidAfterSubstitutions.csproj", "{55F5431A-6D36-4931-BC56-22D8705F2815}"
EndProject
Global
	GlobalSection(SolutionConfigurationPlatforms) = preSolution
		Debug|Any CPU = Debug|Any CPU
		Release|Any CPU = Release|Any CPU
	EndGlobalSection
	GlobalSection(ProjectConfigurationPlatforms) = postSolution
		{55F5431A-6D36-4931-BC56-22D8705F2815}.Debug|Any CPU.ActiveCfg = Debug|Any CPU
		{55F5431A-6D36-4931-BC56-22D8705F2815}.Debug|Any CPU.Build.0 = Debug|Any CPU
		{55F5431A-6D36-4931-BC56-22D8705F2815}.Release|Any CPU.ActiveCfg = Release|Any CPU
		{55F5431A-6D36-4931-BC56-22D8705F2815}.Release|Any CPU.Build.0 = Release|Any CPU
	EndGlobalSection
	GlobalSection(SolutionProperties) = preSolution
		HideSolutionNode = FALSE
	EndGlobalSection
	GlobalSection(ExtensibilityGlobals) = postSolution
		SolutionGuid = {876ADE64-6C16-40B2-8DE8-562F9B24AA83}
	EndGlobalSection
EndGlobal
