
Microsoft Visual Studio Solution File, Format Version 12.00
# Visual Studio Version 17
VisualStudioVersion = 17.0.32014.148
MinimumVisualStudioVersion = 10.0.40219.1
Project("{FAE04EC0-301F-11D3-BF4B-00C04F79EFBC}") = "CanIWin", "CanIWin\CanIWin.csproj", "{577ED288-575A-40D2-A72A-14D735D7254E}"
EndProject
Global
	GlobalSection(SolutionConfigurationPlatforms) = preSolution
		Debug|Any CPU = Debug|Any CPU
		Release|Any CPU = Release|Any CPU
	EndGlobalSection
	GlobalSection(ProjectConfigurationPlatforms) = postSolution
		{577ED288-575A-40D2-A72A-14D735D7254E}.Debug|Any CPU.ActiveCfg = Debug|Any CPU
		{577ED288-575A-40D2-A72A-14D735D7254E}.Debug|Any CPU.Build.0 = Debug|Any CPU
		{577ED288-575A-40D2-A72A-14D735D7254E}.Release|Any CPU.ActiveCfg = Release|Any CPU
		{577ED288-575A-40D2-A72A-14D735D7254E}.Release|Any CPU.Build.0 = Release|Any CPU
	EndGlobalSection
	GlobalSection(SolutionProperties) = preSolution
		HideSolutionNode = FALSE
	EndGlobalSection
	GlobalSection(ExtensibilityGlobals) = postSolution
		SolutionGuid = {737C93F3-7444-4FEB-B6AE-987BE5D58817}
	EndGlobalSection
EndGlobal
