
Microsoft Visual Studio Solution File, Format Version 12.00
# Visual Studio Version 16
VisualStudioVersion = 16.0.29020.237
MinimumVisualStudioVersion = 10.0.40219.1
Project("{FAE04EC0-301F-11D3-BF4B-00C04F79EFBC}") = "FindAllDuplicatesInAnArray", "FindAllDuplicatesInAnArray\FindAllDuplicatesInAnArray.csproj", "{2EC67BA3-1CBC-4C8E-B900-27A87672ED01}"
EndProject
Global
	GlobalSection(SolutionConfigurationPlatforms) = preSolution
		Debug|Any CPU = Debug|Any CPU
		Release|Any CPU = Release|Any CPU
	EndGlobalSection
	GlobalSection(ProjectConfigurationPlatforms) = postSolution
		{2EC67BA3-1CBC-4C8E-B900-27A87672ED01}.Debug|Any CPU.ActiveCfg = Debug|Any CPU
		{2EC67BA3-1CBC-4C8E-B900-27A87672ED01}.Debug|Any CPU.Build.0 = Debug|Any CPU
		{2EC67BA3-1CBC-4C8E-B900-27A87672ED01}.Release|Any CPU.ActiveCfg = Release|Any CPU
		{2EC67BA3-1CBC-4C8E-B900-27A87672ED01}.Release|Any CPU.Build.0 = Release|Any CPU
	EndGlobalSection
	GlobalSection(SolutionProperties) = preSolution
		HideSolutionNode = FALSE
	EndGlobalSection
	GlobalSection(ExtensibilityGlobals) = postSolution
		SolutionGuid = {6CE53C76-3D4B-46E4-A631-57891B1552E0}
	EndGlobalSection
EndGlobal
