
Microsoft Visual Studio Solution File, Format Version 12.00
# Visual Studio Version 16
VisualStudioVersion = 16.0.29613.14
MinimumVisualStudioVersion = 10.0.40219.1
Project("{FAE04EC0-301F-11D3-BF4B-00C04F79EFBC}") = "LinkedListRandomNode", "LinkedListRandomNode\LinkedListRandomNode.csproj", "{AE6AFFCA-29BC-47B7-BE43-E95E365F41F2}"
EndProject
Global
	GlobalSection(SolutionConfigurationPlatforms) = preSolution
		Debug|Any CPU = Debug|Any CPU
		Release|Any CPU = Release|Any CPU
	EndGlobalSection
	GlobalSection(ProjectConfigurationPlatforms) = postSolution
		{AE6AFFCA-29BC-47B7-BE43-E95E365F41F2}.Debug|Any CPU.ActiveCfg = Debug|Any CPU
		{AE6AFFCA-29BC-47B7-BE43-E95E365F41F2}.Debug|Any CPU.Build.0 = Debug|Any CPU
		{AE6AFFCA-29BC-47B7-BE43-E95E365F41F2}.Release|Any CPU.ActiveCfg = Release|Any CPU
		{AE6AFFCA-29BC-47B7-BE43-E95E365F41F2}.Release|Any CPU.Build.0 = Release|Any CPU
	EndGlobalSection
	GlobalSection(SolutionProperties) = preSolution
		HideSolutionNode = FALSE
	EndGlobalSection
	GlobalSection(ExtensibilityGlobals) = postSolution
		SolutionGuid = {5CA4871A-52E4-42AF-BFA2-D36667E9DD7C}
	EndGlobalSection
EndGlobal
