
Microsoft Visual Studio Solution File, Format Version 12.00
# Visual Studio Version 16
VisualStudioVersion = 16.0.29418.71
MinimumVisualStudioVersion = 10.0.40219.1
Project("{FAE04EC0-301F-11D3-BF4B-00C04F79EFBC}") = "FriendsOfAppropriateAges", "FriendsOfAppropriateAges\FriendsOfAppropriateAges.csproj", "{460776A5-60E1-4578-A721-7DC7CEF554BA}"
EndProject
Global
	GlobalSection(SolutionConfigurationPlatforms) = preSolution
		Debug|Any CPU = Debug|Any CPU
		Release|Any CPU = Release|Any CPU
	EndGlobalSection
	GlobalSection(ProjectConfigurationPlatforms) = postSolution
		{460776A5-60E1-4578-A721-7DC7CEF554BA}.Debug|Any CPU.ActiveCfg = Debug|Any CPU
		{460776A5-60E1-4578-A721-7DC7CEF554BA}.Debug|Any CPU.Build.0 = Debug|Any CPU
		{460776A5-60E1-4578-A721-7DC7CEF554BA}.Release|Any CPU.ActiveCfg = Release|Any CPU
		{460776A5-60E1-4578-A721-7DC7CEF554BA}.Release|Any CPU.Build.0 = Release|Any CPU
	EndGlobalSection
	GlobalSection(SolutionProperties) = preSolution
		HideSolutionNode = FALSE
	EndGlobalSection
	GlobalSection(ExtensibilityGlobals) = postSolution
		SolutionGuid = {E6B412D8-7453-482D-B062-35BF915F0A34}
	EndGlobalSection
EndGlobal
