
Microsoft Visual Studio Solution File, Format Version 12.00
# Visual Studio Version 16
VisualStudioVersion = 16.0.29613.14
MinimumVisualStudioVersion = 10.0.40219.1
Project("{FAE04EC0-301F-11D3-BF4B-00C04F79EFBC}") = "BuildAnArrayWithStackOperations", "BuildAnArrayWithStackOperations\BuildAnArrayWithStackOperations.csproj", "{A2458E1B-4C03-4729-B883-F7AFBCC70DF2}"
EndProject
Global
	GlobalSection(SolutionConfigurationPlatforms) = preSolution
		Debug|Any CPU = Debug|Any CPU
		Release|Any CPU = Release|Any CPU
	EndGlobalSection
	GlobalSection(ProjectConfigurationPlatforms) = postSolution
		{A2458E1B-4C03-4729-B883-F7AFBCC70DF2}.Debug|Any CPU.ActiveCfg = Debug|Any CPU
		{A2458E1B-4C03-4729-B883-F7AFBCC70DF2}.Debug|Any CPU.Build.0 = Debug|Any CPU
		{A2458E1B-4C03-4729-B883-F7AFBCC70DF2}.Release|Any CPU.ActiveCfg = Release|Any CPU
		{A2458E1B-4C03-4729-B883-F7AFBCC70DF2}.Release|Any CPU.Build.0 = Release|Any CPU
	EndGlobalSection
	GlobalSection(SolutionProperties) = preSolution
		HideSolutionNode = FALSE
	EndGlobalSection
	GlobalSection(ExtensibilityGlobals) = postSolution
		SolutionGuid = {D002AB93-993E-460E-8397-BC3BA9336857}
	EndGlobalSection
EndGlobal
