
Microsoft Visual Studio Solution File, Format Version 12.00
# Visual Studio Version 16
VisualStudioVersion = 16.0.30907.101
MinimumVisualStudioVersion = 10.0.40219.1
Project("{FAE04EC0-301F-11D3-BF4B-00C04F79EFBC}") = "RevealCardsInIncreasingOrder", "RevealCardsInIncreasingOrder\RevealCardsInIncreasingOrder.csproj", "{C5164AB9-4BC5-4015-AC81-81C8E5BDB927}"
EndProject
Global
	GlobalSection(SolutionConfigurationPlatforms) = preSolution
		Debug|Any CPU = Debug|Any CPU
		Release|Any CPU = Release|Any CPU
	EndGlobalSection
	GlobalSection(ProjectConfigurationPlatforms) = postSolution
		{C5164AB9-4BC5-4015-AC81-81C8E5BDB927}.Debug|Any CPU.ActiveCfg = Debug|Any CPU
		{C5164AB9-4BC5-4015-AC81-81C8E5BDB927}.Debug|Any CPU.Build.0 = Debug|Any CPU
		{C5164AB9-4BC5-4015-AC81-81C8E5BDB927}.Release|Any CPU.ActiveCfg = Release|Any CPU
		{C5164AB9-4BC5-4015-AC81-81C8E5BDB927}.Release|Any CPU.Build.0 = Release|Any CPU
	EndGlobalSection
	GlobalSection(SolutionProperties) = preSolution
		HideSolutionNode = FALSE
	EndGlobalSection
	GlobalSection(ExtensibilityGlobals) = postSolution
		SolutionGuid = {56ACEE28-EAA3-4C4F-B93D-EAEA811421D0}
	EndGlobalSection
EndGlobal
