
Microsoft Visual Studio Solution File, Format Version 12.00
# Visual Studio Version 17
VisualStudioVersion = 17.0.32014.148
MinimumVisualStudioVersion = 10.0.40219.1
Project("{FAE04EC0-301F-11D3-BF4B-00C04F79EFBC}") = "MinimizeRoundingErrorToMeetTarget", "MinimizeRoundingErrorToMeetTarget\MinimizeRoundingErrorToMeetTarget.csproj", "{62D51B94-EC9B-45AD-94E5-E79DFDEC1BE4}"
EndProject
Global
	GlobalSection(SolutionConfigurationPlatforms) = preSolution
		Debug|Any CPU = Debug|Any CPU
		Release|Any CPU = Release|Any CPU
	EndGlobalSection
	GlobalSection(ProjectConfigurationPlatforms) = postSolution
		{62D51B94-EC9B-45AD-94E5-E79DFDEC1BE4}.Debug|Any CPU.ActiveCfg = Debug|Any CPU
		{62D51B94-EC9B-45AD-94E5-E79DFDEC1BE4}.Debug|Any CPU.Build.0 = Debug|Any CPU
		{62D51B94-EC9B-45AD-94E5-E79DFDEC1BE4}.Release|Any CPU.ActiveCfg = Release|Any CPU
		{62D51B94-EC9B-45AD-94E5-E79DFDEC1BE4}.Release|Any CPU.Build.0 = Release|Any CPU
	EndGlobalSection
	GlobalSection(SolutionProperties) = preSolution
		HideSolutionNode = FALSE
	EndGlobalSection
	GlobalSection(ExtensibilityGlobals) = postSolution
		SolutionGuid = {7144CD1C-62E0-4363-8619-3EDE3862B7AA}
	EndGlobalSection
EndGlobal
