
Microsoft Visual Studio Solution File, Format Version 12.00
# Visual Studio Version 16
VisualStudioVersion = 16.0.31402.337
MinimumVisualStudioVersion = 10.0.40219.1
Project("{FAE04EC0-301F-11D3-BF4B-00C04F79EFBC}") = "CountSquareSumTriples", "CountSquareSumTriples\CountSquareSumTriples.csproj", "{C2D37736-7468-4F6D-8A63-DC3A7EEEB6DE}"
EndProject
Global
	GlobalSection(SolutionConfigurationPlatforms) = preSolution
		Debug|Any CPU = Debug|Any CPU
		Release|Any CPU = Release|Any CPU
	EndGlobalSection
	GlobalSection(ProjectConfigurationPlatforms) = postSolution
		{C2D37736-7468-4F6D-8A63-DC3A7EEEB6DE}.Debug|Any CPU.ActiveCfg = Debug|Any CPU
		{C2D37736-7468-4F6D-8A63-DC3A7EEEB6DE}.Debug|Any CPU.Build.0 = Debug|Any CPU
		{C2D37736-7468-4F6D-8A63-DC3A7EEEB6DE}.Release|Any CPU.ActiveCfg = Release|Any CPU
		{C2D37736-7468-4F6D-8A63-DC3A7EEEB6DE}.Release|Any CPU.Build.0 = Release|Any CPU
	EndGlobalSection
	GlobalSection(SolutionProperties) = preSolution
		HideSolutionNode = FALSE
	EndGlobalSection
	GlobalSection(ExtensibilityGlobals) = postSolution
		SolutionGuid = {4C7791ED-8417-4838-B376-8420051D6919}
	EndGlobalSection
EndGlobal
