
Microsoft Visual Studio Solution File, Format Version 12.00
# Visual Studio Version 16
VisualStudioVersion = 16.0.30907.101
MinimumVisualStudioVersion = 10.0.40219.1
Project("{FAE04EC0-301F-11D3-BF4B-00C04F79EFBC}") = "LongestIncreasingPathInAMatrix", "LongestIncreasingPathInAMatrix\LongestIncreasingPathInAMatrix.csproj", "{17932AAF-5855-4C91-8351-4B480ECBB43D}"
EndProject
Global
	GlobalSection(SolutionConfigurationPlatforms) = preSolution
		Debug|Any CPU = Debug|Any CPU
		Release|Any CPU = Release|Any CPU
	EndGlobalSection
	GlobalSection(ProjectConfigurationPlatforms) = postSolution
		{17932AAF-5855-4C91-8351-4B480ECBB43D}.Debug|Any CPU.ActiveCfg = Debug|Any CPU
		{17932AAF-5855-4C91-8351-4B480ECBB43D}.Debug|Any CPU.Build.0 = Debug|Any CPU
		{17932AAF-5855-4C91-8351-4B480ECBB43D}.Release|Any CPU.ActiveCfg = Release|Any CPU
		{17932AAF-5855-4C91-8351-4B480ECBB43D}.Release|Any CPU.Build.0 = Release|Any CPU
	EndGlobalSection
	GlobalSection(SolutionProperties) = preSolution
		HideSolutionNode = FALSE
	EndGlobalSection
	GlobalSection(ExtensibilityGlobals) = postSolution
		SolutionGuid = {3F7A4BA7-42E7-40EA-B8BF-B69A36478F66}
	EndGlobalSection
EndGlobal
