
Microsoft Visual Studio Solution File, Format Version 12.00
# Visual Studio Version 16
VisualStudioVersion = 16.0.29613.14
MinimumVisualStudioVersion = 10.0.40219.1
Project("{FAE04EC0-301F-11D3-BF4B-00C04F79EFBC}") = "BrokenCalculator", "BrokenCalculator\BrokenCalculator.csproj", "{3460E5A2-C3FB-47FC-ACE5-770153C0F77E}"
EndProject
Global
	GlobalSection(SolutionConfigurationPlatforms) = preSolution
		Debug|Any CPU = Debug|Any CPU
		Release|Any CPU = Release|Any CPU
	EndGlobalSection
	GlobalSection(ProjectConfigurationPlatforms) = postSolution
		{3460E5A2-C3FB-47FC-ACE5-770153C0F77E}.Debug|Any CPU.ActiveCfg = Debug|Any CPU
		{3460E5A2-C3FB-47FC-ACE5-770153C0F77E}.Debug|Any CPU.Build.0 = Debug|Any CPU
		{3460E5A2-C3FB-47FC-ACE5-770153C0F77E}.Release|Any CPU.ActiveCfg = Release|Any CPU
		{3460E5A2-C3FB-47FC-ACE5-770153C0F77E}.Release|Any CPU.Build.0 = Release|Any CPU
	EndGlobalSection
	GlobalSection(SolutionProperties) = preSolution
		HideSolutionNode = FALSE
	EndGlobalSection
	GlobalSection(ExtensibilityGlobals) = postSolution
		SolutionGuid = {19927C93-900C-4D12-A3B6-51700B4B7D75}
	EndGlobalSection
EndGlobal
