
Microsoft Visual Studio Solution File, Format Version 12.00
# Visual Studio Version 17
VisualStudioVersion = 17.5.33627.172
MinimumVisualStudioVersion = 10.0.40219.1
Project("{FAE04EC0-301F-11D3-BF4B-00C04F79EFBC}") = "ApplySubstitutions", "ApplySubstitutions\ApplySubstitutions.csproj", "{80CFCD6F-CAC0-4FBA-8EED-FC5D750406F7}"
EndProject
Global
	GlobalSection(SolutionConfigurationPlatforms) = preSolution
		Debug|Any CPU = Debug|Any CPU
		Release|Any CPU = Release|Any CPU
	EndGlobalSection
	GlobalSection(ProjectConfigurationPlatforms) = postSolution
		{80CFCD6F-CAC0-4FBA-8EED-FC5D750406F7}.Debug|Any CPU.ActiveCfg = Debug|Any CPU
		{80CFCD6F-CAC0-4FBA-8EED-FC5D750406F7}.Debug|Any CPU.Build.0 = Debug|Any CPU
		{80CFCD6F-CAC0-4FBA-8EED-FC5D750406F7}.Release|Any CPU.ActiveCfg = Release|Any CPU
		{80CFCD6F-CAC0-4FBA-8EED-FC5D750406F7}.Release|Any CPU.Build.0 = Release|Any CPU
	EndGlobalSection
	GlobalSection(SolutionProperties) = preSolution
		HideSolutionNode = FALSE
	EndGlobalSection
	GlobalSection(ExtensibilityGlobals) = postSolution
		SolutionGuid = {DEFA8D57-D18F-4454-A1DD-90DF1C568A67}
	EndGlobalSection
EndGlobal
