
Microsoft Visual Studio Solution File, Format Version 12.00
# Visual Studio Version 16
VisualStudioVersion = 16.0.29020.237
MinimumVisualStudioVersion = 10.0.40219.1
Project("{FAE04EC0-301F-11D3-BF4B-00C04F79EFBC}") = "CountBinarySubstrings", "CountBinarySubstrings\CountBinarySubstrings.csproj", "{FD89D65F-AC2F-4CCE-9981-48126999CCD7}"
EndProject
Global
	GlobalSection(SolutionConfigurationPlatforms) = preSolution
		Debug|Any CPU = Debug|Any CPU
		Release|Any CPU = Release|Any CPU
	EndGlobalSection
	GlobalSection(ProjectConfigurationPlatforms) = postSolution
		{FD89D65F-AC2F-4CCE-9981-48126999CCD7}.Debug|Any CPU.ActiveCfg = Debug|Any CPU
		{FD89D65F-AC2F-4CCE-9981-48126999CCD7}.Debug|Any CPU.Build.0 = Debug|Any CPU
		{FD89D65F-AC2F-4CCE-9981-48126999CCD7}.Release|Any CPU.ActiveCfg = Release|Any CPU
		{FD89D65F-AC2F-4CCE-9981-48126999CCD7}.Release|Any CPU.Build.0 = Release|Any CPU
	EndGlobalSection
	GlobalSection(SolutionProperties) = preSolution
		HideSolutionNode = FALSE
	EndGlobalSection
	GlobalSection(ExtensibilityGlobals) = postSolution
		SolutionGuid = {071FDF25-70C1-4692-B104-45BE41A70889}
	EndGlobalSection
EndGlobal
