
Microsoft Visual Studio Solution File, Format Version 12.00
# Visual Studio Version 16
VisualStudioVersion = 16.0.29306.81
MinimumVisualStudioVersion = 10.0.40219.1
Project("{FAE04EC0-301F-11D3-BF4B-00C04F79EFBC}") = "RansomNote", "RansomNote\RansomNote.csproj", "{BECF34FB-BF69-4BC3-A01A-F3C077BA61F6}"
EndProject
Global
	GlobalSection(SolutionConfigurationPlatforms) = preSolution
		Debug|Any CPU = Debug|Any CPU
		Release|Any CPU = Release|Any CPU
	EndGlobalSection
	GlobalSection(ProjectConfigurationPlatforms) = postSolution
		{BECF34FB-BF69-4BC3-A01A-F3C077BA61F6}.Debug|Any CPU.ActiveCfg = Debug|Any CPU
		{BECF34FB-BF69-4BC3-A01A-F3C077BA61F6}.Debug|Any CPU.Build.0 = Debug|Any CPU
		{BECF34FB-BF69-4BC3-A01A-F3C077BA61F6}.Release|Any CPU.ActiveCfg = Release|Any CPU
		{BECF34FB-BF69-4BC3-A01A-F3C077BA61F6}.Release|Any CPU.Build.0 = Release|Any CPU
	EndGlobalSection
	GlobalSection(SolutionProperties) = preSolution
		HideSolutionNode = FALSE
	EndGlobalSection
	GlobalSection(ExtensibilityGlobals) = postSolution
		SolutionGuid = {3A24A01E-88B3-4284-BF69-1A53FB23BC23}
	EndGlobalSection
EndGlobal
