
Microsoft Visual Studio Solution File, Format Version 12.00
# Visual Studio Version 17
VisualStudioVersion = 17.5.33627.172
MinimumVisualStudioVersion = 10.0.40219.1
Project("{FAE04EC0-301F-11D3-BF4B-00C04F79EFBC}") = "FindTheIntegerAddedToArrayII", "FindTheIntegerAddedToArrayII\FindTheIntegerAddedToArrayII.csproj", "{67C8CDB9-0C94-4C1D-AA56-F7EC041B9030}"
EndProject
Global
	GlobalSection(SolutionConfigurationPlatforms) = preSolution
		Debug|Any CPU = Debug|Any CPU
		Release|Any CPU = Release|Any CPU
	EndGlobalSection
	GlobalSection(ProjectConfigurationPlatforms) = postSolution
		{67C8CDB9-0C94-4C1D-AA56-F7EC041B9030}.Debug|Any CPU.ActiveCfg = Debug|Any CPU
		{67C8CDB9-0C94-4C1D-AA56-F7EC041B9030}.Debug|Any CPU.Build.0 = Debug|Any CPU
		{67C8CDB9-0C94-4C1D-AA56-F7EC041B9030}.Release|Any CPU.ActiveCfg = Release|Any CPU
		{67C8CDB9-0C94-4C1D-AA56-F7EC041B9030}.Release|Any CPU.Build.0 = Release|Any CPU
	EndGlobalSection
	GlobalSection(SolutionProperties) = preSolution
		HideSolutionNode = FALSE
	EndGlobalSection
	GlobalSection(ExtensibilityGlobals) = postSolution
		SolutionGuid = {3A83D197-4DD0-4662-BEE7-D5BD7BA2202F}
	EndGlobalSection
EndGlobal
