
Microsoft Visual Studio Solution File, Format Version 12.00
# Visual Studio Version 16
VisualStudioVersion = 16.0.29613.14
MinimumVisualStudioVersion = 10.0.40219.1
Project("{FAE04EC0-301F-11D3-BF4B-00C04F79EFBC}") = "ClosestDivisors", "ClosestDivisors\ClosestDivisors.csproj", "{5E657E9E-78E0-44F4-A374-1CFD5667FBC1}"
EndProject
Global
	GlobalSection(SolutionConfigurationPlatforms) = preSolution
		Debug|Any CPU = Debug|Any CPU
		Release|Any CPU = Release|Any CPU
	EndGlobalSection
	GlobalSection(ProjectConfigurationPlatforms) = postSolution
		{5E657E9E-78E0-44F4-A374-1CFD5667FBC1}.Debug|Any CPU.ActiveCfg = Debug|Any CPU
		{5E657E9E-78E0-44F4-A374-1CFD5667FBC1}.Debug|Any CPU.Build.0 = Debug|Any CPU
		{5E657E9E-78E0-44F4-A374-1CFD5667FBC1}.Release|Any CPU.ActiveCfg = Release|Any CPU
		{5E657E9E-78E0-44F4-A374-1CFD5667FBC1}.Release|Any CPU.Build.0 = Release|Any CPU
	EndGlobalSection
	GlobalSection(SolutionProperties) = preSolution
		HideSolutionNode = FALSE
	EndGlobalSection
	GlobalSection(ExtensibilityGlobals) = postSolution
		SolutionGuid = {2AB90975-842A-4529-B705-A8AC0ABBA468}
	EndGlobalSection
EndGlobal
