
Microsoft Visual Studio Solution File, Format Version 12.00
# Visual Studio Version 16
VisualStudioVersion = 16.0.30128.74
MinimumVisualStudioVersion = 10.0.40219.1
Project("{FAE04EC0-301F-11D3-BF4B-00C04F79EFBC}") = "DotProductOfTwoSparseVectors", "DotProductOfTwoSparseVectors\DotProductOfTwoSparseVectors.csproj", "{5BB85371-8A5B-4C94-B91F-B5EFDCD13566}"
EndProject
Global
	GlobalSection(SolutionConfigurationPlatforms) = preSolution
		Debug|Any CPU = Debug|Any CPU
		Release|Any CPU = Release|Any CPU
	EndGlobalSection
	GlobalSection(ProjectConfigurationPlatforms) = postSolution
		{5BB85371-8A5B-4C94-B91F-B5EFDCD13566}.Debug|Any CPU.ActiveCfg = Debug|Any CPU
		{5BB85371-8A5B-4C94-B91F-B5EFDCD13566}.Debug|Any CPU.Build.0 = Debug|Any CPU
		{5BB85371-8A5B-4C94-B91F-B5EFDCD13566}.Release|Any CPU.ActiveCfg = Release|Any CPU
		{5BB85371-8A5B-4C94-B91F-B5EFDCD13566}.Release|Any CPU.Build.0 = Release|Any CPU
	EndGlobalSection
	GlobalSection(SolutionProperties) = preSolution
		HideSolutionNode = FALSE
	EndGlobalSection
	GlobalSection(ExtensibilityGlobals) = postSolution
		SolutionGuid = {3C0FA7DA-B587-4036-9269-F2773698D887}
	EndGlobalSection
EndGlobal
