
Microsoft Visual Studio Solution File, Format Version 12.00
# Visual Studio Version 16
VisualStudioVersion = 16.0.29009.5
MinimumVisualStudioVersion = 10.0.40219.1
Project("{FAE04EC0-301F-11D3-BF4B-00C04F79EFBC}") = "HouseRobber", "HouseRobber\HouseRobber.csproj", "{81A72BAC-F390-4494-B178-245BCB8B22FC}"
EndProject
Global
	GlobalSection(SolutionConfigurationPlatforms) = preSolution
		Debug|Any CPU = Debug|Any CPU
		Release|Any CPU = Release|Any CPU
	EndGlobalSection
	GlobalSection(ProjectConfigurationPlatforms) = postSolution
		{81A72BAC-F390-4494-B178-245BCB8B22FC}.Debug|Any CPU.ActiveCfg = Debug|Any CPU
		{81A72BAC-F390-4494-B178-245BCB8B22FC}.Debug|Any CPU.Build.0 = Debug|Any CPU
		{81A72BAC-F390-4494-B178-245BCB8B22FC}.Release|Any CPU.ActiveCfg = Release|Any CPU
		{81A72BAC-F390-4494-B178-245BCB8B22FC}.Release|Any CPU.Build.0 = Release|Any CPU
	EndGlobalSection
	GlobalSection(SolutionProperties) = preSolution
		HideSolutionNode = FALSE
	EndGlobalSection
	GlobalSection(ExtensibilityGlobals) = postSolution
		SolutionGuid = {1CA46618-54AA-4D8E-A6C0-BC8771D71982}
	EndGlobalSection
EndGlobal
