
Microsoft Visual Studio Solution File, Format Version 12.00
# Visual Studio Version 16
VisualStudioVersion = 16.0.29306.81
MinimumVisualStudioVersion = 10.0.40219.1
Project("{FAE04EC0-301F-11D3-BF4B-00C04F79EFBC}") = "SquaresOfASortedArray", "SquaresOfASortedArray\SquaresOfASortedArray.csproj", "{84CCF6C4-C102-45FF-B998-12524A0CC582}"
EndProject
Global
	GlobalSection(SolutionConfigurationPlatforms) = preSolution
		Debug|Any CPU = Debug|Any CPU
		Release|Any CPU = Release|Any CPU
	EndGlobalSection
	GlobalSection(ProjectConfigurationPlatforms) = postSolution
		{84CCF6C4-C102-45FF-B998-12524A0CC582}.Debug|Any CPU.ActiveCfg = Debug|Any CPU
		{84CCF6C4-C102-45FF-B998-12524A0CC582}.Debug|Any CPU.Build.0 = Debug|Any CPU
		{84CCF6C4-C102-45FF-B998-12524A0CC582}.Release|Any CPU.ActiveCfg = Release|Any CPU
		{84CCF6C4-C102-45FF-B998-12524A0CC582}.Release|Any CPU.Build.0 = Release|Any CPU
	EndGlobalSection
	GlobalSection(SolutionProperties) = preSolution
		HideSolutionNode = FALSE
	EndGlobalSection
	GlobalSection(ExtensibilityGlobals) = postSolution
		SolutionGuid = {09CD4545-9303-4C6A-A8CE-E6BBF9E626AC}
	EndGlobalSection
EndGlobal
