
Microsoft Visual Studio Solution File, Format Version 12.00
# Visual Studio Version 17
VisualStudioVersion = 17.5.33627.172
MinimumVisualStudioVersion = 10.0.40219.1
Project("{FAE04EC0-301F-11D3-BF4B-00C04F79EFBC}") = "CompareSumsOfBitonicParts", "CompareSumsOfBitonicParts\CompareSumsOfBitonicParts.csproj", "{5E995A6C-361F-4CE5-B483-7B000C77D544}"
EndProject
Global
	GlobalSection(SolutionConfigurationPlatforms) = preSolution
		Debug|Any CPU = Debug|Any CPU
		Release|Any CPU = Release|Any CPU
	EndGlobalSection
	GlobalSection(ProjectConfigurationPlatforms) = postSolution
		{5E995A6C-361F-4CE5-B483-7B000C77D544}.Debug|Any CPU.ActiveCfg = Debug|Any CPU
		{5E995A6C-361F-4CE5-B483-7B000C77D544}.Debug|Any CPU.Build.0 = Debug|Any CPU
		{5E995A6C-361F-4CE5-B483-7B000C77D544}.Release|Any CPU.ActiveCfg = Release|Any CPU
		{5E995A6C-361F-4CE5-B483-7B000C77D544}.Release|Any CPU.Build.0 = Release|Any CPU
	EndGlobalSection
	GlobalSection(SolutionProperties) = preSolution
		HideSolutionNode = FALSE
	EndGlobalSection
	GlobalSection(ExtensibilityGlobals) = postSolution
		SolutionGuid = {D8CCBAD9-FAE3-4CBC-A735-3C6868D997B6}
	EndGlobalSection
EndGlobal
