
Microsoft Visual Studio Solution File, Format Version 12.00
# Visual Studio Version 17
VisualStudioVersion = 17.0.32014.148
MinimumVisualStudioVersion = 10.0.40219.1
Project("{FAE04EC0-301F-11D3-BF4B-00C04F79EFBC}") = "AllDivisionsWithTheHighestScore", "AllDivisionsWithTheHighestScore\AllDivisionsWithTheHighestScore.csproj", "{99AC9617-6878-4DF5-BE15-097BEB14375A}"
EndProject
Global
	GlobalSection(SolutionConfigurationPlatforms) = preSolution
		Debug|Any CPU = Debug|Any CPU
		Release|Any CPU = Release|Any CPU
	EndGlobalSection
	GlobalSection(ProjectConfigurationPlatforms) = postSolution
		{99AC9617-6878-4DF5-BE15-097BEB14375A}.Debug|Any CPU.ActiveCfg = Debug|Any CPU
		{99AC9617-6878-4DF5-BE15-097BEB14375A}.Debug|Any CPU.Build.0 = Debug|Any CPU
		{99AC9617-6878-4DF5-BE15-097BEB14375A}.Release|Any CPU.ActiveCfg = Release|Any CPU
		{99AC9617-6878-4DF5-BE15-097BEB14375A}.Release|Any CPU.Build.0 = Release|Any CPU
	EndGlobalSection
	GlobalSection(SolutionProperties) = preSolution
		HideSolutionNode = FALSE
	EndGlobalSection
	GlobalSection(ExtensibilityGlobals) = postSolution
		SolutionGuid = {ED902189-B2F4-40C4-A184-ABF6D9811D9C}
	EndGlobalSection
EndGlobal
