
Microsoft Visual Studio Solution File, Format Version 12.00
# Visual Studio Version 17
VisualStudioVersion = 17.3.32825.248
MinimumVisualStudioVersion = 10.0.40219.1
Project("{FAE04EC0-301F-11D3-BF4B-00C04F79EFBC}") = "LexicographicallySmallest", "LexicographicallySmallest\LexicographicallySmallest.csproj", "{734143C4-F8C2-445F-9804-496815D40C6D}"
EndProject
Global
	GlobalSection(SolutionConfigurationPlatforms) = preSolution
		Debug|Any CPU = Debug|Any CPU
		Release|Any CPU = Release|Any CPU
	EndGlobalSection
	GlobalSection(ProjectConfigurationPlatforms) = postSolution
		{734143C4-F8C2-445F-9804-496815D40C6D}.Debug|Any CPU.ActiveCfg = Debug|Any CPU
		{734143C4-F8C2-445F-9804-496815D40C6D}.Debug|Any CPU.Build.0 = Debug|Any CPU
		{734143C4-F8C2-445F-9804-496815D40C6D}.Release|Any CPU.ActiveCfg = Release|Any CPU
		{734143C4-F8C2-445F-9804-496815D40C6D}.Release|Any CPU.Build.0 = Release|Any CPU
	EndGlobalSection
	GlobalSection(SolutionProperties) = preSolution
		HideSolutionNode = FALSE
	EndGlobalSection
	GlobalSection(ExtensibilityGlobals) = postSolution
		SolutionGuid = {2FE4D812-E1D9-4B87-987F-03297CE3C2D6}
	EndGlobalSection
EndGlobal
