
Microsoft Visual Studio Solution File, Format Version 12.00
# Visual Studio Version 17
VisualStudioVersion = 17.5.33627.172
MinimumVisualStudioVersion = 10.0.40219.1
Project("{FAE04EC0-301F-11D3-BF4B-00C04F79EFBC}") = "MinimumDeletionCost", "MinimumDeletionCost\MinimumDeletionCost.csproj", "{3C796EA5-E7CC-4298-A63E-298834875A56}"
EndProject
Global
	GlobalSection(SolutionConfigurationPlatforms) = preSolution
		Debug|Any CPU = Debug|Any CPU
		Release|Any CPU = Release|Any CPU
	EndGlobalSection
	GlobalSection(ProjectConfigurationPlatforms) = postSolution
		{3C796EA5-E7CC-4298-A63E-298834875A56}.Debug|Any CPU.ActiveCfg = Debug|Any CPU
		{3C796EA5-E7CC-4298-A63E-298834875A56}.Debug|Any CPU.Build.0 = Debug|Any CPU
		{3C796EA5-E7CC-4298-A63E-298834875A56}.Release|Any CPU.ActiveCfg = Release|Any CPU
		{3C796EA5-E7CC-4298-A63E-298834875A56}.Release|Any CPU.Build.0 = Release|Any CPU
	EndGlobalSection
	GlobalSection(SolutionProperties) = preSolution
		HideSolutionNode = FALSE
	EndGlobalSection
	GlobalSection(ExtensibilityGlobals) = postSolution
		SolutionGuid = {66E83F9B-1CDA-492E-A146-780FA7446D65}
	EndGlobalSection
EndGlobal
