
Microsoft Visual Studio Solution File, Format Version 12.00
# Visual Studio Version 16
VisualStudioVersion = 16.0.30907.101
MinimumVisualStudioVersion = 10.0.40219.1
Project("{FAE04EC0-301F-11D3-BF4B-00C04F79EFBC}") = "MinimumSpeedToArriveOnTime", "MinimumSpeedToArriveOnTime\MinimumSpeedToArriveOnTime.csproj", "{91A4C6C3-8BD2-4D73-997B-DBCB63484078}"
EndProject
Global
	GlobalSection(SolutionConfigurationPlatforms) = preSolution
		Debug|Any CPU = Debug|Any CPU
		Release|Any CPU = Release|Any CPU
	EndGlobalSection
	GlobalSection(ProjectConfigurationPlatforms) = postSolution
		{91A4C6C3-8BD2-4D73-997B-DBCB63484078}.Debug|Any CPU.ActiveCfg = Debug|Any CPU
		{91A4C6C3-8BD2-4D73-997B-DBCB63484078}.Debug|Any CPU.Build.0 = Debug|Any CPU
		{91A4C6C3-8BD2-4D73-997B-DBCB63484078}.Release|Any CPU.ActiveCfg = Release|Any CPU
		{91A4C6C3-8BD2-4D73-997B-DBCB63484078}.Release|Any CPU.Build.0 = Release|Any CPU
	EndGlobalSection
	GlobalSection(SolutionProperties) = preSolution
		HideSolutionNode = FALSE
	EndGlobalSection
	GlobalSection(ExtensibilityGlobals) = postSolution
		SolutionGuid = {D70D1AB8-5A93-4FA1-92E7-88CCD59C254D}
	EndGlobalSection
EndGlobal
