
Microsoft Visual Studio Solution File, Format Version 12.00
# Visual Studio Version 16
VisualStudioVersion = 16.0.29306.81
MinimumVisualStudioVersion = 10.0.40219.1
Project("{FAE04EC0-301F-11D3-BF4B-00C04F79EFBC}") = "VideoStitching", "VideoStitching\VideoStitching.csproj", "{8DE22ECB-9EC8-4748-99D5-2683AB2D8AE7}"
EndProject
Global
	GlobalSection(SolutionConfigurationPlatforms) = preSolution
		Debug|Any CPU = Debug|Any CPU
		Release|Any CPU = Release|Any CPU
	EndGlobalSection
	GlobalSection(ProjectConfigurationPlatforms) = postSolution
		{8DE22ECB-9EC8-4748-99D5-2683AB2D8AE7}.Debug|Any CPU.ActiveCfg = Debug|Any CPU
		{8DE22ECB-9EC8-4748-99D5-2683AB2D8AE7}.Debug|Any CPU.Build.0 = Debug|Any CPU
		{8DE22ECB-9EC8-4748-99D5-2683AB2D8AE7}.Release|Any CPU.ActiveCfg = Release|Any CPU
		{8DE22ECB-9EC8-4748-99D5-2683AB2D8AE7}.Release|Any CPU.Build.0 = Release|Any CPU
	EndGlobalSection
	GlobalSection(SolutionProperties) = preSolution
		HideSolutionNode = FALSE
	EndGlobalSection
	GlobalSection(ExtensibilityGlobals) = postSolution
		SolutionGuid = {905ED61F-C662-40DB-A54C-9A527D528132}
	EndGlobalSection
EndGlobal
