
Microsoft Visual Studio Solution File, Format Version 12.00
# Visual Studio Version 17
VisualStudioVersion = 17.2.32616.157
MinimumVisualStudioVersion = 10.0.40219.1
Project("{FAE04EC0-301F-11D3-BF4B-00C04F79EFBC}") = "MaximumRowsCoveredByColumns", "MaximumRowsCoveredByColumns\MaximumRowsCoveredByColumns.csproj", "{AF32E1AE-BE96-4679-BB38-7474CD0A987C}"
EndProject
Global
	GlobalSection(SolutionConfigurationPlatforms) = preSolution
		Debug|Any CPU = Debug|Any CPU
		Release|Any CPU = Release|Any CPU
	EndGlobalSection
	GlobalSection(ProjectConfigurationPlatforms) = postSolution
		{AF32E1AE-BE96-4679-BB38-7474CD0A987C}.Debug|Any CPU.ActiveCfg = Debug|Any CPU
		{AF32E1AE-BE96-4679-BB38-7474CD0A987C}.Debug|Any CPU.Build.0 = Debug|Any CPU
		{AF32E1AE-BE96-4679-BB38-7474CD0A987C}.Release|Any CPU.ActiveCfg = Release|Any CPU
		{AF32E1AE-BE96-4679-BB38-7474CD0A987C}.Release|Any CPU.Build.0 = Release|Any CPU
	EndGlobalSection
	GlobalSection(SolutionProperties) = preSolution
		HideSolutionNode = FALSE
	EndGlobalSection
	GlobalSection(ExtensibilityGlobals) = postSolution
		SolutionGuid = {96141EF0-6583-4C99-AE73-EE4AC317B309}
	EndGlobalSection
EndGlobal
