
Microsoft Visual Studio Solution File, Format Version 12.00
# Visual Studio Version 16
VisualStudioVersion = 16.0.30907.101
MinimumVisualStudioVersion = 10.0.40219.1
Project("{FAE04EC0-301F-11D3-BF4B-00C04F79EFBC}") = "NumberOfDifferentIntegersInAString", "NumberOfDifferentIntegersInAString\NumberOfDifferentIntegersInAString.csproj", "{B05EAE13-2463-4708-A7B1-C30F7BDFD6A7}"
EndProject
Global
	GlobalSection(SolutionConfigurationPlatforms) = preSolution
		Debug|Any CPU = Debug|Any CPU
		Release|Any CPU = Release|Any CPU
	EndGlobalSection
	GlobalSection(ProjectConfigurationPlatforms) = postSolution
		{B05EAE13-2463-4708-A7B1-C30F7BDFD6A7}.Debug|Any CPU.ActiveCfg = Debug|Any CPU
		{B05EAE13-2463-4708-A7B1-C30F7BDFD6A7}.Debug|Any CPU.Build.0 = Debug|Any CPU
		{B05EAE13-2463-4708-A7B1-C30F7BDFD6A7}.Release|Any CPU.ActiveCfg = Release|Any CPU
		{B05EAE13-2463-4708-A7B1-C30F7BDFD6A7}.Release|Any CPU.Build.0 = Release|Any CPU
	EndGlobalSection
	GlobalSection(SolutionProperties) = preSolution
		HideSolutionNode = FALSE
	EndGlobalSection
	GlobalSection(ExtensibilityGlobals) = postSolution
		SolutionGuid = {867AFE28-89DC-476E-8356-8BD3E2B63DAA}
	EndGlobalSection
EndGlobal
