
Microsoft Visual Studio Solution File, Format Version 12.00
# Visual Studio Version 16
VisualStudioVersion = 16.0.30104.148
MinimumVisualStudioVersion = 10.0.40219.1
Project("{FAE04EC0-301F-11D3-BF4B-00C04F79EFBC}") = "PossibleBipartition", "PossibleBipartition\PossibleBipartition.csproj", "{573122BE-1878-4447-ABEC-6D13D64EF3A3}"
EndProject
Global
	GlobalSection(SolutionConfigurationPlatforms) = preSolution
		Debug|Any CPU = Debug|Any CPU
		Release|Any CPU = Release|Any CPU
	EndGlobalSection
	GlobalSection(ProjectConfigurationPlatforms) = postSolution
		{573122BE-1878-4447-ABEC-6D13D64EF3A3}.Debug|Any CPU.ActiveCfg = Debug|Any CPU
		{573122BE-1878-4447-ABEC-6D13D64EF3A3}.Debug|Any CPU.Build.0 = Debug|Any CPU
		{573122BE-1878-4447-ABEC-6D13D64EF3A3}.Release|Any CPU.ActiveCfg = Release|Any CPU
		{573122BE-1878-4447-ABEC-6D13D64EF3A3}.Release|Any CPU.Build.0 = Release|Any CPU
	EndGlobalSection
	GlobalSection(SolutionProperties) = preSolution
		HideSolutionNode = FALSE
	EndGlobalSection
	GlobalSection(ExtensibilityGlobals) = postSolution
		SolutionGuid = {FE4AEE46-648F-4DB8-A097-C494E1AB7380}
	EndGlobalSection
EndGlobal
