
Microsoft Visual Studio Solution File, Format Version 12.00
# Visual Studio Version 16
VisualStudioVersion = 16.0.30128.74
MinimumVisualStudioVersion = 10.0.40219.1
Project("{FAE04EC0-301F-11D3-BF4B-00C04F79EFBC}") = "ReconstructItinerary", "ReconstructItinerary\ReconstructItinerary.csproj", "{27DAC042-E00B-4398-B548-3C1B1E385012}"
EndProject
Global
	GlobalSection(SolutionConfigurationPlatforms) = preSolution
		Debug|Any CPU = Debug|Any CPU
		Release|Any CPU = Release|Any CPU
	EndGlobalSection
	GlobalSection(ProjectConfigurationPlatforms) = postSolution
		{27DAC042-E00B-4398-B548-3C1B1E385012}.Debug|Any CPU.ActiveCfg = Debug|Any CPU
		{27DAC042-E00B-4398-B548-3C1B1E385012}.Debug|Any CPU.Build.0 = Debug|Any CPU
		{27DAC042-E00B-4398-B548-3C1B1E385012}.Release|Any CPU.ActiveCfg = Release|Any CPU
		{27DAC042-E00B-4398-B548-3C1B1E385012}.Release|Any CPU.Build.0 = Release|Any CPU
	EndGlobalSection
	GlobalSection(SolutionProperties) = preSolution
		HideSolutionNode = FALSE
	EndGlobalSection
	GlobalSection(ExtensibilityGlobals) = postSolution
		SolutionGuid = {380B1F03-2A07-4395-A7D5-080863788BD4}
	EndGlobalSection
EndGlobal
