
Microsoft Visual Studio Solution File, Format Version 12.00
# Visual Studio Version 17
VisualStudioVersion = 17.0.32014.148
MinimumVisualStudioVersion = 10.0.40219.1
Project("{FAE04EC0-301F-11D3-BF4B-00C04F79EFBC}") = "LonelyPixelII", "LonelyPixelII\LonelyPixelII.csproj", "{F8EEE7D5-E02B-40E3-8371-1F5DF022D63F}"
EndProject
Global
	GlobalSection(SolutionConfigurationPlatforms) = preSolution
		Debug|Any CPU = Debug|Any CPU
		Release|Any CPU = Release|Any CPU
	EndGlobalSection
	GlobalSection(ProjectConfigurationPlatforms) = postSolution
		{F8EEE7D5-E02B-40E3-8371-1F5DF022D63F}.Debug|Any CPU.ActiveCfg = Debug|Any CPU
		{F8EEE7D5-E02B-40E3-8371-1F5DF022D63F}.Debug|Any CPU.Build.0 = Debug|Any CPU
		{F8EEE7D5-E02B-40E3-8371-1F5DF022D63F}.Release|Any CPU.ActiveCfg = Release|Any CPU
		{F8EEE7D5-E02B-40E3-8371-1F5DF022D63F}.Release|Any CPU.Build.0 = Release|Any CPU
	EndGlobalSection
	GlobalSection(SolutionProperties) = preSolution
		HideSolutionNode = FALSE
	EndGlobalSection
	GlobalSection(ExtensibilityGlobals) = postSolution
		SolutionGuid = {57366EF5-9543-4E49-A99D-8DDF82236236}
	EndGlobalSection
EndGlobal
