
Microsoft Visual Studio Solution File, Format Version 12.00
# Visual Studio Version 17
VisualStudioVersion = 17.0.32014.148
MinimumVisualStudioVersion = 10.0.40219.1
Project("{FAE04EC0-301F-11D3-BF4B-00C04F79EFBC}") = "LargestNumberAfterDigitSwapsByParity", "LargestNumberAfterDigitSwapsByParity\LargestNumberAfterDigitSwapsByParity.csproj", "{E1AEF714-3F8A-4D37-B8B7-6003B5CD2373}"
EndProject
Global
	GlobalSection(SolutionConfigurationPlatforms) = preSolution
		Debug|Any CPU = Debug|Any CPU
		Release|Any CPU = Release|Any CPU
	EndGlobalSection
	GlobalSection(ProjectConfigurationPlatforms) = postSolution
		{E1AEF714-3F8A-4D37-B8B7-6003B5CD2373}.Debug|Any CPU.ActiveCfg = Debug|Any CPU
		{E1AEF714-3F8A-4D37-B8B7-6003B5CD2373}.Debug|Any CPU.Build.0 = Debug|Any CPU
		{E1AEF714-3F8A-4D37-B8B7-6003B5CD2373}.Release|Any CPU.ActiveCfg = Release|Any CPU
		{E1AEF714-3F8A-4D37-B8B7-6003B5CD2373}.Release|Any CPU.Build.0 = Release|Any CPU
	EndGlobalSection
	GlobalSection(SolutionProperties) = preSolution
		HideSolutionNode = FALSE
	EndGlobalSection
	GlobalSection(ExtensibilityGlobals) = postSolution
		SolutionGuid = {DF33EA2B-CC18-45F3-8B53-3AE2A1E18B0E}
	EndGlobalSection
EndGlobal
