
Microsoft Visual Studio Solution File, Format Version 12.00
# Visual Studio Version 17
VisualStudioVersion = 17.0.32014.148
MinimumVisualStudioVersion = 10.0.40219.1
Project("{FAE04EC0-301F-11D3-BF4B-00C04F79EFBC}") = "EscapeTheSpreadingFire", "EscapeTheSpreadingFire\EscapeTheSpreadingFire.csproj", "{61482A8B-8985-46E6-B425-F437F3E18C19}"
EndProject
Global
	GlobalSection(SolutionConfigurationPlatforms) = preSolution
		Debug|Any CPU = Debug|Any CPU
		Release|Any CPU = Release|Any CPU
	EndGlobalSection
	GlobalSection(ProjectConfigurationPlatforms) = postSolution
		{61482A8B-8985-46E6-B425-F437F3E18C19}.Debug|Any CPU.ActiveCfg = Debug|Any CPU
		{61482A8B-8985-46E6-B425-F437F3E18C19}.Debug|Any CPU.Build.0 = Debug|Any CPU
		{61482A8B-8985-46E6-B425-F437F3E18C19}.Release|Any CPU.ActiveCfg = Release|Any CPU
		{61482A8B-8985-46E6-B425-F437F3E18C19}.Release|Any CPU.Build.0 = Release|Any CPU
	EndGlobalSection
	GlobalSection(SolutionProperties) = preSolution
		HideSolutionNode = FALSE
	EndGlobalSection
	GlobalSection(ExtensibilityGlobals) = postSolution
		SolutionGuid = {A36C5211-3D04-4564-B95A-85FB494A5694}
	EndGlobalSection
EndGlobal
