
Microsoft Visual Studio Solution File, Format Version 12.00
# Visual Studio Version 17
VisualStudioVersion = 17.0.32014.148
MinimumVisualStudioVersion = 10.0.40219.1
Project("{FAE04EC0-301F-11D3-BF4B-00C04F79EFBC}") = "CountNumberOfTexts", "CountNumberOfTexts\CountNumberOfTexts.csproj", "{AFA0327D-7AF8-40D0-A955-90EBE7581FF5}"
EndProject
Global
	GlobalSection(SolutionConfigurationPlatforms) = preSolution
		Debug|Any CPU = Debug|Any CPU
		Release|Any CPU = Release|Any CPU
	EndGlobalSection
	GlobalSection(ProjectConfigurationPlatforms) = postSolution
		{AFA0327D-7AF8-40D0-A955-90EBE7581FF5}.Debug|Any CPU.ActiveCfg = Debug|Any CPU
		{AFA0327D-7AF8-40D0-A955-90EBE7581FF5}.Debug|Any CPU.Build.0 = Debug|Any CPU
		{AFA0327D-7AF8-40D0-A955-90EBE7581FF5}.Release|Any CPU.ActiveCfg = Release|Any CPU
		{AFA0327D-7AF8-40D0-A955-90EBE7581FF5}.Release|Any CPU.Build.0 = Release|Any CPU
	EndGlobalSection
	GlobalSection(SolutionProperties) = preSolution
		HideSolutionNode = FALSE
	EndGlobalSection
	GlobalSection(ExtensibilityGlobals) = postSolution
		SolutionGuid = {6ACDFA9E-EE7D-4B6A-BF46-661317ABED57}
	EndGlobalSection
EndGlobal
