
Microsoft Visual Studio Solution File, Format Version 12.00
# Visual Studio Version 16
VisualStudioVersion = 16.0.30907.101
MinimumVisualStudioVersion = 10.0.40219.1
Project("{FAE04EC0-301F-11D3-BF4B-00C04F79EFBC}") = "ConstructTargetArrayWithMultipleSums", "ConstructTargetArrayWithMultipleSums\ConstructTargetArrayWithMultipleSums.csproj", "{61D8C4BA-A955-419C-AAB4-F0228BAB83A2}"
EndProject
Global
	GlobalSection(SolutionConfigurationPlatforms) = preSolution
		Debug|Any CPU = Debug|Any CPU
		Release|Any CPU = Release|Any CPU
	EndGlobalSection
	GlobalSection(ProjectConfigurationPlatforms) = postSolution
		{61D8C4BA-A955-419C-AAB4-F0228BAB83A2}.Debug|Any CPU.ActiveCfg = Debug|Any CPU
		{61D8C4BA-A955-419C-AAB4-F0228BAB83A2}.Debug|Any CPU.Build.0 = Debug|Any CPU
		{61D8C4BA-A955-419C-AAB4-F0228BAB83A2}.Release|Any CPU.ActiveCfg = Release|Any CPU
		{61D8C4BA-A955-419C-AAB4-F0228BAB83A2}.Release|Any CPU.Build.0 = Release|Any CPU
	EndGlobalSection
	GlobalSection(SolutionProperties) = preSolution
		HideSolutionNode = FALSE
	EndGlobalSection
	GlobalSection(ExtensibilityGlobals) = postSolution
		SolutionGuid = {728521A7-7593-4C80-B3D9-AD6ACC271CFA}
	EndGlobalSection
EndGlobal
