
Microsoft Visual Studio Solution File, Format Version 12.00
# Visual Studio Version 17
VisualStudioVersion = 17.2.32616.157
MinimumVisualStudioVersion = 10.0.40219.1
Project("{FAE04EC0-301F-11D3-BF4B-00C04F79EFBC}") = "LongestSubsequenceWithLimitedSum", "LongestSubsequenceWithLimitedSum\LongestSubsequenceWithLimitedSum.csproj", "{F53EDCA4-78B0-4E2F-A901-649F139CF0CF}"
EndProject
Global
	GlobalSection(SolutionConfigurationPlatforms) = preSolution
		Debug|Any CPU = Debug|Any CPU
		Release|Any CPU = Release|Any CPU
	EndGlobalSection
	GlobalSection(ProjectConfigurationPlatforms) = postSolution
		{F53EDCA4-78B0-4E2F-A901-649F139CF0CF}.Debug|Any CPU.ActiveCfg = Debug|Any CPU
		{F53EDCA4-78B0-4E2F-A901-649F139CF0CF}.Debug|Any CPU.Build.0 = Debug|Any CPU
		{F53EDCA4-78B0-4E2F-A901-649F139CF0CF}.Release|Any CPU.ActiveCfg = Release|Any CPU
		{F53EDCA4-78B0-4E2F-A901-649F139CF0CF}.Release|Any CPU.Build.0 = Release|Any CPU
	EndGlobalSection
	GlobalSection(SolutionProperties) = preSolution
		HideSolutionNode = FALSE
	EndGlobalSection
	GlobalSection(ExtensibilityGlobals) = postSolution
		SolutionGuid = {DE636328-F792-4F1B-A6B9-324B305BD701}
	EndGlobalSection
EndGlobal
