
Microsoft Visual Studio Solution File, Format Version 12.00
# Visual Studio Version 17
VisualStudioVersion = 17.5.33627.172
MinimumVisualStudioVersion = 10.0.40219.1
Project("{FAE04EC0-301F-11D3-BF4B-00C04F79EFBC}") = "LongestUnequal", "LongestUnequal\LongestUnequal.csproj", "{7CB5A4AF-08CB-4037-B311-3329C3489CAE}"
EndProject
Global
	GlobalSection(SolutionConfigurationPlatforms) = preSolution
		Debug|Any CPU = Debug|Any CPU
		Release|Any CPU = Release|Any CPU
	EndGlobalSection
	GlobalSection(ProjectConfigurationPlatforms) = postSolution
		{7CB5A4AF-08CB-4037-B311-3329C3489CAE}.Debug|Any CPU.ActiveCfg = Debug|Any CPU
		{7CB5A4AF-08CB-4037-B311-3329C3489CAE}.Debug|Any CPU.Build.0 = Debug|Any CPU
		{7CB5A4AF-08CB-4037-B311-3329C3489CAE}.Release|Any CPU.ActiveCfg = Release|Any CPU
		{7CB5A4AF-08CB-4037-B311-3329C3489CAE}.Release|Any CPU.Build.0 = Release|Any CPU
	EndGlobalSection
	GlobalSection(SolutionProperties) = preSolution
		HideSolutionNode = FALSE
	EndGlobalSection
	GlobalSection(ExtensibilityGlobals) = postSolution
		SolutionGuid = {948AE498-3C8A-435E-9A86-919698BA7263}
	EndGlobalSection
EndGlobal
