
Microsoft Visual Studio Solution File, Format Version 12.00
# Visual Studio Version 16
VisualStudioVersion = 16.0.29306.81
MinimumVisualStudioVersion = 10.0.40219.1
Project("{FAE04EC0-301F-11D3-BF4B-00C04F79EFBC}") = "GroupsOfSpecialEquivalentStrings", "GroupsOfSpecialEquivalentStrings\GroupsOfSpecialEquivalentStrings.csproj", "{3BE7DC2F-51B4-4A14-AE6C-CD967EB678AA}"
EndProject
Global
	GlobalSection(SolutionConfigurationPlatforms) = preSolution
		Debug|Any CPU = Debug|Any CPU
		Release|Any CPU = Release|Any CPU
	EndGlobalSection
	GlobalSection(ProjectConfigurationPlatforms) = postSolution
		{3BE7DC2F-51B4-4A14-AE6C-CD967EB678AA}.Debug|Any CPU.ActiveCfg = Debug|Any CPU
		{3BE7DC2F-51B4-4A14-AE6C-CD967EB678AA}.Debug|Any CPU.Build.0 = Debug|Any CPU
		{3BE7DC2F-51B4-4A14-AE6C-CD967EB678AA}.Release|Any CPU.ActiveCfg = Release|Any CPU
		{3BE7DC2F-51B4-4A14-AE6C-CD967EB678AA}.Release|Any CPU.Build.0 = Release|Any CPU
	EndGlobalSection
	GlobalSection(SolutionProperties) = preSolution
		HideSolutionNode = FALSE
	EndGlobalSection
	GlobalSection(ExtensibilityGlobals) = postSolution
		SolutionGuid = {2EC79D0F-552C-4737-A27D-803F36FFD75E}
	EndGlobalSection
EndGlobal
