
Microsoft Visual Studio Solution File, Format Version 12.00
# Visual Studio Version 17
VisualStudioVersion = 17.2.32616.157
MinimumVisualStudioVersion = 10.0.40219.1
Project("{FAE04EC0-301F-11D3-BF4B-00C04F79EFBC}") = "MaximumNumberOfGroups", "MaximumNumberOfGroups\MaximumNumberOfGroups.csproj", "{EB83207F-A3E0-4621-AF57-D797718375A1}"
EndProject
Global
	GlobalSection(SolutionConfigurationPlatforms) = preSolution
		Debug|Any CPU = Debug|Any CPU
		Release|Any CPU = Release|Any CPU
	EndGlobalSection
	GlobalSection(ProjectConfigurationPlatforms) = postSolution
		{EB83207F-A3E0-4621-AF57-D797718375A1}.Debug|Any CPU.ActiveCfg = Debug|Any CPU
		{EB83207F-A3E0-4621-AF57-D797718375A1}.Debug|Any CPU.Build.0 = Debug|Any CPU
		{EB83207F-A3E0-4621-AF57-D797718375A1}.Release|Any CPU.ActiveCfg = Release|Any CPU
		{EB83207F-A3E0-4621-AF57-D797718375A1}.Release|Any CPU.Build.0 = Release|Any CPU
	EndGlobalSection
	GlobalSection(SolutionProperties) = preSolution
		HideSolutionNode = FALSE
	EndGlobalSection
	GlobalSection(ExtensibilityGlobals) = postSolution
		SolutionGuid = {6D33E2C4-639F-4551-AA1D-3634A10FC0CD}
	EndGlobalSection
EndGlobal
