
Microsoft Visual Studio Solution File, Format Version 12.00
# Visual Studio Version 17
VisualStudioVersion = 17.5.33627.172
MinimumVisualStudioVersion = 10.0.40219.1
Project("{FAE04EC0-301F-11D3-BF4B-00C04F79EFBC}") = "CountPairsThatFormACompleteDayI", "CountPairsThatFormACompleteDayI\CountPairsThatFormACompleteDayI.csproj", "{4A908F06-50E3-459A-B9AC-0D06E178CDCD}"
EndProject
Global
	GlobalSection(SolutionConfigurationPlatforms) = preSolution
		Debug|Any CPU = Debug|Any CPU
		Release|Any CPU = Release|Any CPU
	EndGlobalSection
	GlobalSection(ProjectConfigurationPlatforms) = postSolution
		{4A908F06-50E3-459A-B9AC-0D06E178CDCD}.Debug|Any CPU.ActiveCfg = Debug|Any CPU
		{4A908F06-50E3-459A-B9AC-0D06E178CDCD}.Debug|Any CPU.Build.0 = Debug|Any CPU
		{4A908F06-50E3-459A-B9AC-0D06E178CDCD}.Release|Any CPU.ActiveCfg = Release|Any CPU
		{4A908F06-50E3-459A-B9AC-0D06E178CDCD}.Release|Any CPU.Build.0 = Release|Any CPU
	EndGlobalSection
	GlobalSection(SolutionProperties) = preSolution
		HideSolutionNode = FALSE
	EndGlobalSection
	GlobalSection(ExtensibilityGlobals) = postSolution
		SolutionGuid = {8D181E61-AE5D-463C-8C73-9E72233A1BA2}
	EndGlobalSection
EndGlobal
