
Microsoft Visual Studio Solution File, Format Version 12.00
# Visual Studio Version 16
VisualStudioVersion = 16.0.30128.74
MinimumVisualStudioVersion = 10.0.40219.1
Project("{FAE04EC0-301F-11D3-BF4B-00C04F79EFBC}") = "AllPathsFromSourceLeadToDestination", "AllPathsFromSourceLeadToDestination\AllPathsFromSourceLeadToDestination.csproj", "{20C76F28-BEF7-4AB9-84CE-939060DD29EA}"
EndProject
Global
	GlobalSection(SolutionConfigurationPlatforms) = preSolution
		Debug|Any CPU = Debug|Any CPU
		Release|Any CPU = Release|Any CPU
	EndGlobalSection
	GlobalSection(ProjectConfigurationPlatforms) = postSolution
		{20C76F28-BEF7-4AB9-84CE-939060DD29EA}.Debug|Any CPU.ActiveCfg = Debug|Any CPU
		{20C76F28-BEF7-4AB9-84CE-939060DD29EA}.Debug|Any CPU.Build.0 = Debug|Any CPU
		{20C76F28-BEF7-4AB9-84CE-939060DD29EA}.Release|Any CPU.ActiveCfg = Release|Any CPU
		{20C76F28-BEF7-4AB9-84CE-939060DD29EA}.Release|Any CPU.Build.0 = Release|Any CPU
	EndGlobalSection
	GlobalSection(SolutionProperties) = preSolution
		HideSolutionNode = FALSE
	EndGlobalSection
	GlobalSection(ExtensibilityGlobals) = postSolution
		SolutionGuid = {641D4BA7-9BE0-46BB-99E2-E5C005F491F0}
	EndGlobalSection
EndGlobal
