
Microsoft Visual Studio Solution File, Format Version 12.00
# Visual Studio Version 17
VisualStudioVersion = 17.5.33627.172
MinimumVisualStudioVersion = 10.0.40219.1
Project("{FAE04EC0-301F-11D3-BF4B-00C04F79EFBC}") = "EarliestSecondToMarkIndicesI", "EarliestSecondToMarkIndicesI\EarliestSecondToMarkIndicesI.csproj", "{630CA7A0-161A-47D4-BEF8-83F00A902DCE}"
EndProject
Global
	GlobalSection(SolutionConfigurationPlatforms) = preSolution
		Debug|Any CPU = Debug|Any CPU
		Release|Any CPU = Release|Any CPU
	EndGlobalSection
	GlobalSection(ProjectConfigurationPlatforms) = postSolution
		{630CA7A0-161A-47D4-BEF8-83F00A902DCE}.Debug|Any CPU.ActiveCfg = Debug|Any CPU
		{630CA7A0-161A-47D4-BEF8-83F00A902DCE}.Debug|Any CPU.Build.0 = Debug|Any CPU
		{630CA7A0-161A-47D4-BEF8-83F00A902DCE}.Release|Any CPU.ActiveCfg = Release|Any CPU
		{630CA7A0-161A-47D4-BEF8-83F00A902DCE}.Release|Any CPU.Build.0 = Release|Any CPU
	EndGlobalSection
	GlobalSection(SolutionProperties) = preSolution
		HideSolutionNode = FALSE
	EndGlobalSection
	GlobalSection(ExtensibilityGlobals) = postSolution
		SolutionGuid = {2B5574E2-3444-4552-B4C4-7968CCC00134}
	EndGlobalSection
EndGlobal
