
Microsoft Visual Studio Solution File, Format Version 12.00
# Visual Studio Version 16
VisualStudioVersion = 16.0.29009.5
MinimumVisualStudioVersion = 10.0.40219.1
Project("{FAE04EC0-301F-11D3-BF4B-00C04F79EFBC}") = "DailyTemperatures", "DailyTemperatures\DailyTemperatures.csproj", "{256B9664-B940-4F65-88D5-FDFEB9E6B604}"
EndProject
Global
	GlobalSection(SolutionConfigurationPlatforms) = preSolution
		Debug|Any CPU = Debug|Any CPU
		Release|Any CPU = Release|Any CPU
	EndGlobalSection
	GlobalSection(ProjectConfigurationPlatforms) = postSolution
		{256B9664-B940-4F65-88D5-FDFEB9E6B604}.Debug|Any CPU.ActiveCfg = Debug|Any CPU
		{256B9664-B940-4F65-88D5-FDFEB9E6B604}.Debug|Any CPU.Build.0 = Debug|Any CPU
		{256B9664-B940-4F65-88D5-FDFEB9E6B604}.Release|Any CPU.ActiveCfg = Release|Any CPU
		{256B9664-B940-4F65-88D5-FDFEB9E6B604}.Release|Any CPU.Build.0 = Release|Any CPU
	EndGlobalSection
	GlobalSection(SolutionProperties) = preSolution
		HideSolutionNode = FALSE
	EndGlobalSection
	GlobalSection(ExtensibilityGlobals) = postSolution
		SolutionGuid = {D15DDCF6-DD07-4575-BB20-C94381759A0C}
	EndGlobalSection
EndGlobal
