
Microsoft Visual Studio Solution File, Format Version 12.00
# Visual Studio Version 16
VisualStudioVersion = 16.0.29613.14
MinimumVisualStudioVersion = 10.0.40219.1
Project("{FAE04EC0-301F-11D3-BF4B-00C04F79EFBC}") = "PalindromeNumber", "PalindromeNumber\PalindromeNumber.csproj", "{C8032ACC-00E7-44A5-9FDA-8AF42687BD34}"
EndProject
Global
	GlobalSection(SolutionConfigurationPlatforms) = preSolution
		Debug|Any CPU = Debug|Any CPU
		Release|Any CPU = Release|Any CPU
	EndGlobalSection
	GlobalSection(ProjectConfigurationPlatforms) = postSolution
		{C8032ACC-00E7-44A5-9FDA-8AF42687BD34}.Debug|Any CPU.ActiveCfg = Debug|Any CPU
		{C8032ACC-00E7-44A5-9FDA-8AF42687BD34}.Debug|Any CPU.Build.0 = Debug|Any CPU
		{C8032ACC-00E7-44A5-9FDA-8AF42687BD34}.Release|Any CPU.ActiveCfg = Release|Any CPU
		{C8032ACC-00E7-44A5-9FDA-8AF42687BD34}.Release|Any CPU.Build.0 = Release|Any CPU
	EndGlobalSection
	GlobalSection(SolutionProperties) = preSolution
		HideSolutionNode = FALSE
	EndGlobalSection
	GlobalSection(ExtensibilityGlobals) = postSolution
		SolutionGuid = {6CF69A65-A2F4-4227-84A0-B5C0E4DCB7BD}
	EndGlobalSection
EndGlobal
