
Microsoft Visual Studio Solution File, Format Version 12.00
# Visual Studio Version 17
VisualStudioVersion = 17.5.33627.172
MinimumVisualStudioVersion = 10.0.40219.1
Project("{FAE04EC0-301F-11D3-BF4B-00C04F79EFBC}") = "AnglesOfATriangle", "AnglesOfATriangle\AnglesOfATriangle.csproj", "{85E24981-A9AB-48C7-98B9-28D478110B19}"
EndProject
Global
	GlobalSection(SolutionConfigurationPlatforms) = preSolution
		Debug|Any CPU = Debug|Any CPU
		Release|Any CPU = Release|Any CPU
	EndGlobalSection
	GlobalSection(ProjectConfigurationPlatforms) = postSolution
		{85E24981-A9AB-48C7-98B9-28D478110B19}.Debug|Any CPU.ActiveCfg = Debug|Any CPU
		{85E24981-A9AB-48C7-98B9-28D478110B19}.Debug|Any CPU.Build.0 = Debug|Any CPU
		{85E24981-A9AB-48C7-98B9-28D478110B19}.Release|Any CPU.ActiveCfg = Release|Any CPU
		{85E24981-A9AB-48C7-98B9-28D478110B19}.Release|Any CPU.Build.0 = Release|Any CPU
	EndGlobalSection
	GlobalSection(SolutionProperties) = preSolution
		HideSolutionNode = FALSE
	EndGlobalSection
	GlobalSection(ExtensibilityGlobals) = postSolution
		SolutionGuid = {08055F38-E1A3-4B9E-A1E1-9B24192C9FE7}
	EndGlobalSection
EndGlobal
