
Microsoft Visual Studio Solution File, Format Version 12.00
# Visual Studio Version 16
VisualStudioVersion = 16.0.29020.237
MinimumVisualStudioVersion = 10.0.40219.1
Project("{FAE04EC0-301F-11D3-BF4B-00C04F79EFBC}") = "FlowerPlantingWithNoAdjacent", "FlowerPlantingWithNoAdjacent\FlowerPlantingWithNoAdjacent.csproj", "{A628FCCA-0CCF-4FA5-9793-073F09599BD8}"
EndProject
Global
	GlobalSection(SolutionConfigurationPlatforms) = preSolution
		Debug|Any CPU = Debug|Any CPU
		Release|Any CPU = Release|Any CPU
	EndGlobalSection
	GlobalSection(ProjectConfigurationPlatforms) = postSolution
		{A628FCCA-0CCF-4FA5-9793-073F09599BD8}.Debug|Any CPU.ActiveCfg = Debug|Any CPU
		{A628FCCA-0CCF-4FA5-9793-073F09599BD8}.Debug|Any CPU.Build.0 = Debug|Any CPU
		{A628FCCA-0CCF-4FA5-9793-073F09599BD8}.Release|Any CPU.ActiveCfg = Release|Any CPU
		{A628FCCA-0CCF-4FA5-9793-073F09599BD8}.Release|Any CPU.Build.0 = Release|Any CPU
	EndGlobalSection
	GlobalSection(SolutionProperties) = preSolution
		HideSolutionNode = FALSE
	EndGlobalSection
	GlobalSection(ExtensibilityGlobals) = postSolution
		SolutionGuid = {2ED4A253-6108-4ECF-B8E1-21EA29E4A59B}
	EndGlobalSection
EndGlobal
