
Microsoft Visual Studio Solution File, Format Version 12.00
# Visual Studio Version 16
VisualStudioVersion = 16.0.30128.74
MinimumVisualStudioVersion = 10.0.40219.1
Project("{FAE04EC0-301F-11D3-BF4B-00C04F79EFBC}") = "AvoidFloodInTheCity", "AvoidFloodInTheCity\AvoidFloodInTheCity.csproj", "{408FFF02-A991-4791-910D-60FC7000DFB0}"
EndProject
Global
	GlobalSection(SolutionConfigurationPlatforms) = preSolution
		Debug|Any CPU = Debug|Any CPU
		Release|Any CPU = Release|Any CPU
	EndGlobalSection
	GlobalSection(ProjectConfigurationPlatforms) = postSolution
		{408FFF02-A991-4791-910D-60FC7000DFB0}.Debug|Any CPU.ActiveCfg = Debug|Any CPU
		{408FFF02-A991-4791-910D-60FC7000DFB0}.Debug|Any CPU.Build.0 = Debug|Any CPU
		{408FFF02-A991-4791-910D-60FC7000DFB0}.Release|Any CPU.ActiveCfg = Release|Any CPU
		{408FFF02-A991-4791-910D-60FC7000DFB0}.Release|Any CPU.Build.0 = Release|Any CPU
	EndGlobalSection
	GlobalSection(SolutionProperties) = preSolution
		HideSolutionNode = FALSE
	EndGlobalSection
	GlobalSection(ExtensibilityGlobals) = postSolution
		SolutionGuid = {4B042E73-2473-46F8-919B-C854479AF933}
	EndGlobalSection
EndGlobal
