
Microsoft Visual Studio Solution File, Format Version 12.00
# Visual Studio Version 16
VisualStudioVersion = 16.0.29613.14
MinimumVisualStudioVersion = 10.0.40219.1
Project("{FAE04EC0-301F-11D3-BF4B-00C04F79EFBC}") = "SmallestSubtree", "SmallestSubtree\SmallestSubtree.csproj", "{98EA72A2-C48D-4122-99FE-3CD5CB74C421}"
EndProject
Global
	GlobalSection(SolutionConfigurationPlatforms) = preSolution
		Debug|Any CPU = Debug|Any CPU
		Release|Any CPU = Release|Any CPU
	EndGlobalSection
	GlobalSection(ProjectConfigurationPlatforms) = postSolution
		{98EA72A2-C48D-4122-99FE-3CD5CB74C421}.Debug|Any CPU.ActiveCfg = Debug|Any CPU
		{98EA72A2-C48D-4122-99FE-3CD5CB74C421}.Debug|Any CPU.Build.0 = Debug|Any CPU
		{98EA72A2-C48D-4122-99FE-3CD5CB74C421}.Release|Any CPU.ActiveCfg = Release|Any CPU
		{98EA72A2-C48D-4122-99FE-3CD5CB74C421}.Release|Any CPU.Build.0 = Release|Any CPU
	EndGlobalSection
	GlobalSection(SolutionProperties) = preSolution
		HideSolutionNode = FALSE
	EndGlobalSection
	GlobalSection(ExtensibilityGlobals) = postSolution
		SolutionGuid = {31AA3C34-6BB2-42AD-85D1-C0F14028D5FB}
	EndGlobalSection
EndGlobal
