
Microsoft Visual Studio Solution File, Format Version 12.00
# Visual Studio Version 16
VisualStudioVersion = 16.0.29020.237
MinimumVisualStudioVersion = 10.0.40219.1
Project("{FAE04EC0-301F-11D3-BF4B-00C04F79EFBC}") = "BinaryTreeRightSideView", "BinaryTreeRightSideView\BinaryTreeRightSideView.csproj", "{7A27B5ED-C253-435E-9334-53065F3F9D12}"
EndProject
Global
	GlobalSection(SolutionConfigurationPlatforms) = preSolution
		Debug|Any CPU = Debug|Any CPU
		Release|Any CPU = Release|Any CPU
	EndGlobalSection
	GlobalSection(ProjectConfigurationPlatforms) = postSolution
		{7A27B5ED-C253-435E-9334-53065F3F9D12}.Debug|Any CPU.ActiveCfg = Debug|Any CPU
		{7A27B5ED-C253-435E-9334-53065F3F9D12}.Debug|Any CPU.Build.0 = Debug|Any CPU
		{7A27B5ED-C253-435E-9334-53065F3F9D12}.Release|Any CPU.ActiveCfg = Release|Any CPU
		{7A27B5ED-C253-435E-9334-53065F3F9D12}.Release|Any CPU.Build.0 = Release|Any CPU
	EndGlobalSection
	GlobalSection(SolutionProperties) = preSolution
		HideSolutionNode = FALSE
	EndGlobalSection
	GlobalSection(ExtensibilityGlobals) = postSolution
		SolutionGuid = {D71A8F4F-866F-4CA9-9C5C-803A0885E20C}
	EndGlobalSection
EndGlobal
