
Microsoft Visual Studio Solution File, Format Version 12.00
# Visual Studio Version 17
VisualStudioVersion = 17.0.31903.59
MinimumVisualStudioVersion = 10.0.40219.1
Project("{FAE04EC0-301F-11D3-BF4B-00C04F79EFBC}") = "FindAllPossibleRecipes", "FindAllPossibleRecipes\FindAllPossibleRecipes.csproj", "{F47E4355-04F6-4C19-879E-ACCD1B819F1E}"
EndProject
Global
	GlobalSection(SolutionConfigurationPlatforms) = preSolution
		Debug|Any CPU = Debug|Any CPU
		Release|Any CPU = Release|Any CPU
	EndGlobalSection
	GlobalSection(ProjectConfigurationPlatforms) = postSolution
		{F47E4355-04F6-4C19-879E-ACCD1B819F1E}.Debug|Any CPU.ActiveCfg = Debug|Any CPU
		{F47E4355-04F6-4C19-879E-ACCD1B819F1E}.Debug|Any CPU.Build.0 = Debug|Any CPU
		{F47E4355-04F6-4C19-879E-ACCD1B819F1E}.Release|Any CPU.ActiveCfg = Release|Any CPU
		{F47E4355-04F6-4C19-879E-ACCD1B819F1E}.Release|Any CPU.Build.0 = Release|Any CPU
	EndGlobalSection
	GlobalSection(SolutionProperties) = preSolution
		HideSolutionNode = FALSE
	EndGlobalSection
	GlobalSection(ExtensibilityGlobals) = postSolution
		SolutionGuid = {CC2669AE-3AD4-46B7-A3DA-E1D5740021C3}
	EndGlobalSection
EndGlobal
