
Microsoft Visual Studio Solution File, Format Version 12.00
# Visual Studio Version 17
VisualStudioVersion = 17.5.33516.290
MinimumVisualStudioVersion = 10.0.40219.1
Project("{FAE04EC0-301F-11D3-BF4B-00C04F79EFBC}") = "MinimizeTheMaximumDifferenceOfPairs", "MinimizeTheMaximumDifferenceOfPairs\MinimizeTheMaximumDifferenceOfPairs.csproj", "{5B10D280-9129-4FE6-A349-0DEC6B89A31A}"
EndProject
Global
	GlobalSection(SolutionConfigurationPlatforms) = preSolution
		Debug|Any CPU = Debug|Any CPU
		Release|Any CPU = Release|Any CPU
	EndGlobalSection
	GlobalSection(ProjectConfigurationPlatforms) = postSolution
		{5B10D280-9129-4FE6-A349-0DEC6B89A31A}.Debug|Any CPU.ActiveCfg = Debug|Any CPU
		{5B10D280-9129-4FE6-A349-0DEC6B89A31A}.Debug|Any CPU.Build.0 = Debug|Any CPU
		{5B10D280-9129-4FE6-A349-0DEC6B89A31A}.Release|Any CPU.ActiveCfg = Release|Any CPU
		{5B10D280-9129-4FE6-A349-0DEC6B89A31A}.Release|Any CPU.Build.0 = Release|Any CPU
	EndGlobalSection
	GlobalSection(SolutionProperties) = preSolution
		HideSolutionNode = FALSE
	EndGlobalSection
	GlobalSection(ExtensibilityGlobals) = postSolution
		SolutionGuid = {B7ECC819-6A1D-4584-933D-89C82C1731B3}
	EndGlobalSection
EndGlobal
