
Microsoft Visual Studio Solution File, Format Version 12.00
# Visual Studio Version 17
VisualStudioVersion = 17.0.32014.148
MinimumVisualStudioVersion = 10.0.40219.1
Project("{FAE04EC0-301F-11D3-BF4B-00C04F79EFBC}") = "MaximumProductAfterKIncrements", "MaximumProductAfterKIncrements\MaximumProductAfterKIncrements.csproj", "{FCD52F14-2A6C-4D3F-A4EB-30880968F3FB}"
EndProject
Global
	GlobalSection(SolutionConfigurationPlatforms) = preSolution
		Debug|Any CPU = Debug|Any CPU
		Release|Any CPU = Release|Any CPU
	EndGlobalSection
	GlobalSection(ProjectConfigurationPlatforms) = postSolution
		{FCD52F14-2A6C-4D3F-A4EB-30880968F3FB}.Debug|Any CPU.ActiveCfg = Debug|Any CPU
		{FCD52F14-2A6C-4D3F-A4EB-30880968F3FB}.Debug|Any CPU.Build.0 = Debug|Any CPU
		{FCD52F14-2A6C-4D3F-A4EB-30880968F3FB}.Release|Any CPU.ActiveCfg = Release|Any CPU
		{FCD52F14-2A6C-4D3F-A4EB-30880968F3FB}.Release|Any CPU.Build.0 = Release|Any CPU
	EndGlobalSection
	GlobalSection(SolutionProperties) = preSolution
		HideSolutionNode = FALSE
	EndGlobalSection
	GlobalSection(ExtensibilityGlobals) = postSolution
		SolutionGuid = {4ADA59D7-B614-4F50-82F2-76D4C077646D}
	EndGlobalSection
EndGlobal
