
Microsoft Visual Studio Solution File, Format Version 12.00
# Visual Studio Version 16
VisualStudioVersion = 16.0.29418.71
MinimumVisualStudioVersion = 10.0.40219.1
Project("{FAE04EC0-301F-11D3-BF4B-00C04F79EFBC}") = "KthLargestElementInAnArray", "KthLargestElementInAnArray\KthLargestElementInAnArray.csproj", "{EAFDE740-6FE9-49A8-8339-34F5AAEDC72D}"
EndProject
Global
	GlobalSection(SolutionConfigurationPlatforms) = preSolution
		Debug|Any CPU = Debug|Any CPU
		Release|Any CPU = Release|Any CPU
	EndGlobalSection
	GlobalSection(ProjectConfigurationPlatforms) = postSolution
		{EAFDE740-6FE9-49A8-8339-34F5AAEDC72D}.Debug|Any CPU.ActiveCfg = Debug|Any CPU
		{EAFDE740-6FE9-49A8-8339-34F5AAEDC72D}.Debug|Any CPU.Build.0 = Debug|Any CPU
		{EAFDE740-6FE9-49A8-8339-34F5AAEDC72D}.Release|Any CPU.ActiveCfg = Release|Any CPU
		{EAFDE740-6FE9-49A8-8339-34F5AAEDC72D}.Release|Any CPU.Build.0 = Release|Any CPU
	EndGlobalSection
	GlobalSection(SolutionProperties) = preSolution
		HideSolutionNode = FALSE
	EndGlobalSection
	GlobalSection(ExtensibilityGlobals) = postSolution
		SolutionGuid = {DC806ED5-9581-474B-B02F-6C36D1ABB80A}
	EndGlobalSection
EndGlobal
