
Microsoft Visual Studio Solution File, Format Version 12.00
# Visual Studio Version 17
VisualStudioVersion = 17.5.33627.172
MinimumVisualStudioVersion = 10.0.40219.1
Project("{FAE04EC0-301F-11D3-BF4B-00C04F79EFBC}") = "MinimumAbsoluteDifference", "MinimumAbsoluteDifference\MinimumAbsoluteDifference.csproj", "{CBDB56BC-AA3E-4392-8F87-B2F335889715}"
EndProject
Global
	GlobalSection(SolutionConfigurationPlatforms) = preSolution
		Debug|Any CPU = Debug|Any CPU
		Release|Any CPU = Release|Any CPU
	EndGlobalSection
	GlobalSection(ProjectConfigurationPlatforms) = postSolution
		{CBDB56BC-AA3E-4392-8F87-B2F335889715}.Debug|Any CPU.ActiveCfg = Debug|Any CPU
		{CBDB56BC-AA3E-4392-8F87-B2F335889715}.Debug|Any CPU.Build.0 = Debug|Any CPU
		{CBDB56BC-AA3E-4392-8F87-B2F335889715}.Release|Any CPU.ActiveCfg = Release|Any CPU
		{CBDB56BC-AA3E-4392-8F87-B2F335889715}.Release|Any CPU.Build.0 = Release|Any CPU
	EndGlobalSection
	GlobalSection(SolutionProperties) = preSolution
		HideSolutionNode = FALSE
	EndGlobalSection
	GlobalSection(ExtensibilityGlobals) = postSolution
		SolutionGuid = {A330A9BA-5E5D-477E-A163-415A8F8D7F33}
	EndGlobalSection
EndGlobal
