
Microsoft Visual Studio Solution File, Format Version 12.00
# Visual Studio Version 17
VisualStudioVersion = 17.0.32014.148
MinimumVisualStudioVersion = 10.0.40219.1
Project("{FAE04EC0-301F-11D3-BF4B-00C04F79EFBC}") = "MinimumNumberOfSteps", "MinimumNumberOfSteps\MinimumNumberOfSteps.csproj", "{8A3F12B0-8104-43A0-ADE2-B7FC4E87BB6E}"
EndProject
Global
	GlobalSection(SolutionConfigurationPlatforms) = preSolution
		Debug|Any CPU = Debug|Any CPU
		Release|Any CPU = Release|Any CPU
	EndGlobalSection
	GlobalSection(ProjectConfigurationPlatforms) = postSolution
		{8A3F12B0-8104-43A0-ADE2-B7FC4E87BB6E}.Debug|Any CPU.ActiveCfg = Debug|Any CPU
		{8A3F12B0-8104-43A0-ADE2-B7FC4E87BB6E}.Debug|Any CPU.Build.0 = Debug|Any CPU
		{8A3F12B0-8104-43A0-ADE2-B7FC4E87BB6E}.Release|Any CPU.ActiveCfg = Release|Any CPU
		{8A3F12B0-8104-43A0-ADE2-B7FC4E87BB6E}.Release|Any CPU.Build.0 = Release|Any CPU
	EndGlobalSection
	GlobalSection(SolutionProperties) = preSolution
		HideSolutionNode = FALSE
	EndGlobalSection
	GlobalSection(ExtensibilityGlobals) = postSolution
		SolutionGuid = {4A755C72-0E92-47A7-BF00-B178EABFDED9}
	EndGlobalSection
EndGlobal
