
Microsoft Visual Studio Solution File, Format Version 12.00
# Visual Studio Version 17
VisualStudioVersion = 17.5.33627.172
MinimumVisualStudioVersion = 10.0.40219.1
Project("{FAE04EC0-301F-11D3-BF4B-00C04F79EFBC}") = "MaximizeAreaOfSquareHoleInGrid", "MaximizeAreaOfSquareHoleInGrid\MaximizeAreaOfSquareHoleInGrid.csproj", "{F341CA97-E18F-4A7E-8C2C-DD7BCA459996}"
EndProject
Global
	GlobalSection(SolutionConfigurationPlatforms) = preSolution
		Debug|Any CPU = Debug|Any CPU
		Release|Any CPU = Release|Any CPU
	EndGlobalSection
	GlobalSection(ProjectConfigurationPlatforms) = postSolution
		{F341CA97-E18F-4A7E-8C2C-DD7BCA459996}.Debug|Any CPU.ActiveCfg = Debug|Any CPU
		{F341CA97-E18F-4A7E-8C2C-DD7BCA459996}.Debug|Any CPU.Build.0 = Debug|Any CPU
		{F341CA97-E18F-4A7E-8C2C-DD7BCA459996}.Release|Any CPU.ActiveCfg = Release|Any CPU
		{F341CA97-E18F-4A7E-8C2C-DD7BCA459996}.Release|Any CPU.Build.0 = Release|Any CPU
	EndGlobalSection
	GlobalSection(SolutionProperties) = preSolution
		HideSolutionNode = FALSE
	EndGlobalSection
	GlobalSection(ExtensibilityGlobals) = postSolution
		SolutionGuid = {69D78C3E-D02E-47FA-9CD0-50121A88CF3F}
	EndGlobalSection
EndGlobal
