
Microsoft Visual Studio Solution File, Format Version 12.00
# Visual Studio Version 17
VisualStudioVersion = 17.5.33627.172
MinimumVisualStudioVersion = 10.0.40219.1
Project("{FAE04EC0-301F-11D3-BF4B-00C04F79EFBC}") = "SpecialPermutations", "SpecialPermutations\SpecialPermutations.csproj", "{880D4110-A384-440B-BE94-39A4ECC16E67}"
EndProject
Global
	GlobalSection(SolutionConfigurationPlatforms) = preSolution
		Debug|Any CPU = Debug|Any CPU
		Release|Any CPU = Release|Any CPU
	EndGlobalSection
	GlobalSection(ProjectConfigurationPlatforms) = postSolution
		{880D4110-A384-440B-BE94-39A4ECC16E67}.Debug|Any CPU.ActiveCfg = Debug|Any CPU
		{880D4110-A384-440B-BE94-39A4ECC16E67}.Debug|Any CPU.Build.0 = Debug|Any CPU
		{880D4110-A384-440B-BE94-39A4ECC16E67}.Release|Any CPU.ActiveCfg = Release|Any CPU
		{880D4110-A384-440B-BE94-39A4ECC16E67}.Release|Any CPU.Build.0 = Release|Any CPU
	EndGlobalSection
	GlobalSection(SolutionProperties) = preSolution
		HideSolutionNode = FALSE
	EndGlobalSection
	GlobalSection(ExtensibilityGlobals) = postSolution
		SolutionGuid = {E1808975-FCDA-4081-AE38-BE9F30BA71E3}
	EndGlobalSection
EndGlobal
