
Microsoft Visual Studio Solution File, Format Version 12.00
# Visual Studio Version 16
VisualStudioVersion = 16.0.30128.74
MinimumVisualStudioVersion = 10.0.40219.1
Project("{FAE04EC0-301F-11D3-BF4B-00C04F79EFBC}") = "FindKthBitInNthBinaryString", "FindKthBitInNthBinaryString\FindKthBitInNthBinaryString.csproj", "{DB9BB4C0-125D-466B-AFFB-FE741B7ADFDC}"
EndProject
Global
	GlobalSection(SolutionConfigurationPlatforms) = preSolution
		Debug|Any CPU = Debug|Any CPU
		Release|Any CPU = Release|Any CPU
	EndGlobalSection
	GlobalSection(ProjectConfigurationPlatforms) = postSolution
		{DB9BB4C0-125D-466B-AFFB-FE741B7ADFDC}.Debug|Any CPU.ActiveCfg = Debug|Any CPU
		{DB9BB4C0-125D-466B-AFFB-FE741B7ADFDC}.Debug|Any CPU.Build.0 = Debug|Any CPU
		{DB9BB4C0-125D-466B-AFFB-FE741B7ADFDC}.Release|Any CPU.ActiveCfg = Release|Any CPU
		{DB9BB4C0-125D-466B-AFFB-FE741B7ADFDC}.Release|Any CPU.Build.0 = Release|Any CPU
	EndGlobalSection
	GlobalSection(SolutionProperties) = preSolution
		HideSolutionNode = FALSE
	EndGlobalSection
	GlobalSection(ExtensibilityGlobals) = postSolution
		SolutionGuid = {50930C00-E1FF-47C4-9E71-83A248B7EBE2}
	EndGlobalSection
EndGlobal
