
Microsoft Visual Studio Solution File, Format Version 12.00
# Visual Studio Version 17
VisualStudioVersion = 17.5.33627.172
MinimumVisualStudioVersion = 10.0.40219.1
Project("{FAE04EC0-301F-11D3-BF4B-00C04F79EFBC}") = "RelocateMarbles", "RelocateMarbles\RelocateMarbles.csproj", "{7D8BFDCB-D35B-4FB8-9631-8E1B53026CC9}"
EndProject
Global
	GlobalSection(SolutionConfigurationPlatforms) = preSolution
		Debug|Any CPU = Debug|Any CPU
		Release|Any CPU = Release|Any CPU
	EndGlobalSection
	GlobalSection(ProjectConfigurationPlatforms) = postSolution
		{7D8BFDCB-D35B-4FB8-9631-8E1B53026CC9}.Debug|Any CPU.ActiveCfg = Debug|Any CPU
		{7D8BFDCB-D35B-4FB8-9631-8E1B53026CC9}.Debug|Any CPU.Build.0 = Debug|Any CPU
		{7D8BFDCB-D35B-4FB8-9631-8E1B53026CC9}.Release|Any CPU.ActiveCfg = Release|Any CPU
		{7D8BFDCB-D35B-4FB8-9631-8E1B53026CC9}.Release|Any CPU.Build.0 = Release|Any CPU
	EndGlobalSection
	GlobalSection(SolutionProperties) = preSolution
		HideSolutionNode = FALSE
	EndGlobalSection
	GlobalSection(ExtensibilityGlobals) = postSolution
		SolutionGuid = {9B9871C1-68A7-4E6D-B43E-D34CC3F74653}
	EndGlobalSection
EndGlobal
