
Microsoft Visual Studio Solution File, Format Version 12.00
# Visual Studio Version 16
VisualStudioVersion = 16.0.31402.337
MinimumVisualStudioVersion = 10.0.40219.1
Project("{FAE04EC0-301F-11D3-BF4B-00C04F79EFBC}") = "MinimumDifference", "MinimumDifference\MinimumDifference.csproj", "{F58F4E4A-1DB0-4FE1-860B-AB42E1AD86D8}"
EndProject
Global
	GlobalSection(SolutionConfigurationPlatforms) = preSolution
		Debug|Any CPU = Debug|Any CPU
		Release|Any CPU = Release|Any CPU
	EndGlobalSection
	GlobalSection(ProjectConfigurationPlatforms) = postSolution
		{F58F4E4A-1DB0-4FE1-860B-AB42E1AD86D8}.Debug|Any CPU.ActiveCfg = Debug|Any CPU
		{F58F4E4A-1DB0-4FE1-860B-AB42E1AD86D8}.Debug|Any CPU.Build.0 = Debug|Any CPU
		{F58F4E4A-1DB0-4FE1-860B-AB42E1AD86D8}.Release|Any CPU.ActiveCfg = Release|Any CPU
		{F58F4E4A-1DB0-4FE1-860B-AB42E1AD86D8}.Release|Any CPU.Build.0 = Release|Any CPU
	EndGlobalSection
	GlobalSection(SolutionProperties) = preSolution
		HideSolutionNode = FALSE
	EndGlobalSection
	GlobalSection(ExtensibilityGlobals) = postSolution
		SolutionGuid = {B6A8AA2A-2044-415B-8893-9E0EE23B29E3}
	EndGlobalSection
EndGlobal
