
Microsoft Visual Studio Solution File, Format Version 12.00
# Visual Studio Version 16
VisualStudioVersion = 16.0.29613.14
MinimumVisualStudioVersion = 10.0.40219.1
Project("{FAE04EC0-301F-11D3-BF4B-00C04F79EFBC}") = "ConstructBinarySearchTree", "ConstructBinarySearchTree\ConstructBinarySearchTree.csproj", "{B28C2D89-D174-4945-ADDA-9C98C2E6310B}"
EndProject
Global
	GlobalSection(SolutionConfigurationPlatforms) = preSolution
		Debug|Any CPU = Debug|Any CPU
		Release|Any CPU = Release|Any CPU
	EndGlobalSection
	GlobalSection(ProjectConfigurationPlatforms) = postSolution
		{B28C2D89-D174-4945-ADDA-9C98C2E6310B}.Debug|Any CPU.ActiveCfg = Debug|Any CPU
		{B28C2D89-D174-4945-ADDA-9C98C2E6310B}.Debug|Any CPU.Build.0 = Debug|Any CPU
		{B28C2D89-D174-4945-ADDA-9C98C2E6310B}.Release|Any CPU.ActiveCfg = Release|Any CPU
		{B28C2D89-D174-4945-ADDA-9C98C2E6310B}.Release|Any CPU.Build.0 = Release|Any CPU
	EndGlobalSection
	GlobalSection(SolutionProperties) = preSolution
		HideSolutionNode = FALSE
	EndGlobalSection
	GlobalSection(ExtensibilityGlobals) = postSolution
		SolutionGuid = {4087B099-9D02-4807-800D-E10ED7AEBA29}
	EndGlobalSection
EndGlobal
