
Microsoft Visual Studio Solution File, Format Version 12.00
# Visual Studio Version 17
VisualStudioVersion = 17.0.31903.59
MinimumVisualStudioVersion = 10.0.40219.1
Project("{FAE04EC0-301F-11D3-BF4B-00C04F79EFBC}") = "KthSmallestNumber", "KthSmallestNumber\KthSmallestNumber.csproj", "{F9F04E63-BB4D-4049-B6FC-8586788E72D4}"
EndProject
Global
	GlobalSection(SolutionConfigurationPlatforms) = preSolution
		Debug|Any CPU = Debug|Any CPU
		Release|Any CPU = Release|Any CPU
	EndGlobalSection
	GlobalSection(ProjectConfigurationPlatforms) = postSolution
		{F9F04E63-BB4D-4049-B6FC-8586788E72D4}.Debug|Any CPU.ActiveCfg = Debug|Any CPU
		{F9F04E63-BB4D-4049-B6FC-8586788E72D4}.Debug|Any CPU.Build.0 = Debug|Any CPU
		{F9F04E63-BB4D-4049-B6FC-8586788E72D4}.Release|Any CPU.ActiveCfg = Release|Any CPU
		{F9F04E63-BB4D-4049-B6FC-8586788E72D4}.Release|Any CPU.Build.0 = Release|Any CPU
	EndGlobalSection
	GlobalSection(SolutionProperties) = preSolution
		HideSolutionNode = FALSE
	EndGlobalSection
	GlobalSection(ExtensibilityGlobals) = postSolution
		SolutionGuid = {95DC056A-D7CD-41BE-8121-3BDE20206CCB}
	EndGlobalSection
EndGlobal
