
Microsoft Visual Studio Solution File, Format Version 12.00
# Visual Studio Version 16
VisualStudioVersion = 16.0.29020.237
MinimumVisualStudioVersion = 10.0.40219.1
Project("{FAE04EC0-301F-11D3-BF4B-00C04F79EFBC}") = "MaximumProductOfThreeNumbers", "MaximumProductOfThreeNumbers\MaximumProductOfThreeNumbers.csproj", "{EAED55A5-9032-49BB-ACB8-CB6363563AF3}"
EndProject
Global
	GlobalSection(SolutionConfigurationPlatforms) = preSolution
		Debug|Any CPU = Debug|Any CPU
		Release|Any CPU = Release|Any CPU
	EndGlobalSection
	GlobalSection(ProjectConfigurationPlatforms) = postSolution
		{EAED55A5-9032-49BB-ACB8-CB6363563AF3}.Debug|Any CPU.ActiveCfg = Debug|Any CPU
		{EAED55A5-9032-49BB-ACB8-CB6363563AF3}.Debug|Any CPU.Build.0 = Debug|Any CPU
		{EAED55A5-9032-49BB-ACB8-CB6363563AF3}.Release|Any CPU.ActiveCfg = Release|Any CPU
		{EAED55A5-9032-49BB-ACB8-CB6363563AF3}.Release|Any CPU.Build.0 = Release|Any CPU
	EndGlobalSection
	GlobalSection(SolutionProperties) = preSolution
		HideSolutionNode = FALSE
	EndGlobalSection
	GlobalSection(ExtensibilityGlobals) = postSolution
		SolutionGuid = {4F5829FF-F3BB-4F4E-B747-878BF3291A0D}
	EndGlobalSection
EndGlobal
