
Microsoft Visual Studio Solution File, Format Version 12.00
# Visual Studio Version 16
VisualStudioVersion = 16.0.29009.5
MinimumVisualStudioVersion = 10.0.40219.1
Project("{FAE04EC0-301F-11D3-BF4B-00C04F79EFBC}") = "SwapNodesInPairs", "SwapNodesInPairs\SwapNodesInPairs.csproj", "{5DEF9F62-00DC-4083-A82D-5B4DC66FC931}"
EndProject
Global
	GlobalSection(SolutionConfigurationPlatforms) = preSolution
		Debug|Any CPU = Debug|Any CPU
		Release|Any CPU = Release|Any CPU
	EndGlobalSection
	GlobalSection(ProjectConfigurationPlatforms) = postSolution
		{5DEF9F62-00DC-4083-A82D-5B4DC66FC931}.Debug|Any CPU.ActiveCfg = Debug|Any CPU
		{5DEF9F62-00DC-4083-A82D-5B4DC66FC931}.Debug|Any CPU.Build.0 = Debug|Any CPU
		{5DEF9F62-00DC-4083-A82D-5B4DC66FC931}.Release|Any CPU.ActiveCfg = Release|Any CPU
		{5DEF9F62-00DC-4083-A82D-5B4DC66FC931}.Release|Any CPU.Build.0 = Release|Any CPU
	EndGlobalSection
	GlobalSection(SolutionProperties) = preSolution
		HideSolutionNode = FALSE
	EndGlobalSection
	GlobalSection(ExtensibilityGlobals) = postSolution
		SolutionGuid = {AF9BFC5A-965B-4C7E-86EE-750BE419E184}
	EndGlobalSection
EndGlobal
