
Microsoft Visual Studio Solution File, Format Version 12.00
# Visual Studio Version 17
VisualStudioVersion = 17.5.33627.172
MinimumVisualStudioVersion = 10.0.40219.1
Project("{FAE04EC0-301F-11D3-BF4B-00C04F79EFBC}") = "TrionicArrayII", "TrionicArrayII\TrionicArrayII.csproj", "{5EA17506-0EBB-44CA-A09B-BF5FE8AC1F47}"
EndProject
Global
	GlobalSection(SolutionConfigurationPlatforms) = preSolution
		Debug|Any CPU = Debug|Any CPU
		Release|Any CPU = Release|Any CPU
	EndGlobalSection
	GlobalSection(ProjectConfigurationPlatforms) = postSolution
		{5EA17506-0EBB-44CA-A09B-BF5FE8AC1F47}.Debug|Any CPU.ActiveCfg = Debug|Any CPU
		{5EA17506-0EBB-44CA-A09B-BF5FE8AC1F47}.Debug|Any CPU.Build.0 = Debug|Any CPU
		{5EA17506-0EBB-44CA-A09B-BF5FE8AC1F47}.Release|Any CPU.ActiveCfg = Release|Any CPU
		{5EA17506-0EBB-44CA-A09B-BF5FE8AC1F47}.Release|Any CPU.Build.0 = Release|Any CPU
	EndGlobalSection
	GlobalSection(SolutionProperties) = preSolution
		HideSolutionNode = FALSE
	EndGlobalSection
	GlobalSection(ExtensibilityGlobals) = postSolution
		SolutionGuid = {1FA2B4AE-00F4-43E0-B47A-580EC883830D}
	EndGlobalSection
EndGlobal
