
Microsoft Visual Studio Solution File, Format Version 12.00
# Visual Studio Version 16
VisualStudioVersion = 16.0.31402.337
MinimumVisualStudioVersion = 10.0.40219.1
Project("{FAE04EC0-301F-11D3-BF4B-00C04F79EFBC}") = "ZumaGame", "ZumaGame\ZumaGame.csproj", "{598F28B1-2096-4238-9A48-F65407207278}"
EndProject
Global
	GlobalSection(SolutionConfigurationPlatforms) = preSolution
		Debug|Any CPU = Debug|Any CPU
		Release|Any CPU = Release|Any CPU
	EndGlobalSection
	GlobalSection(ProjectConfigurationPlatforms) = postSolution
		{598F28B1-2096-4238-9A48-F65407207278}.Debug|Any CPU.ActiveCfg = Debug|Any CPU
		{598F28B1-2096-4238-9A48-F65407207278}.Debug|Any CPU.Build.0 = Debug|Any CPU
		{598F28B1-2096-4238-9A48-F65407207278}.Release|Any CPU.ActiveCfg = Release|Any CPU
		{598F28B1-2096-4238-9A48-F65407207278}.Release|Any CPU.Build.0 = Release|Any CPU
	EndGlobalSection
	GlobalSection(SolutionProperties) = preSolution
		HideSolutionNode = FALSE
	EndGlobalSection
	GlobalSection(ExtensibilityGlobals) = postSolution
		SolutionGuid = {CC968999-1E1C-4A78-8845-8AC7AA903B3F}
	EndGlobalSection
EndGlobal
