
Microsoft Visual Studio Solution File, Format Version 12.00
# Visual Studio Version 17
VisualStudioVersion = 17.5.33627.172
MinimumVisualStudioVersion = 10.0.40219.1
Project("{FAE04EC0-301F-11D3-BF4B-00C04F79EFBC}") = "GoodIndicesInADigitString", "GoodIndicesInADigitString\GoodIndicesInADigitString.csproj", "{22235078-3D84-4A3C-A452-6CF078E8CBB3}"
EndProject
Global
	GlobalSection(SolutionConfigurationPlatforms) = preSolution
		Debug|Any CPU = Debug|Any CPU
		Release|Any CPU = Release|Any CPU
	EndGlobalSection
	GlobalSection(ProjectConfigurationPlatforms) = postSolution
		{22235078-3D84-4A3C-A452-6CF078E8CBB3}.Debug|Any CPU.ActiveCfg = Debug|Any CPU
		{22235078-3D84-4A3C-A452-6CF078E8CBB3}.Debug|Any CPU.Build.0 = Debug|Any CPU
		{22235078-3D84-4A3C-A452-6CF078E8CBB3}.Release|Any CPU.ActiveCfg = Release|Any CPU
		{22235078-3D84-4A3C-A452-6CF078E8CBB3}.Release|Any CPU.Build.0 = Release|Any CPU
	EndGlobalSection
	GlobalSection(SolutionProperties) = preSolution
		HideSolutionNode = FALSE
	EndGlobalSection
	GlobalSection(ExtensibilityGlobals) = postSolution
		SolutionGuid = {F612A47A-42B3-4EC3-A5E3-F39B007FFC77}
	EndGlobalSection
EndGlobal
