
Microsoft Visual Studio Solution File, Format Version 12.00
# Visual Studio Version 16
VisualStudioVersion = 16.0.29409.12
MinimumVisualStudioVersion = 10.0.40219.1
Project("{FAE04EC0-301F-11D3-BF4B-00C04F79EFBC}") = "MaximumNestingDepth", "MaximumNestingDepth\MaximumNestingDepth.csproj", "{E87E03C0-CC0B-4EAE-A3E6-FEDD7562638D}"
EndProject
Global
	GlobalSection(SolutionConfigurationPlatforms) = preSolution
		Debug|Any CPU = Debug|Any CPU
		Release|Any CPU = Release|Any CPU
	EndGlobalSection
	GlobalSection(ProjectConfigurationPlatforms) = postSolution
		{E87E03C0-CC0B-4EAE-A3E6-FEDD7562638D}.Debug|Any CPU.ActiveCfg = Debug|Any CPU
		{E87E03C0-CC0B-4EAE-A3E6-FEDD7562638D}.Debug|Any CPU.Build.0 = Debug|Any CPU
		{E87E03C0-CC0B-4EAE-A3E6-FEDD7562638D}.Release|Any CPU.ActiveCfg = Release|Any CPU
		{E87E03C0-CC0B-4EAE-A3E6-FEDD7562638D}.Release|Any CPU.Build.0 = Release|Any CPU
	EndGlobalSection
	GlobalSection(SolutionProperties) = preSolution
		HideSolutionNode = FALSE
	EndGlobalSection
	GlobalSection(ExtensibilityGlobals) = postSolution
		SolutionGuid = {6C07ECFF-7851-4F7E-B96E-7EC695DDAF9E}
	EndGlobalSection
EndGlobal
