
Microsoft Visual Studio Solution File, Format Version 12.00
# Visual Studio Version 16
VisualStudioVersion = 16.0.29613.14
MinimumVisualStudioVersion = 10.0.40219.1
Project("{FAE04EC0-301F-11D3-BF4B-00C04F79EFBC}") = "ValidBoomerang", "ValidBoomerang\ValidBoomerang.csproj", "{742150B3-B460-42DB-BDF9-49E1AB703331}"
EndProject
Global
	GlobalSection(SolutionConfigurationPlatforms) = preSolution
		Debug|Any CPU = Debug|Any CPU
		Release|Any CPU = Release|Any CPU
	EndGlobalSection
	GlobalSection(ProjectConfigurationPlatforms) = postSolution
		{742150B3-B460-42DB-BDF9-49E1AB703331}.Debug|Any CPU.ActiveCfg = Debug|Any CPU
		{742150B3-B460-42DB-BDF9-49E1AB703331}.Debug|Any CPU.Build.0 = Debug|Any CPU
		{742150B3-B460-42DB-BDF9-49E1AB703331}.Release|Any CPU.ActiveCfg = Release|Any CPU
		{742150B3-B460-42DB-BDF9-49E1AB703331}.Release|Any CPU.Build.0 = Release|Any CPU
	EndGlobalSection
	GlobalSection(SolutionProperties) = preSolution
		HideSolutionNode = FALSE
	EndGlobalSection
	GlobalSection(ExtensibilityGlobals) = postSolution
		SolutionGuid = {66D9DBB0-B955-4228-929D-86FE652B7B84}
	EndGlobalSection
EndGlobal
