
Microsoft Visual Studio Solution File, Format Version 12.00
# Visual Studio Version 17
VisualStudioVersion = 17.3.32825.248
MinimumVisualStudioVersion = 10.0.40219.1
Project("{FAE04EC0-301F-11D3-BF4B-00C04F79EFBC}") = "MinimumInitialEnergyToFinishTasks", "MinimumInitialEnergyToFinishTasks\MinimumInitialEnergyToFinishTasks.csproj", "{18FBAAF4-0245-4ED1-85CA-44416873F658}"
EndProject
Global
	GlobalSection(SolutionConfigurationPlatforms) = preSolution
		Debug|Any CPU = Debug|Any CPU
		Release|Any CPU = Release|Any CPU
	EndGlobalSection
	GlobalSection(ProjectConfigurationPlatforms) = postSolution
		{18FBAAF4-0245-4ED1-85CA-44416873F658}.Debug|Any CPU.ActiveCfg = Debug|Any CPU
		{18FBAAF4-0245-4ED1-85CA-44416873F658}.Debug|Any CPU.Build.0 = Debug|Any CPU
		{18FBAAF4-0245-4ED1-85CA-44416873F658}.Release|Any CPU.ActiveCfg = Release|Any CPU
		{18FBAAF4-0245-4ED1-85CA-44416873F658}.Release|Any CPU.Build.0 = Release|Any CPU
	EndGlobalSection
	GlobalSection(SolutionProperties) = preSolution
		HideSolutionNode = FALSE
	EndGlobalSection
	GlobalSection(ExtensibilityGlobals) = postSolution
		SolutionGuid = {84121DA4-AC3B-440B-AA47-5523588B3E65}
	EndGlobalSection
EndGlobal
