
Microsoft Visual Studio Solution File, Format Version 12.00
# Visual Studio Version 16
VisualStudioVersion = 16.0.30128.74
MinimumVisualStudioVersion = 10.0.40219.1
Project("{FAE04EC0-301F-11D3-BF4B-00C04F79EFBC}") = "BeforeAndAfterPuzzle", "BeforeAndAfterPuzzle\BeforeAndAfterPuzzle.csproj", "{A7D79F24-077D-4FCE-B4A7-21C3EF2F71B2}"
EndProject
Global
	GlobalSection(SolutionConfigurationPlatforms) = preSolution
		Debug|Any CPU = Debug|Any CPU
		Release|Any CPU = Release|Any CPU
	EndGlobalSection
	GlobalSection(ProjectConfigurationPlatforms) = postSolution
		{A7D79F24-077D-4FCE-B4A7-21C3EF2F71B2}.Debug|Any CPU.ActiveCfg = Debug|Any CPU
		{A7D79F24-077D-4FCE-B4A7-21C3EF2F71B2}.Debug|Any CPU.Build.0 = Debug|Any CPU
		{A7D79F24-077D-4FCE-B4A7-21C3EF2F71B2}.Release|Any CPU.ActiveCfg = Release|Any CPU
		{A7D79F24-077D-4FCE-B4A7-21C3EF2F71B2}.Release|Any CPU.Build.0 = Release|Any CPU
	EndGlobalSection
	GlobalSection(SolutionProperties) = preSolution
		HideSolutionNode = FALSE
	EndGlobalSection
	GlobalSection(ExtensibilityGlobals) = postSolution
		SolutionGuid = {FF813434-9071-4DFC-A2C4-76112A9D7C21}
	EndGlobalSection
EndGlobal
