
Microsoft Visual Studio Solution File, Format Version 12.00
# Visual Studio Version 16
VisualStudioVersion = 16.0.30128.74
MinimumVisualStudioVersion = 10.0.40219.1
Project("{FAE04EC0-301F-11D3-BF4B-00C04F79EFBC}") = "LoudAndRich", "LoudAndRich\LoudAndRich.csproj", "{5766AEF6-C297-4F11-99C9-A9640F1D18E6}"
EndProject
Global
	GlobalSection(SolutionConfigurationPlatforms) = preSolution
		Debug|Any CPU = Debug|Any CPU
		Release|Any CPU = Release|Any CPU
	EndGlobalSection
	GlobalSection(ProjectConfigurationPlatforms) = postSolution
		{5766AEF6-C297-4F11-99C9-A9640F1D18E6}.Debug|Any CPU.ActiveCfg = Debug|Any CPU
		{5766AEF6-C297-4F11-99C9-A9640F1D18E6}.Debug|Any CPU.Build.0 = Debug|Any CPU
		{5766AEF6-C297-4F11-99C9-A9640F1D18E6}.Release|Any CPU.ActiveCfg = Release|Any CPU
		{5766AEF6-C297-4F11-99C9-A9640F1D18E6}.Release|Any CPU.Build.0 = Release|Any CPU
	EndGlobalSection
	GlobalSection(SolutionProperties) = preSolution
		HideSolutionNode = FALSE
	EndGlobalSection
	GlobalSection(ExtensibilityGlobals) = postSolution
		SolutionGuid = {DCC0F1D5-12F0-4F42-B795-A67C3A62D4AD}
	EndGlobalSection
EndGlobal
