
Microsoft Visual Studio Solution File, Format Version 12.00
# Visual Studio Version 16
VisualStudioVersion = 16.0.31402.337
MinimumVisualStudioVersion = 10.0.40219.1
Project("{FAE04EC0-301F-11D3-BF4B-00C04F79EFBC}") = "DetectSquares", "DetectSquares\DetectSquares.csproj", "{6F5EC450-165A-4574-BEC6-A04246C21101}"
EndProject
Global
	GlobalSection(SolutionConfigurationPlatforms) = preSolution
		Debug|Any CPU = Debug|Any CPU
		Release|Any CPU = Release|Any CPU
	EndGlobalSection
	GlobalSection(ProjectConfigurationPlatforms) = postSolution
		{6F5EC450-165A-4574-BEC6-A04246C21101}.Debug|Any CPU.ActiveCfg = Debug|Any CPU
		{6F5EC450-165A-4574-BEC6-A04246C21101}.Debug|Any CPU.Build.0 = Debug|Any CPU
		{6F5EC450-165A-4574-BEC6-A04246C21101}.Release|Any CPU.ActiveCfg = Release|Any CPU
		{6F5EC450-165A-4574-BEC6-A04246C21101}.Release|Any CPU.Build.0 = Release|Any CPU
	EndGlobalSection
	GlobalSection(SolutionProperties) = preSolution
		HideSolutionNode = FALSE
	EndGlobalSection
	GlobalSection(ExtensibilityGlobals) = postSolution
		SolutionGuid = {32F1F315-E665-4EA0-8E1D-32C04ED27534}
	EndGlobalSection
EndGlobal
