
Microsoft Visual Studio Solution File, Format Version 12.00
# Visual Studio Version 16
VisualStudioVersion = 16.0.30907.101
MinimumVisualStudioVersion = 10.0.40219.1
Project("{FAE04EC0-301F-11D3-BF4B-00C04F79EFBC}") = "MinimumNumberOfFlips", "MinimumNumberOfFlips\MinimumNumberOfFlips.csproj", "{0181D4EB-F253-4E19-92EF-187703E8D4EE}"
EndProject
Global
	GlobalSection(SolutionConfigurationPlatforms) = preSolution
		Debug|Any CPU = Debug|Any CPU
		Release|Any CPU = Release|Any CPU
	EndGlobalSection
	GlobalSection(ProjectConfigurationPlatforms) = postSolution
		{0181D4EB-F253-4E19-92EF-187703E8D4EE}.Debug|Any CPU.ActiveCfg = Debug|Any CPU
		{0181D4EB-F253-4E19-92EF-187703E8D4EE}.Debug|Any CPU.Build.0 = Debug|Any CPU
		{0181D4EB-F253-4E19-92EF-187703E8D4EE}.Release|Any CPU.ActiveCfg = Release|Any CPU
		{0181D4EB-F253-4E19-92EF-187703E8D4EE}.Release|Any CPU.Build.0 = Release|Any CPU
	EndGlobalSection
	GlobalSection(SolutionProperties) = preSolution
		HideSolutionNode = FALSE
	EndGlobalSection
	GlobalSection(ExtensibilityGlobals) = postSolution
		SolutionGuid = {6BEDEE12-4289-44EF-93A3-FFDED15D7C7A}
	EndGlobalSection
EndGlobal
