
Microsoft Visual Studio Solution File, Format Version 12.00
# Visual Studio Version 16
VisualStudioVersion = 16.0.30128.74
MinimumVisualStudioVersion = 10.0.40219.1
Project("{FAE04EC0-301F-11D3-BF4B-00C04F79EFBC}") = "ContainsDuplicateIII", "ContainsDuplicateIII\ContainsDuplicateIII.csproj", "{140019D3-1D63-42A1-9B50-C1D4B9D58FEE}"
EndProject
Global
	GlobalSection(SolutionConfigurationPlatforms) = preSolution
		Debug|Any CPU = Debug|Any CPU
		Release|Any CPU = Release|Any CPU
	EndGlobalSection
	GlobalSection(ProjectConfigurationPlatforms) = postSolution
		{140019D3-1D63-42A1-9B50-C1D4B9D58FEE}.Debug|Any CPU.ActiveCfg = Debug|Any CPU
		{140019D3-1D63-42A1-9B50-C1D4B9D58FEE}.Debug|Any CPU.Build.0 = Debug|Any CPU
		{140019D3-1D63-42A1-9B50-C1D4B9D58FEE}.Release|Any CPU.ActiveCfg = Release|Any CPU
		{140019D3-1D63-42A1-9B50-C1D4B9D58FEE}.Release|Any CPU.Build.0 = Release|Any CPU
	EndGlobalSection
	GlobalSection(SolutionProperties) = preSolution
		HideSolutionNode = FALSE
	EndGlobalSection
	GlobalSection(ExtensibilityGlobals) = postSolution
		SolutionGuid = {BCAB7262-4311-4EF2-BC1F-A950E0AC1555}
	EndGlobalSection
EndGlobal
