
Microsoft Visual Studio Solution File, Format Version 12.00
# Visual Studio Version 16
VisualStudioVersion = 16.0.29418.71
MinimumVisualStudioVersion = 10.0.40219.1
Project("{FAE04EC0-301F-11D3-BF4B-00C04F79EFBC}") = "ThirdMaximumNumber", "ThirdMaximumNumber\ThirdMaximumNumber.csproj", "{8EF86604-4FBC-4147-8BB3-C8DE2350C2E4}"
EndProject
Global
	GlobalSection(SolutionConfigurationPlatforms) = preSolution
		Debug|Any CPU = Debug|Any CPU
		Release|Any CPU = Release|Any CPU
	EndGlobalSection
	GlobalSection(ProjectConfigurationPlatforms) = postSolution
		{8EF86604-4FBC-4147-8BB3-C8DE2350C2E4}.Debug|Any CPU.ActiveCfg = Debug|Any CPU
		{8EF86604-4FBC-4147-8BB3-C8DE2350C2E4}.Debug|Any CPU.Build.0 = Debug|Any CPU
		{8EF86604-4FBC-4147-8BB3-C8DE2350C2E4}.Release|Any CPU.ActiveCfg = Release|Any CPU
		{8EF86604-4FBC-4147-8BB3-C8DE2350C2E4}.Release|Any CPU.Build.0 = Release|Any CPU
	EndGlobalSection
	GlobalSection(SolutionProperties) = preSolution
		HideSolutionNode = FALSE
	EndGlobalSection
	GlobalSection(ExtensibilityGlobals) = postSolution
		SolutionGuid = {B6C9415B-9354-42E1-8923-F189A13DE77E}
	EndGlobalSection
EndGlobal
