
Microsoft Visual Studio Solution File, Format Version 12.00
# Visual Studio Version 17
VisualStudioVersion = 17.5.33627.172
MinimumVisualStudioVersion = 10.0.40219.1
Project("{FAE04EC0-301F-11D3-BF4B-00C04F79EFBC}") = "NumberOfPerfectPairs", "NumberOfPerfectPairs\NumberOfPerfectPairs.csproj", "{996A8D3D-862A-4B46-AE62-8DBF27DBB48F}"
EndProject
Global
	GlobalSection(SolutionConfigurationPlatforms) = preSolution
		Debug|Any CPU = Debug|Any CPU
		Release|Any CPU = Release|Any CPU
	EndGlobalSection
	GlobalSection(ProjectConfigurationPlatforms) = postSolution
		{996A8D3D-862A-4B46-AE62-8DBF27DBB48F}.Debug|Any CPU.ActiveCfg = Debug|Any CPU
		{996A8D3D-862A-4B46-AE62-8DBF27DBB48F}.Debug|Any CPU.Build.0 = Debug|Any CPU
		{996A8D3D-862A-4B46-AE62-8DBF27DBB48F}.Release|Any CPU.ActiveCfg = Release|Any CPU
		{996A8D3D-862A-4B46-AE62-8DBF27DBB48F}.Release|Any CPU.Build.0 = Release|Any CPU
	EndGlobalSection
	GlobalSection(SolutionProperties) = preSolution
		HideSolutionNode = FALSE
	EndGlobalSection
	GlobalSection(ExtensibilityGlobals) = postSolution
		SolutionGuid = {938582C5-1E0C-4A5E-944E-695D762C3BA8}
	EndGlobalSection
EndGlobal
