
Microsoft Visual Studio Solution File, Format Version 12.00
# Visual Studio Version 17
VisualStudioVersion = 17.0.32014.148
MinimumVisualStudioVersion = 10.0.40219.1
Project("{FAE04EC0-301F-11D3-BF4B-00C04F79EFBC}") = "FindMedianFromDataStream", "FindMedianFromDataStream\FindMedianFromDataStream.csproj", "{3FCEBBF4-BA3F-4F01-882E-5A6A7FC44193}"
EndProject
Global
	GlobalSection(SolutionConfigurationPlatforms) = preSolution
		Debug|Any CPU = Debug|Any CPU
		Release|Any CPU = Release|Any CPU
	EndGlobalSection
	GlobalSection(ProjectConfigurationPlatforms) = postSolution
		{3FCEBBF4-BA3F-4F01-882E-5A6A7FC44193}.Debug|Any CPU.ActiveCfg = Debug|Any CPU
		{3FCEBBF4-BA3F-4F01-882E-5A6A7FC44193}.Debug|Any CPU.Build.0 = Debug|Any CPU
		{3FCEBBF4-BA3F-4F01-882E-5A6A7FC44193}.Release|Any CPU.ActiveCfg = Release|Any CPU
		{3FCEBBF4-BA3F-4F01-882E-5A6A7FC44193}.Release|Any CPU.Build.0 = Release|Any CPU
	EndGlobalSection
	GlobalSection(SolutionProperties) = preSolution
		HideSolutionNode = FALSE
	EndGlobalSection
	GlobalSection(ExtensibilityGlobals) = postSolution
		SolutionGuid = {B5FBDAA5-7884-4FEF-9833-A6EE8AE58D9D}
	EndGlobalSection
EndGlobal
