
Microsoft Visual Studio Solution File, Format Version 12.00
# Visual Studio Version 17
VisualStudioVersion = 17.3.32825.248
MinimumVisualStudioVersion = 10.0.40219.1
Project("{FAE04EC0-301F-11D3-BF4B-00C04F79EFBC}") = "SeparateTheDigitsInAnArray", "SeparateTheDigitsInAnArray\SeparateTheDigitsInAnArray.csproj", "{061509B2-5CAF-4CF3-99D2-C872C83343E3}"
EndProject
Global
	GlobalSection(SolutionConfigurationPlatforms) = preSolution
		Debug|Any CPU = Debug|Any CPU
		Release|Any CPU = Release|Any CPU
	EndGlobalSection
	GlobalSection(ProjectConfigurationPlatforms) = postSolution
		{061509B2-5CAF-4CF3-99D2-C872C83343E3}.Debug|Any CPU.ActiveCfg = Debug|Any CPU
		{061509B2-5CAF-4CF3-99D2-C872C83343E3}.Debug|Any CPU.Build.0 = Debug|Any CPU
		{061509B2-5CAF-4CF3-99D2-C872C83343E3}.Release|Any CPU.ActiveCfg = Release|Any CPU
		{061509B2-5CAF-4CF3-99D2-C872C83343E3}.Release|Any CPU.Build.0 = Release|Any CPU
	EndGlobalSection
	GlobalSection(SolutionProperties) = preSolution
		HideSolutionNode = FALSE
	EndGlobalSection
	GlobalSection(ExtensibilityGlobals) = postSolution
		SolutionGuid = {5B5CF408-EB14-4D54-94C6-7FE7037CF0A4}
	EndGlobalSection
EndGlobal
