
Microsoft Visual Studio Solution File, Format Version 12.00
# Visual Studio Version 16
VisualStudioVersion = 16.0.30104.148
MinimumVisualStudioVersion = 10.0.40219.1
Project("{FAE04EC0-301F-11D3-BF4B-00C04F79EFBC}") = "CheckIfAWordOccursAsAPrefix", "CheckIfAWordOccursAsAPrefix\CheckIfAWordOccursAsAPrefix.csproj", "{FEF85B51-D4BF-4B99-801A-AF19F00C88E1}"
EndProject
Global
	GlobalSection(SolutionConfigurationPlatforms) = preSolution
		Debug|Any CPU = Debug|Any CPU
		Release|Any CPU = Release|Any CPU
	EndGlobalSection
	GlobalSection(ProjectConfigurationPlatforms) = postSolution
		{FEF85B51-D4BF-4B99-801A-AF19F00C88E1}.Debug|Any CPU.ActiveCfg = Debug|Any CPU
		{FEF85B51-D4BF-4B99-801A-AF19F00C88E1}.Debug|Any CPU.Build.0 = Debug|Any CPU
		{FEF85B51-D4BF-4B99-801A-AF19F00C88E1}.Release|Any CPU.ActiveCfg = Release|Any CPU
		{FEF85B51-D4BF-4B99-801A-AF19F00C88E1}.Release|Any CPU.Build.0 = Release|Any CPU
	EndGlobalSection
	GlobalSection(SolutionProperties) = preSolution
		HideSolutionNode = FALSE
	EndGlobalSection
	GlobalSection(ExtensibilityGlobals) = postSolution
		SolutionGuid = {F734F51E-D14A-4815-8A01-512E9179C6DE}
	EndGlobalSection
EndGlobal
