
Microsoft Visual Studio Solution File, Format Version 12.00
# Visual Studio Version 16
VisualStudioVersion = 16.0.29020.237
MinimumVisualStudioVersion = 10.0.40219.1
Project("{FAE04EC0-301F-11D3-BF4B-00C04F79EFBC}") = "MaximumDepthOfBinaryTree", "MaximumDepthOfBinaryTree\MaximumDepthOfBinaryTree.csproj", "{0D61E118-5435-43B4-B40E-BB9793E68DBB}"
EndProject
Global
	GlobalSection(SolutionConfigurationPlatforms) = preSolution
		Debug|Any CPU = Debug|Any CPU
		Release|Any CPU = Release|Any CPU
	EndGlobalSection
	GlobalSection(ProjectConfigurationPlatforms) = postSolution
		{0D61E118-5435-43B4-B40E-BB9793E68DBB}.Debug|Any CPU.ActiveCfg = Debug|Any CPU
		{0D61E118-5435-43B4-B40E-BB9793E68DBB}.Debug|Any CPU.Build.0 = Debug|Any CPU
		{0D61E118-5435-43B4-B40E-BB9793E68DBB}.Release|Any CPU.ActiveCfg = Release|Any CPU
		{0D61E118-5435-43B4-B40E-BB9793E68DBB}.Release|Any CPU.Build.0 = Release|Any CPU
	EndGlobalSection
	GlobalSection(SolutionProperties) = preSolution
		HideSolutionNode = FALSE
	EndGlobalSection
	GlobalSection(ExtensibilityGlobals) = postSolution
		SolutionGuid = {711D69E3-0D80-49A8-B188-A08F0ADF36AC}
	EndGlobalSection
EndGlobal
