
Microsoft Visual Studio Solution File, Format Version 12.00
# Visual Studio Version 17
VisualStudioVersion = 17.5.33627.172
MinimumVisualStudioVersion = 10.0.40219.1
Project("{FAE04EC0-301F-11D3-BF4B-00C04F79EFBC}") = "MaximumScoreOfASplit", "MaximumScoreOfASplit\MaximumScoreOfASplit.csproj", "{15889521-05A6-4249-9CB4-D994A1E4DB29}"
EndProject
Global
	GlobalSection(SolutionConfigurationPlatforms) = preSolution
		Debug|Any CPU = Debug|Any CPU
		Release|Any CPU = Release|Any CPU
	EndGlobalSection
	GlobalSection(ProjectConfigurationPlatforms) = postSolution
		{15889521-05A6-4249-9CB4-D994A1E4DB29}.Debug|Any CPU.ActiveCfg = Debug|Any CPU
		{15889521-05A6-4249-9CB4-D994A1E4DB29}.Debug|Any CPU.Build.0 = Debug|Any CPU
		{15889521-05A6-4249-9CB4-D994A1E4DB29}.Release|Any CPU.ActiveCfg = Release|Any CPU
		{15889521-05A6-4249-9CB4-D994A1E4DB29}.Release|Any CPU.Build.0 = Release|Any CPU
	EndGlobalSection
	GlobalSection(SolutionProperties) = preSolution
		HideSolutionNode = FALSE
	EndGlobalSection
	GlobalSection(ExtensibilityGlobals) = postSolution
		SolutionGuid = {0420EED5-2845-4CA9-9D65-B92D1D7D3C73}
	EndGlobalSection
EndGlobal
