
Microsoft Visual Studio Solution File, Format Version 12.00
# Visual Studio Version 17
VisualStudioVersion = 17.0.32014.148
MinimumVisualStudioVersion = 10.0.40219.1
Project("{FAE04EC0-301F-11D3-BF4B-00C04F79EFBC}") = "NumberOfDiceRollsWithTargetSum", "NumberOfDiceRollsWithTargetSum\NumberOfDiceRollsWithTargetSum.csproj", "{33F385AF-64D4-42B8-AD4A-3DDF197A99B4}"
EndProject
Global
	GlobalSection(SolutionConfigurationPlatforms) = preSolution
		Debug|Any CPU = Debug|Any CPU
		Release|Any CPU = Release|Any CPU
	EndGlobalSection
	GlobalSection(ProjectConfigurationPlatforms) = postSolution
		{33F385AF-64D4-42B8-AD4A-3DDF197A99B4}.Debug|Any CPU.ActiveCfg = Debug|Any CPU
		{33F385AF-64D4-42B8-AD4A-3DDF197A99B4}.Debug|Any CPU.Build.0 = Debug|Any CPU
		{33F385AF-64D4-42B8-AD4A-3DDF197A99B4}.Release|Any CPU.ActiveCfg = Release|Any CPU
		{33F385AF-64D4-42B8-AD4A-3DDF197A99B4}.Release|Any CPU.Build.0 = Release|Any CPU
	EndGlobalSection
	GlobalSection(SolutionProperties) = preSolution
		HideSolutionNode = FALSE
	EndGlobalSection
	GlobalSection(ExtensibilityGlobals) = postSolution
		SolutionGuid = {63B5626E-4709-4B43-9294-0B8DE44D3584}
	EndGlobalSection
EndGlobal
