
Microsoft Visual Studio Solution File, Format Version 12.00
# Visual Studio Version 16
VisualStudioVersion = 16.0.29613.14
MinimumVisualStudioVersion = 10.0.40219.1
Project("{FAE04EC0-301F-11D3-BF4B-00C04F79EFBC}") = "NextGreaterElementIII", "NextGreaterElementIII\NextGreaterElementIII.csproj", "{27848727-2CCC-4139-83B4-5375C5A1FC5E}"
EndProject
Global
	GlobalSection(SolutionConfigurationPlatforms) = preSolution
		Debug|Any CPU = Debug|Any CPU
		Release|Any CPU = Release|Any CPU
	EndGlobalSection
	GlobalSection(ProjectConfigurationPlatforms) = postSolution
		{27848727-2CCC-4139-83B4-5375C5A1FC5E}.Debug|Any CPU.ActiveCfg = Debug|Any CPU
		{27848727-2CCC-4139-83B4-5375C5A1FC5E}.Debug|Any CPU.Build.0 = Debug|Any CPU
		{27848727-2CCC-4139-83B4-5375C5A1FC5E}.Release|Any CPU.ActiveCfg = Release|Any CPU
		{27848727-2CCC-4139-83B4-5375C5A1FC5E}.Release|Any CPU.Build.0 = Release|Any CPU
	EndGlobalSection
	GlobalSection(SolutionProperties) = preSolution
		HideSolutionNode = FALSE
	EndGlobalSection
	GlobalSection(ExtensibilityGlobals) = postSolution
		SolutionGuid = {A63F881C-C8D1-4B5E-B329-A27B939DCBD9}
	EndGlobalSection
EndGlobal
