
Microsoft Visual Studio Solution File, Format Version 12.00
# Visual Studio Version 16
VisualStudioVersion = 16.0.30804.86
MinimumVisualStudioVersion = 10.0.40219.1
Project("{FAE04EC0-301F-11D3-BF4B-00C04F79EFBC}") = "MaximumNumberOfEatenApples", "MaximumNumberOfEatenApples\MaximumNumberOfEatenApples.csproj", "{601DFE78-4E9E-4FA3-885D-AFF84C0D4415}"
EndProject
Global
	GlobalSection(SolutionConfigurationPlatforms) = preSolution
		Debug|Any CPU = Debug|Any CPU
		Release|Any CPU = Release|Any CPU
	EndGlobalSection
	GlobalSection(ProjectConfigurationPlatforms) = postSolution
		{601DFE78-4E9E-4FA3-885D-AFF84C0D4415}.Debug|Any CPU.ActiveCfg = Debug|Any CPU
		{601DFE78-4E9E-4FA3-885D-AFF84C0D4415}.Debug|Any CPU.Build.0 = Debug|Any CPU
		{601DFE78-4E9E-4FA3-885D-AFF84C0D4415}.Release|Any CPU.ActiveCfg = Release|Any CPU
		{601DFE78-4E9E-4FA3-885D-AFF84C0D4415}.Release|Any CPU.Build.0 = Release|Any CPU
	EndGlobalSection
	GlobalSection(SolutionProperties) = preSolution
		HideSolutionNode = FALSE
	EndGlobalSection
	GlobalSection(ExtensibilityGlobals) = postSolution
		SolutionGuid = {2100B9E0-8A61-441A-8F55-607298CF9385}
	EndGlobalSection
EndGlobal
