
Microsoft Visual Studio Solution File, Format Version 12.00
# Visual Studio Version 16
VisualStudioVersion = 16.0.29613.14
MinimumVisualStudioVersion = 10.0.40219.1
Project("{FAE04EC0-301F-11D3-BF4B-00C04F79EFBC}") = "DesignHashMap", "DesignHashMap\DesignHashMap.csproj", "{F3139DCD-682A-46E3-855F-37E691DE811B}"
EndProject
Global
	GlobalSection(SolutionConfigurationPlatforms) = preSolution
		Debug|Any CPU = Debug|Any CPU
		Release|Any CPU = Release|Any CPU
	EndGlobalSection
	GlobalSection(ProjectConfigurationPlatforms) = postSolution
		{F3139DCD-682A-46E3-855F-37E691DE811B}.Debug|Any CPU.ActiveCfg = Debug|Any CPU
		{F3139DCD-682A-46E3-855F-37E691DE811B}.Debug|Any CPU.Build.0 = Debug|Any CPU
		{F3139DCD-682A-46E3-855F-37E691DE811B}.Release|Any CPU.ActiveCfg = Release|Any CPU
		{F3139DCD-682A-46E3-855F-37E691DE811B}.Release|Any CPU.Build.0 = Release|Any CPU
	EndGlobalSection
	GlobalSection(SolutionProperties) = preSolution
		HideSolutionNode = FALSE
	EndGlobalSection
	GlobalSection(ExtensibilityGlobals) = postSolution
		SolutionGuid = {638E2E77-3816-49DF-8FB7-2875D732BC3B}
	EndGlobalSection
EndGlobal
