
Microsoft Visual Studio Solution File, Format Version 12.00
# Visual Studio Version 17
VisualStudioVersion = 17.0.32014.148
MinimumVisualStudioVersion = 10.0.40219.1
Project("{FAE04EC0-301F-11D3-BF4B-00C04F79EFBC}") = "4KeysKeyboard", "4KeysKeyboard\4KeysKeyboard.csproj", "{07C89F5A-56E9-423F-B007-E802C103DACB}"
EndProject
Global
	GlobalSection(SolutionConfigurationPlatforms) = preSolution
		Debug|Any CPU = Debug|Any CPU
		Release|Any CPU = Release|Any CPU
	EndGlobalSection
	GlobalSection(ProjectConfigurationPlatforms) = postSolution
		{07C89F5A-56E9-423F-B007-E802C103DACB}.Debug|Any CPU.ActiveCfg = Debug|Any CPU
		{07C89F5A-56E9-423F-B007-E802C103DACB}.Debug|Any CPU.Build.0 = Debug|Any CPU
		{07C89F5A-56E9-423F-B007-E802C103DACB}.Release|Any CPU.ActiveCfg = Release|Any CPU
		{07C89F5A-56E9-423F-B007-E802C103DACB}.Release|Any CPU.Build.0 = Release|Any CPU
	EndGlobalSection
	GlobalSection(SolutionProperties) = preSolution
		HideSolutionNode = FALSE
	EndGlobalSection
	GlobalSection(ExtensibilityGlobals) = postSolution
		SolutionGuid = {5B47A435-5E84-4DDF-AD63-82F7B3111D7C}
	EndGlobalSection
EndGlobal
