
Microsoft Visual Studio Solution File, Format Version 12.00
# Visual Studio Version 16
VisualStudioVersion = 16.0.29020.237
MinimumVisualStudioVersion = 10.0.40219.1
Project("{FAE04EC0-301F-11D3-BF4B-00C04F79EFBC}") = "ReplaceWords", "ReplaceWords\ReplaceWords.csproj", "{9AC957FE-CD43-4B6B-BE80-C8E6811F618B}"
EndProject
Global
	GlobalSection(SolutionConfigurationPlatforms) = preSolution
		Debug|Any CPU = Debug|Any CPU
		Release|Any CPU = Release|Any CPU
	EndGlobalSection
	GlobalSection(ProjectConfigurationPlatforms) = postSolution
		{9AC957FE-CD43-4B6B-BE80-C8E6811F618B}.Debug|Any CPU.ActiveCfg = Debug|Any CPU
		{9AC957FE-CD43-4B6B-BE80-C8E6811F618B}.Debug|Any CPU.Build.0 = Debug|Any CPU
		{9AC957FE-CD43-4B6B-BE80-C8E6811F618B}.Release|Any CPU.ActiveCfg = Release|Any CPU
		{9AC957FE-CD43-4B6B-BE80-C8E6811F618B}.Release|Any CPU.Build.0 = Release|Any CPU
	EndGlobalSection
	GlobalSection(SolutionProperties) = preSolution
		HideSolutionNode = FALSE
	EndGlobalSection
	GlobalSection(ExtensibilityGlobals) = postSolution
		SolutionGuid = {404301D4-9A37-47F4-A76C-6B6B7AE52B70}
	EndGlobalSection
EndGlobal
