
Microsoft Visual Studio Solution File, Format Version 12.00
# Visual Studio Version 17
VisualStudioVersion = 17.3.32825.248
MinimumVisualStudioVersion = 10.0.40219.1
Project("{FAE04EC0-301F-11D3-BF4B-00C04F79EFBC}") = "RemoveLetterToEqualizeFrequency", "RemoveLetterToEqualizeFrequency\RemoveLetterToEqualizeFrequency.csproj", "{BA7FD42C-1F91-401A-B9B9-AD617A98B25A}"
EndProject
Global
	GlobalSection(SolutionConfigurationPlatforms) = preSolution
		Debug|Any CPU = Debug|Any CPU
		Release|Any CPU = Release|Any CPU
	EndGlobalSection
	GlobalSection(ProjectConfigurationPlatforms) = postSolution
		{BA7FD42C-1F91-401A-B9B9-AD617A98B25A}.Debug|Any CPU.ActiveCfg = Debug|Any CPU
		{BA7FD42C-1F91-401A-B9B9-AD617A98B25A}.Debug|Any CPU.Build.0 = Debug|Any CPU
		{BA7FD42C-1F91-401A-B9B9-AD617A98B25A}.Release|Any CPU.ActiveCfg = Release|Any CPU
		{BA7FD42C-1F91-401A-B9B9-AD617A98B25A}.Release|Any CPU.Build.0 = Release|Any CPU
	EndGlobalSection
	GlobalSection(SolutionProperties) = preSolution
		HideSolutionNode = FALSE
	EndGlobalSection
	GlobalSection(ExtensibilityGlobals) = postSolution
		SolutionGuid = {6904FC7A-8D18-4B27-9A03-2FDD822C589F}
	EndGlobalSection
EndGlobal
