
Microsoft Visual Studio Solution File, Format Version 12.00
# Visual Studio Version 17
VisualStudioVersion = 17.5.33627.172
MinimumVisualStudioVersion = 10.0.40219.1
Project("{FAE04EC0-301F-11D3-BF4B-00C04F79EFBC}") = "MaximumScoreAfterBinarySwaps", "MaximumScoreAfterBinarySwaps\MaximumScoreAfterBinarySwaps.csproj", "{3FE95504-B845-44A7-857F-B04E8B0691C5}"
EndProject
Global
	GlobalSection(SolutionConfigurationPlatforms) = preSolution
		Debug|Any CPU = Debug|Any CPU
		Release|Any CPU = Release|Any CPU
	EndGlobalSection
	GlobalSection(ProjectConfigurationPlatforms) = postSolution
		{3FE95504-B845-44A7-857F-B04E8B0691C5}.Debug|Any CPU.ActiveCfg = Debug|Any CPU
		{3FE95504-B845-44A7-857F-B04E8B0691C5}.Debug|Any CPU.Build.0 = Debug|Any CPU
		{3FE95504-B845-44A7-857F-B04E8B0691C5}.Release|Any CPU.ActiveCfg = Release|Any CPU
		{3FE95504-B845-44A7-857F-B04E8B0691C5}.Release|Any CPU.Build.0 = Release|Any CPU
	EndGlobalSection
	GlobalSection(SolutionProperties) = preSolution
		HideSolutionNode = FALSE
	EndGlobalSection
	GlobalSection(ExtensibilityGlobals) = postSolution
		SolutionGuid = {77200971-43CB-4A03-AA98-01FD5524917F}
	EndGlobalSection
EndGlobal
