
Microsoft Visual Studio Solution File, Format Version 12.00
# Visual Studio Version 16
VisualStudioVersion = 16.0.30907.101
MinimumVisualStudioVersion = 10.0.40219.1
Project("{FAE04EC0-301F-11D3-BF4B-00C04F79EFBC}") = "CombinationSumIV", "CombinationSumIV\CombinationSumIV.csproj", "{02E51F30-3A01-4137-9971-0871954ECFB4}"
EndProject
Global
	GlobalSection(SolutionConfigurationPlatforms) = preSolution
		Debug|Any CPU = Debug|Any CPU
		Release|Any CPU = Release|Any CPU
	EndGlobalSection
	GlobalSection(ProjectConfigurationPlatforms) = postSolution
		{02E51F30-3A01-4137-9971-0871954ECFB4}.Debug|Any CPU.ActiveCfg = Debug|Any CPU
		{02E51F30-3A01-4137-9971-0871954ECFB4}.Debug|Any CPU.Build.0 = Debug|Any CPU
		{02E51F30-3A01-4137-9971-0871954ECFB4}.Release|Any CPU.ActiveCfg = Release|Any CPU
		{02E51F30-3A01-4137-9971-0871954ECFB4}.Release|Any CPU.Build.0 = Release|Any CPU
	EndGlobalSection
	GlobalSection(SolutionProperties) = preSolution
		HideSolutionNode = FALSE
	EndGlobalSection
	GlobalSection(ExtensibilityGlobals) = postSolution
		SolutionGuid = {8C811EBC-FD2A-40F5-B0B6-148B5E9060A3}
	EndGlobalSection
EndGlobal
