
Microsoft Visual Studio Solution File, Format Version 12.00
# Visual Studio Version 17
VisualStudioVersion = 17.0.31903.59
MinimumVisualStudioVersion = 10.0.40219.1
Project("{FAE04EC0-301F-11D3-BF4B-00C04F79EFBC}") = "NumberOfSmoothDescentPeriodsOfAStock", "NumberOfSmoothDescentPeriodsOfAStock\NumberOfSmoothDescentPeriodsOfAStock.csproj", "{9B3985AE-5D6D-479A-8F17-B5ADF3291786}"
EndProject
Global
	GlobalSection(SolutionConfigurationPlatforms) = preSolution
		Debug|Any CPU = Debug|Any CPU
		Release|Any CPU = Release|Any CPU
	EndGlobalSection
	GlobalSection(ProjectConfigurationPlatforms) = postSolution
		{9B3985AE-5D6D-479A-8F17-B5ADF3291786}.Debug|Any CPU.ActiveCfg = Debug|Any CPU
		{9B3985AE-5D6D-479A-8F17-B5ADF3291786}.Debug|Any CPU.Build.0 = Debug|Any CPU
		{9B3985AE-5D6D-479A-8F17-B5ADF3291786}.Release|Any CPU.ActiveCfg = Release|Any CPU
		{9B3985AE-5D6D-479A-8F17-B5ADF3291786}.Release|Any CPU.Build.0 = Release|Any CPU
	EndGlobalSection
	GlobalSection(SolutionProperties) = preSolution
		HideSolutionNode = FALSE
	EndGlobalSection
	GlobalSection(ExtensibilityGlobals) = postSolution
		SolutionGuid = {67146C86-48CA-4094-ADD9-894EC26CBCBE}
	EndGlobalSection
EndGlobal
