
Microsoft Visual Studio Solution File, Format Version 12.00
# Visual Studio Version 16
VisualStudioVersion = 16.0.29613.14
MinimumVisualStudioVersion = 10.0.40219.1
Project("{FAE04EC0-301F-11D3-BF4B-00C04F79EFBC}") = "MergeTwoBinaryTrees", "MergeTwoBinaryTrees\MergeTwoBinaryTrees.csproj", "{88503054-DCCA-45F3-9E9C-30F8F40BAA7E}"
EndProject
Global
	GlobalSection(SolutionConfigurationPlatforms) = preSolution
		Debug|Any CPU = Debug|Any CPU
		Release|Any CPU = Release|Any CPU
	EndGlobalSection
	GlobalSection(ProjectConfigurationPlatforms) = postSolution
		{88503054-DCCA-45F3-9E9C-30F8F40BAA7E}.Debug|Any CPU.ActiveCfg = Debug|Any CPU
		{88503054-DCCA-45F3-9E9C-30F8F40BAA7E}.Debug|Any CPU.Build.0 = Debug|Any CPU
		{88503054-DCCA-45F3-9E9C-30F8F40BAA7E}.Release|Any CPU.ActiveCfg = Release|Any CPU
		{88503054-DCCA-45F3-9E9C-30F8F40BAA7E}.Release|Any CPU.Build.0 = Release|Any CPU
	EndGlobalSection
	GlobalSection(SolutionProperties) = preSolution
		HideSolutionNode = FALSE
	EndGlobalSection
	GlobalSection(ExtensibilityGlobals) = postSolution
		SolutionGuid = {41D3DB4F-1B65-4346-8D6F-2978B3E75D07}
	EndGlobalSection
EndGlobal
