
Microsoft Visual Studio Solution File, Format Version 12.00
# Visual Studio Version 16
VisualStudioVersion = 16.0.30104.148
MinimumVisualStudioVersion = 10.0.40219.1
Project("{FAE04EC0-301F-11D3-BF4B-00C04F79EFBC}") = "KthLargestElementinAStream", "KthLargestElementinAStream\KthLargestElementinAStream.csproj", "{6CF3F6A4-20FC-4303-8797-D1291371F577}"
EndProject
Global
	GlobalSection(SolutionConfigurationPlatforms) = preSolution
		Debug|Any CPU = Debug|Any CPU
		Release|Any CPU = Release|Any CPU
	EndGlobalSection
	GlobalSection(ProjectConfigurationPlatforms) = postSolution
		{6CF3F6A4-20FC-4303-8797-D1291371F577}.Debug|Any CPU.ActiveCfg = Debug|Any CPU
		{6CF3F6A4-20FC-4303-8797-D1291371F577}.Debug|Any CPU.Build.0 = Debug|Any CPU
		{6CF3F6A4-20FC-4303-8797-D1291371F577}.Release|Any CPU.ActiveCfg = Release|Any CPU
		{6CF3F6A4-20FC-4303-8797-D1291371F577}.Release|Any CPU.Build.0 = Release|Any CPU
	EndGlobalSection
	GlobalSection(SolutionProperties) = preSolution
		HideSolutionNode = FALSE
	EndGlobalSection
	GlobalSection(ExtensibilityGlobals) = postSolution
		SolutionGuid = {89501079-ADB5-4776-B318-7EDCCCA28174}
	EndGlobalSection
EndGlobal
