
Microsoft Visual Studio Solution File, Format Version 12.00
# Visual Studio Version 16
VisualStudioVersion = 16.0.30804.86
MinimumVisualStudioVersion = 10.0.40219.1
Project("{FAE04EC0-301F-11D3-BF4B-00C04F79EFBC}") = "GlobalAndLocalInversions", "GlobalAndLocalInversions\GlobalAndLocalInversions.csproj", "{5DCEA499-C769-4261-9D48-9CE4F75E41FB}"
EndProject
Global
	GlobalSection(SolutionConfigurationPlatforms) = preSolution
		Debug|Any CPU = Debug|Any CPU
		Release|Any CPU = Release|Any CPU
	EndGlobalSection
	GlobalSection(ProjectConfigurationPlatforms) = postSolution
		{5DCEA499-C769-4261-9D48-9CE4F75E41FB}.Debug|Any CPU.ActiveCfg = Debug|Any CPU
		{5DCEA499-C769-4261-9D48-9CE4F75E41FB}.Debug|Any CPU.Build.0 = Debug|Any CPU
		{5DCEA499-C769-4261-9D48-9CE4F75E41FB}.Release|Any CPU.ActiveCfg = Release|Any CPU
		{5DCEA499-C769-4261-9D48-9CE4F75E41FB}.Release|Any CPU.Build.0 = Release|Any CPU
	EndGlobalSection
	GlobalSection(SolutionProperties) = preSolution
		HideSolutionNode = FALSE
	EndGlobalSection
	GlobalSection(ExtensibilityGlobals) = postSolution
		SolutionGuid = {6BA63A96-6D0B-4285-96AC-AA0366E5926F}
	EndGlobalSection
EndGlobal
