
Microsoft Visual Studio Solution File, Format Version 12.00
# Visual Studio Version 17
VisualStudioVersion = 17.5.33627.172
MinimumVisualStudioVersion = 10.0.40219.1
Project("{FAE04EC0-301F-11D3-BF4B-00C04F79EFBC}") = "MinimumDeletions", "MinimumDeletions\MinimumDeletions.csproj", "{2CFF5B2D-3C13-423A-A98C-818DD4137352}"
EndProject
Global
	GlobalSection(SolutionConfigurationPlatforms) = preSolution
		Debug|Any CPU = Debug|Any CPU
		Release|Any CPU = Release|Any CPU
	EndGlobalSection
	GlobalSection(ProjectConfigurationPlatforms) = postSolution
		{2CFF5B2D-3C13-423A-A98C-818DD4137352}.Debug|Any CPU.ActiveCfg = Debug|Any CPU
		{2CFF5B2D-3C13-423A-A98C-818DD4137352}.Debug|Any CPU.Build.0 = Debug|Any CPU
		{2CFF5B2D-3C13-423A-A98C-818DD4137352}.Release|Any CPU.ActiveCfg = Release|Any CPU
		{2CFF5B2D-3C13-423A-A98C-818DD4137352}.Release|Any CPU.Build.0 = Release|Any CPU
	EndGlobalSection
	GlobalSection(SolutionProperties) = preSolution
		HideSolutionNode = FALSE
	EndGlobalSection
	GlobalSection(ExtensibilityGlobals) = postSolution
		SolutionGuid = {E0CC0660-776F-49D5-A688-88C4ACC07828}
	EndGlobalSection
EndGlobal
