
Microsoft Visual Studio Solution File, Format Version 12.00
# Visual Studio Version 16
VisualStudioVersion = 16.0.29613.14
MinimumVisualStudioVersion = 10.0.40219.1
Project("{FAE04EC0-301F-11D3-BF4B-00C04F79EFBC}") = "LongestPalindromicSubsequence", "LongestPalindromicSubsequence\LongestPalindromicSubsequence.csproj", "{514EDA81-E437-4F5E-8B35-3D16428CC5E0}"
EndProject
Global
	GlobalSection(SolutionConfigurationPlatforms) = preSolution
		Debug|Any CPU = Debug|Any CPU
		Release|Any CPU = Release|Any CPU
	EndGlobalSection
	GlobalSection(ProjectConfigurationPlatforms) = postSolution
		{514EDA81-E437-4F5E-8B35-3D16428CC5E0}.Debug|Any CPU.ActiveCfg = Debug|Any CPU
		{514EDA81-E437-4F5E-8B35-3D16428CC5E0}.Debug|Any CPU.Build.0 = Debug|Any CPU
		{514EDA81-E437-4F5E-8B35-3D16428CC5E0}.Release|Any CPU.ActiveCfg = Release|Any CPU
		{514EDA81-E437-4F5E-8B35-3D16428CC5E0}.Release|Any CPU.Build.0 = Release|Any CPU
	EndGlobalSection
	GlobalSection(SolutionProperties) = preSolution
		HideSolutionNode = FALSE
	EndGlobalSection
	GlobalSection(ExtensibilityGlobals) = postSolution
		SolutionGuid = {A996ED29-762A-4C8E-B91C-E24995F3E6C3}
	EndGlobalSection
EndGlobal
