
Microsoft Visual Studio Solution File, Format Version 12.00
# Visual Studio Version 16
VisualStudioVersion = 16.0.29613.14
MinimumVisualStudioVersion = 10.0.40219.1
Project("{FAE04EC0-301F-11D3-BF4B-00C04F79EFBC}") = "CheckIfAStringCanBreakAnotherString", "CheckIfAStringCanBreakAnotherString\CheckIfAStringCanBreakAnotherString.csproj", "{C7BF9F35-4354-439F-AE38-197E710CD998}"
EndProject
Global
	GlobalSection(SolutionConfigurationPlatforms) = preSolution
		Debug|Any CPU = Debug|Any CPU
		Release|Any CPU = Release|Any CPU
	EndGlobalSection
	GlobalSection(ProjectConfigurationPlatforms) = postSolution
		{C7BF9F35-4354-439F-AE38-197E710CD998}.Debug|Any CPU.ActiveCfg = Debug|Any CPU
		{C7BF9F35-4354-439F-AE38-197E710CD998}.Debug|Any CPU.Build.0 = Debug|Any CPU
		{C7BF9F35-4354-439F-AE38-197E710CD998}.Release|Any CPU.ActiveCfg = Release|Any CPU
		{C7BF9F35-4354-439F-AE38-197E710CD998}.Release|Any CPU.Build.0 = Release|Any CPU
	EndGlobalSection
	GlobalSection(SolutionProperties) = preSolution
		HideSolutionNode = FALSE
	EndGlobalSection
	GlobalSection(ExtensibilityGlobals) = postSolution
		SolutionGuid = {DF73701E-2B37-43C2-9E30-90F0CD826C4D}
	EndGlobalSection
EndGlobal
