
Microsoft Visual Studio Solution File, Format Version 12.00
# Visual Studio Version 16
VisualStudioVersion = 16.0.31402.337
MinimumVisualStudioVersion = 10.0.40219.1
Project("{FAE04EC0-301F-11D3-BF4B-00C04F79EFBC}") = "FindTheMinimumAndMaximum", "FindTheMinimumAndMaximum\FindTheMinimumAndMaximum.csproj", "{F05A769C-0275-409F-980B-10149E94D8D1}"
EndProject
Global
	GlobalSection(SolutionConfigurationPlatforms) = preSolution
		Debug|Any CPU = Debug|Any CPU
		Release|Any CPU = Release|Any CPU
	EndGlobalSection
	GlobalSection(ProjectConfigurationPlatforms) = postSolution
		{F05A769C-0275-409F-980B-10149E94D8D1}.Debug|Any CPU.ActiveCfg = Debug|Any CPU
		{F05A769C-0275-409F-980B-10149E94D8D1}.Debug|Any CPU.Build.0 = Debug|Any CPU
		{F05A769C-0275-409F-980B-10149E94D8D1}.Release|Any CPU.ActiveCfg = Release|Any CPU
		{F05A769C-0275-409F-980B-10149E94D8D1}.Release|Any CPU.Build.0 = Release|Any CPU
	EndGlobalSection
	GlobalSection(SolutionProperties) = preSolution
		HideSolutionNode = FALSE
	EndGlobalSection
	GlobalSection(ExtensibilityGlobals) = postSolution
		SolutionGuid = {8A30569E-E5F1-453C-80EF-56FE4DDDE302}
	EndGlobalSection
EndGlobal
