
Microsoft Visual Studio Solution File, Format Version 12.00
# Visual Studio Version 17
VisualStudioVersion = 17.5.33627.172
MinimumVisualStudioVersion = 10.0.40219.1
Project("{FAE04EC0-301F-11D3-BF4B-00C04F79EFBC}") = "CountOfSubstrings", "CountOfSubstrings\CountOfSubstrings.csproj", "{EF2C9965-AB20-4EB7-B12F-5327DD65777B}"
EndProject
Global
	GlobalSection(SolutionConfigurationPlatforms) = preSolution
		Debug|Any CPU = Debug|Any CPU
		Release|Any CPU = Release|Any CPU
	EndGlobalSection
	GlobalSection(ProjectConfigurationPlatforms) = postSolution
		{EF2C9965-AB20-4EB7-B12F-5327DD65777B}.Debug|Any CPU.ActiveCfg = Debug|Any CPU
		{EF2C9965-AB20-4EB7-B12F-5327DD65777B}.Debug|Any CPU.Build.0 = Debug|Any CPU
		{EF2C9965-AB20-4EB7-B12F-5327DD65777B}.Release|Any CPU.ActiveCfg = Release|Any CPU
		{EF2C9965-AB20-4EB7-B12F-5327DD65777B}.Release|Any CPU.Build.0 = Release|Any CPU
	EndGlobalSection
	GlobalSection(SolutionProperties) = preSolution
		HideSolutionNode = FALSE
	EndGlobalSection
	GlobalSection(ExtensibilityGlobals) = postSolution
		SolutionGuid = {980A3033-3B10-4E6E-83D4-F7DD3ADA31BD}
	EndGlobalSection
EndGlobal
