
Microsoft Visual Studio Solution File, Format Version 12.00
# Visual Studio Version 16
VisualStudioVersion = 16.0.30128.74
MinimumVisualStudioVersion = 10.0.40219.1
Project("{FAE04EC0-301F-11D3-BF4B-00C04F79EFBC}") = "TheKthLexicographicalString", "TheKthLexicographicalString\TheKthLexicographicalString.csproj", "{5B253944-9292-443C-9ACF-57DBFC375F4D}"
EndProject
Global
	GlobalSection(SolutionConfigurationPlatforms) = preSolution
		Debug|Any CPU = Debug|Any CPU
		Release|Any CPU = Release|Any CPU
	EndGlobalSection
	GlobalSection(ProjectConfigurationPlatforms) = postSolution
		{5B253944-9292-443C-9ACF-57DBFC375F4D}.Debug|Any CPU.ActiveCfg = Debug|Any CPU
		{5B253944-9292-443C-9ACF-57DBFC375F4D}.Debug|Any CPU.Build.0 = Debug|Any CPU
		{5B253944-9292-443C-9ACF-57DBFC375F4D}.Release|Any CPU.ActiveCfg = Release|Any CPU
		{5B253944-9292-443C-9ACF-57DBFC375F4D}.Release|Any CPU.Build.0 = Release|Any CPU
	EndGlobalSection
	GlobalSection(SolutionProperties) = preSolution
		HideSolutionNode = FALSE
	EndGlobalSection
	GlobalSection(ExtensibilityGlobals) = postSolution
		SolutionGuid = {0376DCA7-1BA6-4209-BDA0-D960BE9A75A9}
	EndGlobalSection
EndGlobal
