
Microsoft Visual Studio Solution File, Format Version 12.00
# Visual Studio Version 16
VisualStudioVersion = 16.0.30128.74
MinimumVisualStudioVersion = 10.0.40219.1
Project("{FAE04EC0-301F-11D3-BF4B-00C04F79EFBC}") = "PermutationSequence", "PermutationSequence\PermutationSequence.csproj", "{35475878-A4A9-42C6-9A09-0823046BFCAC}"
EndProject
Global
	GlobalSection(SolutionConfigurationPlatforms) = preSolution
		Debug|Any CPU = Debug|Any CPU
		Release|Any CPU = Release|Any CPU
	EndGlobalSection
	GlobalSection(ProjectConfigurationPlatforms) = postSolution
		{35475878-A4A9-42C6-9A09-0823046BFCAC}.Debug|Any CPU.ActiveCfg = Debug|Any CPU
		{35475878-A4A9-42C6-9A09-0823046BFCAC}.Debug|Any CPU.Build.0 = Debug|Any CPU
		{35475878-A4A9-42C6-9A09-0823046BFCAC}.Release|Any CPU.ActiveCfg = Release|Any CPU
		{35475878-A4A9-42C6-9A09-0823046BFCAC}.Release|Any CPU.Build.0 = Release|Any CPU
	EndGlobalSection
	GlobalSection(SolutionProperties) = preSolution
		HideSolutionNode = FALSE
	EndGlobalSection
	GlobalSection(ExtensibilityGlobals) = postSolution
		SolutionGuid = {E6CE62FB-9937-4B51-AF4E-8247AEA383B1}
	EndGlobalSection
EndGlobal
