
Microsoft Visual Studio Solution File, Format Version 12.00
# Visual Studio Version 17
VisualStudioVersion = 17.5.33627.172
MinimumVisualStudioVersion = 10.0.40219.1
Project("{FAE04EC0-301F-11D3-BF4B-00C04F79EFBC}") = "TheNumberOfWaysToMakeTheSum", "TheNumberOfWaysToMakeTheSum\TheNumberOfWaysToMakeTheSum.csproj", "{147A165C-6869-4B32-869C-0F0A79C11E1B}"
EndProject
Global
	GlobalSection(SolutionConfigurationPlatforms) = preSolution
		Debug|Any CPU = Debug|Any CPU
		Release|Any CPU = Release|Any CPU
	EndGlobalSection
	GlobalSection(ProjectConfigurationPlatforms) = postSolution
		{147A165C-6869-4B32-869C-0F0A79C11E1B}.Debug|Any CPU.ActiveCfg = Debug|Any CPU
		{147A165C-6869-4B32-869C-0F0A79C11E1B}.Debug|Any CPU.Build.0 = Debug|Any CPU
		{147A165C-6869-4B32-869C-0F0A79C11E1B}.Release|Any CPU.ActiveCfg = Release|Any CPU
		{147A165C-6869-4B32-869C-0F0A79C11E1B}.Release|Any CPU.Build.0 = Release|Any CPU
	EndGlobalSection
	GlobalSection(SolutionProperties) = preSolution
		HideSolutionNode = FALSE
	EndGlobalSection
	GlobalSection(ExtensibilityGlobals) = postSolution
		SolutionGuid = {503CD158-297D-4ED5-9FCC-2CE2046F773E}
	EndGlobalSection
EndGlobal
