
Microsoft Visual Studio Solution File, Format Version 12.00
# Visual Studio Version 17
VisualStudioVersion = 17.0.32014.148
MinimumVisualStudioVersion = 10.0.40219.1
Project("{FAE04EC0-301F-11D3-BF4B-00C04F79EFBC}") = "MinimumAmountOfTimeToFillCups", "MinimumAmountOfTimeToFillCups\MinimumAmountOfTimeToFillCups.csproj", "{4154AD6B-D780-4274-92FB-48703F4FC75F}"
EndProject
Global
	GlobalSection(SolutionConfigurationPlatforms) = preSolution
		Debug|Any CPU = Debug|Any CPU
		Release|Any CPU = Release|Any CPU
	EndGlobalSection
	GlobalSection(ProjectConfigurationPlatforms) = postSolution
		{4154AD6B-D780-4274-92FB-48703F4FC75F}.Debug|Any CPU.ActiveCfg = Debug|Any CPU
		{4154AD6B-D780-4274-92FB-48703F4FC75F}.Debug|Any CPU.Build.0 = Debug|Any CPU
		{4154AD6B-D780-4274-92FB-48703F4FC75F}.Release|Any CPU.ActiveCfg = Release|Any CPU
		{4154AD6B-D780-4274-92FB-48703F4FC75F}.Release|Any CPU.Build.0 = Release|Any CPU
	EndGlobalSection
	GlobalSection(SolutionProperties) = preSolution
		HideSolutionNode = FALSE
	EndGlobalSection
	GlobalSection(ExtensibilityGlobals) = postSolution
		SolutionGuid = {45124638-4C89-4658-B9B2-452C766B25B2}
	EndGlobalSection
EndGlobal
