
Microsoft Visual Studio Solution File, Format Version 12.00
# Visual Studio Version 16
VisualStudioVersion = 16.0.29418.71
MinimumVisualStudioVersion = 10.0.40219.1
Project("{FAE04EC0-301F-11D3-BF4B-00C04F79EFBC}") = "ProjectionAreaOf3DShapes", "ProjectionAreaOf3DShapes\ProjectionAreaOf3DShapes.csproj", "{40286F03-C854-4EA2-9295-F2A83FF0461F}"
EndProject
Global
	GlobalSection(SolutionConfigurationPlatforms) = preSolution
		Debug|Any CPU = Debug|Any CPU
		Release|Any CPU = Release|Any CPU
	EndGlobalSection
	GlobalSection(ProjectConfigurationPlatforms) = postSolution
		{40286F03-C854-4EA2-9295-F2A83FF0461F}.Debug|Any CPU.ActiveCfg = Debug|Any CPU
		{40286F03-C854-4EA2-9295-F2A83FF0461F}.Debug|Any CPU.Build.0 = Debug|Any CPU
		{40286F03-C854-4EA2-9295-F2A83FF0461F}.Release|Any CPU.ActiveCfg = Release|Any CPU
		{40286F03-C854-4EA2-9295-F2A83FF0461F}.Release|Any CPU.Build.0 = Release|Any CPU
	EndGlobalSection
	GlobalSection(SolutionProperties) = preSolution
		HideSolutionNode = FALSE
	EndGlobalSection
	GlobalSection(ExtensibilityGlobals) = postSolution
		SolutionGuid = {1244E5AC-998F-4DA0-91E4-91F61E241EEA}
	EndGlobalSection
EndGlobal
