
Microsoft Visual Studio Solution File, Format Version 12.00
# Visual Studio Version 16
VisualStudioVersion = 16.0.29409.12
MinimumVisualStudioVersion = 10.0.40219.1
Project("{FAE04EC0-301F-11D3-BF4B-00C04F79EFBC}") = "BeautifulArrangementII", "BeautifulArrangementII\BeautifulArrangementII.csproj", "{65360F5F-973C-4B75-865C-009532F4340B}"
EndProject
Global
	GlobalSection(SolutionConfigurationPlatforms) = preSolution
		Debug|Any CPU = Debug|Any CPU
		Release|Any CPU = Release|Any CPU
	EndGlobalSection
	GlobalSection(ProjectConfigurationPlatforms) = postSolution
		{65360F5F-973C-4B75-865C-009532F4340B}.Debug|Any CPU.ActiveCfg = Debug|Any CPU
		{65360F5F-973C-4B75-865C-009532F4340B}.Debug|Any CPU.Build.0 = Debug|Any CPU
		{65360F5F-973C-4B75-865C-009532F4340B}.Release|Any CPU.ActiveCfg = Release|Any CPU
		{65360F5F-973C-4B75-865C-009532F4340B}.Release|Any CPU.Build.0 = Release|Any CPU
	EndGlobalSection
	GlobalSection(SolutionProperties) = preSolution
		HideSolutionNode = FALSE
	EndGlobalSection
	GlobalSection(ExtensibilityGlobals) = postSolution
		SolutionGuid = {3198C408-BBAA-4447-B6F2-F2A12FFEDA2B}
	EndGlobalSection
EndGlobal
