
Microsoft Visual Studio Solution File, Format Version 12.00
# Visual Studio Version 17
VisualStudioVersion = 17.3.32825.248
MinimumVisualStudioVersion = 10.0.40219.1
Project("{FAE04EC0-301F-11D3-BF4B-00C04F79EFBC}") = "LargestPositiveInteger", "LargestPositiveInteger\LargestPositiveInteger.csproj", "{F8DDC369-5804-4AF0-9E6F-A6CD03841585}"
EndProject
Global
	GlobalSection(SolutionConfigurationPlatforms) = preSolution
		Debug|Any CPU = Debug|Any CPU
		Release|Any CPU = Release|Any CPU
	EndGlobalSection
	GlobalSection(ProjectConfigurationPlatforms) = postSolution
		{F8DDC369-5804-4AF0-9E6F-A6CD03841585}.Debug|Any CPU.ActiveCfg = Debug|Any CPU
		{F8DDC369-5804-4AF0-9E6F-A6CD03841585}.Debug|Any CPU.Build.0 = Debug|Any CPU
		{F8DDC369-5804-4AF0-9E6F-A6CD03841585}.Release|Any CPU.ActiveCfg = Release|Any CPU
		{F8DDC369-5804-4AF0-9E6F-A6CD03841585}.Release|Any CPU.Build.0 = Release|Any CPU
	EndGlobalSection
	GlobalSection(SolutionProperties) = preSolution
		HideSolutionNode = FALSE
	EndGlobalSection
	GlobalSection(ExtensibilityGlobals) = postSolution
		SolutionGuid = {BC20241C-DD7B-49B3-B2C3-001C7FC624DF}
	EndGlobalSection
EndGlobal
