
Microsoft Visual Studio Solution File, Format Version 12.00
# Visual Studio Version 16
VisualStudioVersion = 16.0.30128.74
MinimumVisualStudioVersion = 10.0.40219.1
Project("{FAE04EC0-301F-11D3-BF4B-00C04F79EFBC}") = "EvaluateReversePolishNotation", "EvaluateReversePolishNotation\EvaluateReversePolishNotation.csproj", "{84CECEFE-2C8A-4B59-B9F6-D0FB588F454C}"
EndProject
Global
	GlobalSection(SolutionConfigurationPlatforms) = preSolution
		Debug|Any CPU = Debug|Any CPU
		Release|Any CPU = Release|Any CPU
	EndGlobalSection
	GlobalSection(ProjectConfigurationPlatforms) = postSolution
		{84CECEFE-2C8A-4B59-B9F6-D0FB588F454C}.Debug|Any CPU.ActiveCfg = Debug|Any CPU
		{84CECEFE-2C8A-4B59-B9F6-D0FB588F454C}.Debug|Any CPU.Build.0 = Debug|Any CPU
		{84CECEFE-2C8A-4B59-B9F6-D0FB588F454C}.Release|Any CPU.ActiveCfg = Release|Any CPU
		{84CECEFE-2C8A-4B59-B9F6-D0FB588F454C}.Release|Any CPU.Build.0 = Release|Any CPU
	EndGlobalSection
	GlobalSection(SolutionProperties) = preSolution
		HideSolutionNode = FALSE
	EndGlobalSection
	GlobalSection(ExtensibilityGlobals) = postSolution
		SolutionGuid = {9F781DDC-F5FB-46D9-A4D2-2669A53C8AF3}
	EndGlobalSection
EndGlobal
