
Microsoft Visual Studio Solution File, Format Version 12.00
# Visual Studio Version 17
VisualStudioVersion = 17.5.33627.172
MinimumVisualStudioVersion = 10.0.40219.1
Project("{FAE04EC0-301F-11D3-BF4B-00C04F79EFBC}") = "SmallestAllOnesMultiple", "SmallestAllOnesMultiple\SmallestAllOnesMultiple.csproj", "{649A9AAC-F9E3-4A7D-A40F-A7AD1F3D2D9F}"
EndProject
Global
	GlobalSection(SolutionConfigurationPlatforms) = preSolution
		Debug|Any CPU = Debug|Any CPU
		Release|Any CPU = Release|Any CPU
	EndGlobalSection
	GlobalSection(ProjectConfigurationPlatforms) = postSolution
		{649A9AAC-F9E3-4A7D-A40F-A7AD1F3D2D9F}.Debug|Any CPU.ActiveCfg = Debug|Any CPU
		{649A9AAC-F9E3-4A7D-A40F-A7AD1F3D2D9F}.Debug|Any CPU.Build.0 = Debug|Any CPU
		{649A9AAC-F9E3-4A7D-A40F-A7AD1F3D2D9F}.Release|Any CPU.ActiveCfg = Release|Any CPU
		{649A9AAC-F9E3-4A7D-A40F-A7AD1F3D2D9F}.Release|Any CPU.Build.0 = Release|Any CPU
	EndGlobalSection
	GlobalSection(SolutionProperties) = preSolution
		HideSolutionNode = FALSE
	EndGlobalSection
	GlobalSection(ExtensibilityGlobals) = postSolution
		SolutionGuid = {E989E3AF-50C3-4B27-AE8D-55B6CD186A2F}
	EndGlobalSection
EndGlobal
