
Microsoft Visual Studio Solution File, Format Version 12.00
# Visual Studio Version 17
VisualStudioVersion = 17.5.33627.172
MinimumVisualStudioVersion = 10.0.40219.1
Project("{FAE04EC0-301F-11D3-BF4B-00C04F79EFBC}") = "PartitionString", "PartitionString\PartitionString.csproj", "{7D2DD455-A751-4129-B92A-149E6BAF7460}"
EndProject
Global
	GlobalSection(SolutionConfigurationPlatforms) = preSolution
		Debug|Any CPU = Debug|Any CPU
		Release|Any CPU = Release|Any CPU
	EndGlobalSection
	GlobalSection(ProjectConfigurationPlatforms) = postSolution
		{7D2DD455-A751-4129-B92A-149E6BAF7460}.Debug|Any CPU.ActiveCfg = Debug|Any CPU
		{7D2DD455-A751-4129-B92A-149E6BAF7460}.Debug|Any CPU.Build.0 = Debug|Any CPU
		{7D2DD455-A751-4129-B92A-149E6BAF7460}.Release|Any CPU.ActiveCfg = Release|Any CPU
		{7D2DD455-A751-4129-B92A-149E6BAF7460}.Release|Any CPU.Build.0 = Release|Any CPU
	EndGlobalSection
	GlobalSection(SolutionProperties) = preSolution
		HideSolutionNode = FALSE
	EndGlobalSection
	GlobalSection(ExtensibilityGlobals) = postSolution
		SolutionGuid = {FFC19F14-7BE1-4165-87AE-B2372E32314B}
	EndGlobalSection
EndGlobal
