
Microsoft Visual Studio Solution File, Format Version 12.00
# Visual Studio Version 17
VisualStudioVersion = 17.3.32825.248
MinimumVisualStudioVersion = 10.0.40219.1
Project("{FAE04EC0-301F-11D3-BF4B-00C04F79EFBC}") = "CountTheNumberOfGoodSubarrays", "CountTheNumberOfGoodSubarrays\CountTheNumberOfGoodSubarrays.csproj", "{182B59DD-2438-490B-BA25-83A60913EBA3}"
EndProject
Global
	GlobalSection(SolutionConfigurationPlatforms) = preSolution
		Debug|Any CPU = Debug|Any CPU
		Release|Any CPU = Release|Any CPU
	EndGlobalSection
	GlobalSection(ProjectConfigurationPlatforms) = postSolution
		{182B59DD-2438-490B-BA25-83A60913EBA3}.Debug|Any CPU.ActiveCfg = Debug|Any CPU
		{182B59DD-2438-490B-BA25-83A60913EBA3}.Debug|Any CPU.Build.0 = Debug|Any CPU
		{182B59DD-2438-490B-BA25-83A60913EBA3}.Release|Any CPU.ActiveCfg = Release|Any CPU
		{182B59DD-2438-490B-BA25-83A60913EBA3}.Release|Any CPU.Build.0 = Release|Any CPU
	EndGlobalSection
	GlobalSection(SolutionProperties) = preSolution
		HideSolutionNode = FALSE
	EndGlobalSection
	GlobalSection(ExtensibilityGlobals) = postSolution
		SolutionGuid = {47017EC6-9B72-41B4-A51F-55E1FE57F45C}
	EndGlobalSection
EndGlobal
