
Microsoft Visual Studio Solution File, Format Version 12.00
# Visual Studio Version 17
VisualStudioVersion = 17.5.33516.290
MinimumVisualStudioVersion = 10.0.40219.1
Project("{FAE04EC0-301F-11D3-BF4B-00C04F79EFBC}") = "MakeCostsOfPathsEqualInABinaryTree", "MakeCostsOfPathsEqualInABinaryTree\MakeCostsOfPathsEqualInABinaryTree.csproj", "{A744B7CB-A5E6-4873-BE40-0F72DC95D7A0}"
EndProject
Global
	GlobalSection(SolutionConfigurationPlatforms) = preSolution
		Debug|Any CPU = Debug|Any CPU
		Release|Any CPU = Release|Any CPU
	EndGlobalSection
	GlobalSection(ProjectConfigurationPlatforms) = postSolution
		{A744B7CB-A5E6-4873-BE40-0F72DC95D7A0}.Debug|Any CPU.ActiveCfg = Debug|Any CPU
		{A744B7CB-A5E6-4873-BE40-0F72DC95D7A0}.Debug|Any CPU.Build.0 = Debug|Any CPU
		{A744B7CB-A5E6-4873-BE40-0F72DC95D7A0}.Release|Any CPU.ActiveCfg = Release|Any CPU
		{A744B7CB-A5E6-4873-BE40-0F72DC95D7A0}.Release|Any CPU.Build.0 = Release|Any CPU
	EndGlobalSection
	GlobalSection(SolutionProperties) = preSolution
		HideSolutionNode = FALSE
	EndGlobalSection
	GlobalSection(ExtensibilityGlobals) = postSolution
		SolutionGuid = {D21F74D3-81F8-4CAF-B778-5AF06685B795}
	EndGlobalSection
EndGlobal
