
Microsoft Visual Studio Solution File, Format Version 12.00
# Visual Studio Version 17
VisualStudioVersion = 17.5.33627.172
MinimumVisualStudioVersion = 10.0.40219.1
Project("{FAE04EC0-301F-11D3-BF4B-00C04F79EFBC}") = "NumberOfSubsequencesWithOddSum", "NumberOfSubsequencesWithOddSum\NumberOfSubsequencesWithOddSum.csproj", "{70BC83CF-0329-45A5-BF92-56D200EAA018}"
EndProject
Global
	GlobalSection(SolutionConfigurationPlatforms) = preSolution
		Debug|Any CPU = Debug|Any CPU
		Release|Any CPU = Release|Any CPU
	EndGlobalSection
	GlobalSection(ProjectConfigurationPlatforms) = postSolution
		{70BC83CF-0329-45A5-BF92-56D200EAA018}.Debug|Any CPU.ActiveCfg = Debug|Any CPU
		{70BC83CF-0329-45A5-BF92-56D200EAA018}.Debug|Any CPU.Build.0 = Debug|Any CPU
		{70BC83CF-0329-45A5-BF92-56D200EAA018}.Release|Any CPU.ActiveCfg = Release|Any CPU
		{70BC83CF-0329-45A5-BF92-56D200EAA018}.Release|Any CPU.Build.0 = Release|Any CPU
	EndGlobalSection
	GlobalSection(SolutionProperties) = preSolution
		HideSolutionNode = FALSE
	EndGlobalSection
	GlobalSection(ExtensibilityGlobals) = postSolution
		SolutionGuid = {6F6072F3-06EE-4908-A308-F95AA6B6C6E3}
	EndGlobalSection
EndGlobal
