
Microsoft Visual Studio Solution File, Format Version 12.00
# Visual Studio Version 17
VisualStudioVersion = 17.0.31903.59
MinimumVisualStudioVersion = 10.0.40219.1
Project("{FAE04EC0-301F-11D3-BF4B-00C04F79EFBC}") = "SuperPow", "SuperPow\SuperPow.csproj", "{105A6FF5-FAF6-4E2D-B58E-43F01FB2AEAD}"
EndProject
Global
	GlobalSection(SolutionConfigurationPlatforms) = preSolution
		Debug|Any CPU = Debug|Any CPU
		Release|Any CPU = Release|Any CPU
	EndGlobalSection
	GlobalSection(ProjectConfigurationPlatforms) = postSolution
		{105A6FF5-FAF6-4E2D-B58E-43F01FB2AEAD}.Debug|Any CPU.ActiveCfg = Debug|Any CPU
		{105A6FF5-FAF6-4E2D-B58E-43F01FB2AEAD}.Debug|Any CPU.Build.0 = Debug|Any CPU
		{105A6FF5-FAF6-4E2D-B58E-43F01FB2AEAD}.Release|Any CPU.ActiveCfg = Release|Any CPU
		{105A6FF5-FAF6-4E2D-B58E-43F01FB2AEAD}.Release|Any CPU.Build.0 = Release|Any CPU
	EndGlobalSection
	GlobalSection(SolutionProperties) = preSolution
		HideSolutionNode = FALSE
	EndGlobalSection
	GlobalSection(ExtensibilityGlobals) = postSolution
		SolutionGuid = {967B0DA7-5E5A-404E-9537-C9FF8A6FB17E}
	EndGlobalSection
EndGlobal
