
Microsoft Visual Studio Solution File, Format Version 12.00
# Visual Studio Version 17
VisualStudioVersion = 17.5.33627.172
MinimumVisualStudioVersion = 10.0.40219.1
Project("{FAE04EC0-301F-11D3-BF4B-00C04F79EFBC}") = "MaximumProfitableTriplets", "MaximumProfitableTriplets\MaximumProfitableTriplets.csproj", "{93A1442B-2C27-498D-80D2-2946838FF455}"
EndProject
Global
	GlobalSection(SolutionConfigurationPlatforms) = preSolution
		Debug|Any CPU = Debug|Any CPU
		Release|Any CPU = Release|Any CPU
	EndGlobalSection
	GlobalSection(ProjectConfigurationPlatforms) = postSolution
		{93A1442B-2C27-498D-80D2-2946838FF455}.Debug|Any CPU.ActiveCfg = Debug|Any CPU
		{93A1442B-2C27-498D-80D2-2946838FF455}.Debug|Any CPU.Build.0 = Debug|Any CPU
		{93A1442B-2C27-498D-80D2-2946838FF455}.Release|Any CPU.ActiveCfg = Release|Any CPU
		{93A1442B-2C27-498D-80D2-2946838FF455}.Release|Any CPU.Build.0 = Release|Any CPU
	EndGlobalSection
	GlobalSection(SolutionProperties) = preSolution
		HideSolutionNode = FALSE
	EndGlobalSection
	GlobalSection(ExtensibilityGlobals) = postSolution
		SolutionGuid = {13AB932F-CE8D-417F-A3FD-B026B17E9C07}
	EndGlobalSection
EndGlobal
