
Microsoft Visual Studio Solution File, Format Version 12.00
# Visual Studio Version 16
VisualStudioVersion = 16.0.29020.237
MinimumVisualStudioVersion = 10.0.40219.1
Project("{FAE04EC0-301F-11D3-BF4B-00C04F79EFBC}") = "PopulatingNextRightII", "PopulatingNextRightII\PopulatingNextRightII.csproj", "{71D6B455-49BF-410D-82F4-74120618913B}"
EndProject
Global
	GlobalSection(SolutionConfigurationPlatforms) = preSolution
		Debug|Any CPU = Debug|Any CPU
		Release|Any CPU = Release|Any CPU
	EndGlobalSection
	GlobalSection(ProjectConfigurationPlatforms) = postSolution
		{71D6B455-49BF-410D-82F4-74120618913B}.Debug|Any CPU.ActiveCfg = Debug|Any CPU
		{71D6B455-49BF-410D-82F4-74120618913B}.Debug|Any CPU.Build.0 = Debug|Any CPU
		{71D6B455-49BF-410D-82F4-74120618913B}.Release|Any CPU.ActiveCfg = Release|Any CPU
		{71D6B455-49BF-410D-82F4-74120618913B}.Release|Any CPU.Build.0 = Release|Any CPU
	EndGlobalSection
	GlobalSection(SolutionProperties) = preSolution
		HideSolutionNode = FALSE
	EndGlobalSection
	GlobalSection(ExtensibilityGlobals) = postSolution
		SolutionGuid = {7EBE3A01-B0F3-4B71-B2CB-A90280672B40}
	EndGlobalSection
EndGlobal
