
Microsoft Visual Studio Solution File, Format Version 12.00
# Visual Studio Version 16
VisualStudioVersion = 16.0.29020.237
MinimumVisualStudioVersion = 10.0.40219.1
Project("{FAE04EC0-301F-11D3-BF4B-00C04F79EFBC}") = "RotateArray", "RotateArray\RotateArray.csproj", "{C7449FFC-48B7-42FC-B91A-61ABF9C16B05}"
EndProject
Global
	GlobalSection(SolutionConfigurationPlatforms) = preSolution
		Debug|Any CPU = Debug|Any CPU
		Release|Any CPU = Release|Any CPU
	EndGlobalSection
	GlobalSection(ProjectConfigurationPlatforms) = postSolution
		{C7449FFC-48B7-42FC-B91A-61ABF9C16B05}.Debug|Any CPU.ActiveCfg = Debug|Any CPU
		{C7449FFC-48B7-42FC-B91A-61ABF9C16B05}.Debug|Any CPU.Build.0 = Debug|Any CPU
		{C7449FFC-48B7-42FC-B91A-61ABF9C16B05}.Release|Any CPU.ActiveCfg = Release|Any CPU
		{C7449FFC-48B7-42FC-B91A-61ABF9C16B05}.Release|Any CPU.Build.0 = Release|Any CPU
	EndGlobalSection
	GlobalSection(SolutionProperties) = preSolution
		HideSolutionNode = FALSE
	EndGlobalSection
	GlobalSection(ExtensibilityGlobals) = postSolution
		SolutionGuid = {ED1F0890-F845-46F1-9753-4D0A006F3690}
	EndGlobalSection
EndGlobal
