
Microsoft Visual Studio Solution File, Format Version 12.00
# Visual Studio Version 16
VisualStudioVersion = 16.0.30907.101
MinimumVisualStudioVersion = 10.0.40219.1
Project("{FAE04EC0-301F-11D3-BF4B-00C04F79EFBC}") = "BasicCalculator", "BasicCalculator\BasicCalculator.csproj", "{4A86141C-BC8C-45E8-B971-7DD308AF0372}"
EndProject
Global
	GlobalSection(SolutionConfigurationPlatforms) = preSolution
		Debug|Any CPU = Debug|Any CPU
		Release|Any CPU = Release|Any CPU
	EndGlobalSection
	GlobalSection(ProjectConfigurationPlatforms) = postSolution
		{4A86141C-BC8C-45E8-B971-7DD308AF0372}.Debug|Any CPU.ActiveCfg = Debug|Any CPU
		{4A86141C-BC8C-45E8-B971-7DD308AF0372}.Debug|Any CPU.Build.0 = Debug|Any CPU
		{4A86141C-BC8C-45E8-B971-7DD308AF0372}.Release|Any CPU.ActiveCfg = Release|Any CPU
		{4A86141C-BC8C-45E8-B971-7DD308AF0372}.Release|Any CPU.Build.0 = Release|Any CPU
	EndGlobalSection
	GlobalSection(SolutionProperties) = preSolution
		HideSolutionNode = FALSE
	EndGlobalSection
	GlobalSection(ExtensibilityGlobals) = postSolution
		SolutionGuid = {E88ACC42-4424-4E3D-906C-904495268A63}
	EndGlobalSection
EndGlobal
