
Microsoft Visual Studio Solution File, Format Version 12.00
# Visual Studio Version 16
VisualStudioVersion = 16.0.29009.5
MinimumVisualStudioVersion = 10.0.40219.1
Project("{FAE04EC0-301F-11D3-BF4B-00C04F79EFBC}") = "FindAndReplacePattern", "FindAndReplacePattern\FindAndReplacePattern.csproj", "{AB3E5A5D-21D6-46AC-887B-459D6508EA21}"
EndProject
Global
	GlobalSection(SolutionConfigurationPlatforms) = preSolution
		Debug|Any CPU = Debug|Any CPU
		Release|Any CPU = Release|Any CPU
	EndGlobalSection
	GlobalSection(ProjectConfigurationPlatforms) = postSolution
		{AB3E5A5D-21D6-46AC-887B-459D6508EA21}.Debug|Any CPU.ActiveCfg = Debug|Any CPU
		{AB3E5A5D-21D6-46AC-887B-459D6508EA21}.Debug|Any CPU.Build.0 = Debug|Any CPU
		{AB3E5A5D-21D6-46AC-887B-459D6508EA21}.Release|Any CPU.ActiveCfg = Release|Any CPU
		{AB3E5A5D-21D6-46AC-887B-459D6508EA21}.Release|Any CPU.Build.0 = Release|Any CPU
	EndGlobalSection
	GlobalSection(SolutionProperties) = preSolution
		HideSolutionNode = FALSE
	EndGlobalSection
	GlobalSection(ExtensibilityGlobals) = postSolution
		SolutionGuid = {0CA03091-9FE5-43E5-9248-C65D9832992E}
	EndGlobalSection
EndGlobal
