
Microsoft Visual Studio Solution File, Format Version 12.00
# Visual Studio Version 16
VisualStudioVersion = 16.0.30128.74
MinimumVisualStudioVersion = 10.0.40219.1
Project("{FAE04EC0-301F-11D3-BF4B-00C04F79EFBC}") = "PartitioningIntoMinimumNumber", "PartitioningIntoMinimumNumber\PartitioningIntoMinimumNumber.csproj", "{D3FB2D69-B3C5-41C3-BA71-1DFAF6CB1CD0}"
EndProject
Global
	GlobalSection(SolutionConfigurationPlatforms) = preSolution
		Debug|Any CPU = Debug|Any CPU
		Release|Any CPU = Release|Any CPU
	EndGlobalSection
	GlobalSection(ProjectConfigurationPlatforms) = postSolution
		{D3FB2D69-B3C5-41C3-BA71-1DFAF6CB1CD0}.Debug|Any CPU.ActiveCfg = Debug|Any CPU
		{D3FB2D69-B3C5-41C3-BA71-1DFAF6CB1CD0}.Debug|Any CPU.Build.0 = Debug|Any CPU
		{D3FB2D69-B3C5-41C3-BA71-1DFAF6CB1CD0}.Release|Any CPU.ActiveCfg = Release|Any CPU
		{D3FB2D69-B3C5-41C3-BA71-1DFAF6CB1CD0}.Release|Any CPU.Build.0 = Release|Any CPU
	EndGlobalSection
	GlobalSection(SolutionProperties) = preSolution
		HideSolutionNode = FALSE
	EndGlobalSection
	GlobalSection(ExtensibilityGlobals) = postSolution
		SolutionGuid = {2E68D751-E27B-47B7-95ED-92BE0BA5EC16}
	EndGlobalSection
EndGlobal
