
Microsoft Visual Studio Solution File, Format Version 12.00
# Visual Studio Version 17
VisualStudioVersion = 17.5.33627.172
MinimumVisualStudioVersion = 10.0.40219.1
Project("{FAE04EC0-301F-11D3-BF4B-00C04F79EFBC}") = "HashDividedString", "HashDividedString\HashDividedString.csproj", "{EDBCEEC4-E88C-4412-9FB3-A1A366872F0A}"
EndProject
Global
	GlobalSection(SolutionConfigurationPlatforms) = preSolution
		Debug|Any CPU = Debug|Any CPU
		Release|Any CPU = Release|Any CPU
	EndGlobalSection
	GlobalSection(ProjectConfigurationPlatforms) = postSolution
		{EDBCEEC4-E88C-4412-9FB3-A1A366872F0A}.Debug|Any CPU.ActiveCfg = Debug|Any CPU
		{EDBCEEC4-E88C-4412-9FB3-A1A366872F0A}.Debug|Any CPU.Build.0 = Debug|Any CPU
		{EDBCEEC4-E88C-4412-9FB3-A1A366872F0A}.Release|Any CPU.ActiveCfg = Release|Any CPU
		{EDBCEEC4-E88C-4412-9FB3-A1A366872F0A}.Release|Any CPU.Build.0 = Release|Any CPU
	EndGlobalSection
	GlobalSection(SolutionProperties) = preSolution
		HideSolutionNode = FALSE
	EndGlobalSection
	GlobalSection(ExtensibilityGlobals) = postSolution
		SolutionGuid = {A930BAAA-B1D6-41E8-B523-265E53903621}
	EndGlobalSection
EndGlobal
