
Microsoft Visual Studio Solution File, Format Version 12.00
# Visual Studio Version 16
VisualStudioVersion = 16.0.31402.337
MinimumVisualStudioVersion = 10.0.40219.1
Project("{FAE04EC0-301F-11D3-BF4B-00C04F79EFBC}") = "FirstDayWhereYouHaveBeenInAllTheRooms", "FirstDayWhereYouHaveBeenInAllTheRooms\FirstDayWhereYouHaveBeenInAllTheRooms.csproj", "{18218988-C861-4961-B14D-32E728CC9B04}"
EndProject
Global
	GlobalSection(SolutionConfigurationPlatforms) = preSolution
		Debug|Any CPU = Debug|Any CPU
		Release|Any CPU = Release|Any CPU
	EndGlobalSection
	GlobalSection(ProjectConfigurationPlatforms) = postSolution
		{18218988-C861-4961-B14D-32E728CC9B04}.Debug|Any CPU.ActiveCfg = Debug|Any CPU
		{18218988-C861-4961-B14D-32E728CC9B04}.Debug|Any CPU.Build.0 = Debug|Any CPU
		{18218988-C861-4961-B14D-32E728CC9B04}.Release|Any CPU.ActiveCfg = Release|Any CPU
		{18218988-C861-4961-B14D-32E728CC9B04}.Release|Any CPU.Build.0 = Release|Any CPU
	EndGlobalSection
	GlobalSection(SolutionProperties) = preSolution
		HideSolutionNode = FALSE
	EndGlobalSection
	GlobalSection(ExtensibilityGlobals) = postSolution
		SolutionGuid = {C91ECB1C-6C11-404F-A088-2E4E5F3FAB8C}
	EndGlobalSection
EndGlobal
