
Microsoft Visual Studio Solution File, Format Version 12.00
# Visual Studio Version 16
VisualStudioVersion = 16.0.29009.5
MinimumVisualStudioVersion = 10.0.40219.1
Project("{FAE04EC0-301F-11D3-BF4B-00C04F79EFBC}") = "LongestPalindromicSubstring", "LongestPalindromicSubstring\LongestPalindromicSubstring.csproj", "{275F7E68-126D-40EC-84C1-93340FE25021}"
EndProject
Global
	GlobalSection(SolutionConfigurationPlatforms) = preSolution
		Debug|Any CPU = Debug|Any CPU
		Release|Any CPU = Release|Any CPU
	EndGlobalSection
	GlobalSection(ProjectConfigurationPlatforms) = postSolution
		{275F7E68-126D-40EC-84C1-93340FE25021}.Debug|Any CPU.ActiveCfg = Debug|Any CPU
		{275F7E68-126D-40EC-84C1-93340FE25021}.Debug|Any CPU.Build.0 = Debug|Any CPU
		{275F7E68-126D-40EC-84C1-93340FE25021}.Release|Any CPU.ActiveCfg = Release|Any CPU
		{275F7E68-126D-40EC-84C1-93340FE25021}.Release|Any CPU.Build.0 = Release|Any CPU
	EndGlobalSection
	GlobalSection(SolutionProperties) = preSolution
		HideSolutionNode = FALSE
	EndGlobalSection
	GlobalSection(ExtensibilityGlobals) = postSolution
		SolutionGuid = {E52E6483-C620-474C-BE04-7F6D3D403B6C}
	EndGlobalSection
EndGlobal
