
Microsoft Visual Studio Solution File, Format Version 12.00
# Visual Studio Version 16
VisualStudioVersion = 16.0.29020.237
MinimumVisualStudioVersion = 10.0.40219.1
Project("{FAE04EC0-301F-11D3-BF4B-00C04F79EFBC}") = "AddDigits", "AddDigits\AddDigits.csproj", "{6782752F-66E1-4FAA-A4FA-C80856B455AF}"
EndProject
Global
	GlobalSection(SolutionConfigurationPlatforms) = preSolution
		Debug|Any CPU = Debug|Any CPU
		Release|Any CPU = Release|Any CPU
	EndGlobalSection
	GlobalSection(ProjectConfigurationPlatforms) = postSolution
		{6782752F-66E1-4FAA-A4FA-C80856B455AF}.Debug|Any CPU.ActiveCfg = Debug|Any CPU
		{6782752F-66E1-4FAA-A4FA-C80856B455AF}.Debug|Any CPU.Build.0 = Debug|Any CPU
		{6782752F-66E1-4FAA-A4FA-C80856B455AF}.Release|Any CPU.ActiveCfg = Release|Any CPU
		{6782752F-66E1-4FAA-A4FA-C80856B455AF}.Release|Any CPU.Build.0 = Release|Any CPU
	EndGlobalSection
	GlobalSection(SolutionProperties) = preSolution
		HideSolutionNode = FALSE
	EndGlobalSection
	GlobalSection(ExtensibilityGlobals) = postSolution
		SolutionGuid = {FF1B7EF1-3EB3-4624-8EEF-7350036D43D0}
	EndGlobalSection
EndGlobal
