
Microsoft Visual Studio Solution File, Format Version 12.00
# Visual Studio Version 16
VisualStudioVersion = 16.0.29009.5
MinimumVisualStudioVersion = 10.0.40219.1
Project("{FAE04EC0-301F-11D3-BF4B-00C04F79EFBC}") = "RemoveNthNodeFromEndOfList", "RemoveNthNodeFromEndOfList\RemoveNthNodeFromEndOfList.csproj", "{C9C0D458-DA47-4E0C-AB9F-77B73B297821}"
EndProject
Global
	GlobalSection(SolutionConfigurationPlatforms) = preSolution
		Debug|Any CPU = Debug|Any CPU
		Release|Any CPU = Release|Any CPU
	EndGlobalSection
	GlobalSection(ProjectConfigurationPlatforms) = postSolution
		{C9C0D458-DA47-4E0C-AB9F-77B73B297821}.Debug|Any CPU.ActiveCfg = Debug|Any CPU
		{C9C0D458-DA47-4E0C-AB9F-77B73B297821}.Debug|Any CPU.Build.0 = Debug|Any CPU
		{C9C0D458-DA47-4E0C-AB9F-77B73B297821}.Release|Any CPU.ActiveCfg = Release|Any CPU
		{C9C0D458-DA47-4E0C-AB9F-77B73B297821}.Release|Any CPU.Build.0 = Release|Any CPU
	EndGlobalSection
	GlobalSection(SolutionProperties) = preSolution
		HideSolutionNode = FALSE
	EndGlobalSection
	GlobalSection(ExtensibilityGlobals) = postSolution
		SolutionGuid = {5D31A944-4FEE-4835-B993-CD18E0EAA629}
	EndGlobalSection
EndGlobal
