
Microsoft Visual Studio Solution File, Format Version 12.00
# Visual Studio Version 16
VisualStudioVersion = 16.0.30128.74
MinimumVisualStudioVersion = 10.0.40219.1
Project("{FAE04EC0-301F-11D3-BF4B-00C04F79EFBC}") = "OutputContestMatches", "OutputContestMatches\OutputContestMatches.csproj", "{FFE7AB13-04BF-4701-AE55-DF920DC98DF3}"
EndProject
Global
	GlobalSection(SolutionConfigurationPlatforms) = preSolution
		Debug|Any CPU = Debug|Any CPU
		Release|Any CPU = Release|Any CPU
	EndGlobalSection
	GlobalSection(ProjectConfigurationPlatforms) = postSolution
		{FFE7AB13-04BF-4701-AE55-DF920DC98DF3}.Debug|Any CPU.ActiveCfg = Debug|Any CPU
		{FFE7AB13-04BF-4701-AE55-DF920DC98DF3}.Debug|Any CPU.Build.0 = Debug|Any CPU
		{FFE7AB13-04BF-4701-AE55-DF920DC98DF3}.Release|Any CPU.ActiveCfg = Release|Any CPU
		{FFE7AB13-04BF-4701-AE55-DF920DC98DF3}.Release|Any CPU.Build.0 = Release|Any CPU
	EndGlobalSection
	GlobalSection(SolutionProperties) = preSolution
		HideSolutionNode = FALSE
	EndGlobalSection
	GlobalSection(ExtensibilityGlobals) = postSolution
		SolutionGuid = {A00D0CD4-0D8C-4872-8686-8F838F9033F7}
	EndGlobalSection
EndGlobal
