
Microsoft Visual Studio Solution File, Format Version 12.00
# Visual Studio Version 17
VisualStudioVersion = 17.5.33627.172
MinimumVisualStudioVersion = 10.0.40219.1
Project("{FAE04EC0-301F-11D3-BF4B-00C04F79EFBC}") = "FindTheLongestSemiRepetitiveSubstring", "FindTheLongestSemiRepetitiveSubstring\FindTheLongestSemiRepetitiveSubstring.csproj", "{F06D0DF7-3317-4E77-B367-E2E2D1F6338D}"
EndProject
Global
	GlobalSection(SolutionConfigurationPlatforms) = preSolution
		Debug|Any CPU = Debug|Any CPU
		Release|Any CPU = Release|Any CPU
	EndGlobalSection
	GlobalSection(ProjectConfigurationPlatforms) = postSolution
		{F06D0DF7-3317-4E77-B367-E2E2D1F6338D}.Debug|Any CPU.ActiveCfg = Debug|Any CPU
		{F06D0DF7-3317-4E77-B367-E2E2D1F6338D}.Debug|Any CPU.Build.0 = Debug|Any CPU
		{F06D0DF7-3317-4E77-B367-E2E2D1F6338D}.Release|Any CPU.ActiveCfg = Release|Any CPU
		{F06D0DF7-3317-4E77-B367-E2E2D1F6338D}.Release|Any CPU.Build.0 = Release|Any CPU
	EndGlobalSection
	GlobalSection(SolutionProperties) = preSolution
		HideSolutionNode = FALSE
	EndGlobalSection
	GlobalSection(ExtensibilityGlobals) = postSolution
		SolutionGuid = {B689519E-0E6F-4970-AB9E-D127A46840B8}
	EndGlobalSection
EndGlobal
