
Microsoft Visual Studio Solution File, Format Version 12.00
# Visual Studio Version 16
VisualStudioVersion = 16.0.29613.14
MinimumVisualStudioVersion = 10.0.40219.1
Project("{FAE04EC0-301F-11D3-BF4B-00C04F79EFBC}") = "KidsWithTheGreatestNumberOfCandies", "KidsWithTheGreatestNumberOfCandies\KidsWithTheGreatestNumberOfCandies.csproj", "{CDD2AAD6-4479-4B89-A4AA-B7874BD5C81D}"
EndProject
Global
	GlobalSection(SolutionConfigurationPlatforms) = preSolution
		Debug|Any CPU = Debug|Any CPU
		Release|Any CPU = Release|Any CPU
	EndGlobalSection
	GlobalSection(ProjectConfigurationPlatforms) = postSolution
		{CDD2AAD6-4479-4B89-A4AA-B7874BD5C81D}.Debug|Any CPU.ActiveCfg = Debug|Any CPU
		{CDD2AAD6-4479-4B89-A4AA-B7874BD5C81D}.Debug|Any CPU.Build.0 = Debug|Any CPU
		{CDD2AAD6-4479-4B89-A4AA-B7874BD5C81D}.Release|Any CPU.ActiveCfg = Release|Any CPU
		{CDD2AAD6-4479-4B89-A4AA-B7874BD5C81D}.Release|Any CPU.Build.0 = Release|Any CPU
	EndGlobalSection
	GlobalSection(SolutionProperties) = preSolution
		HideSolutionNode = FALSE
	EndGlobalSection
	GlobalSection(ExtensibilityGlobals) = postSolution
		SolutionGuid = {32DDC5A7-42EC-4764-9725-B79DD5F2A167}
	EndGlobalSection
EndGlobal
