
Microsoft Visual Studio Solution File, Format Version 12.00
# Visual Studio Version 17
VisualStudioVersion = 17.5.33627.172
MinimumVisualStudioVersion = 10.0.40219.1
Project("{FAE04EC0-301F-11D3-BF4B-00C04F79EFBC}") = "MinimumMovesToEqualArrayElementsIII", "MinimumMovesToEqualArrayElementsIII\MinimumMovesToEqualArrayElementsIII.csproj", "{F387F564-1DDC-432D-9ABD-6D40964A76A2}"
EndProject
Global
	GlobalSection(SolutionConfigurationPlatforms) = preSolution
		Debug|Any CPU = Debug|Any CPU
		Release|Any CPU = Release|Any CPU
	EndGlobalSection
	GlobalSection(ProjectConfigurationPlatforms) = postSolution
		{F387F564-1DDC-432D-9ABD-6D40964A76A2}.Debug|Any CPU.ActiveCfg = Debug|Any CPU
		{F387F564-1DDC-432D-9ABD-6D40964A76A2}.Debug|Any CPU.Build.0 = Debug|Any CPU
		{F387F564-1DDC-432D-9ABD-6D40964A76A2}.Release|Any CPU.ActiveCfg = Release|Any CPU
		{F387F564-1DDC-432D-9ABD-6D40964A76A2}.Release|Any CPU.Build.0 = Release|Any CPU
	EndGlobalSection
	GlobalSection(SolutionProperties) = preSolution
		HideSolutionNode = FALSE
	EndGlobalSection
	GlobalSection(ExtensibilityGlobals) = postSolution
		SolutionGuid = {673E1692-36B0-4D71-961E-0C0D21FFFDAE}
	EndGlobalSection
EndGlobal
