
Microsoft Visual Studio Solution File, Format Version 12.00
# Visual Studio Version 17
VisualStudioVersion = 17.3.32825.248
MinimumVisualStudioVersion = 10.0.40219.1
Project("{FAE04EC0-301F-11D3-BF4B-00C04F79EFBC}") = "DistributeMoneyToMaximumChildren", "DistributeMoneyToMaximumChildren\DistributeMoneyToMaximumChildren.csproj", "{60B2A4E7-0142-4B2B-9EF6-44B562898AFC}"
EndProject
Global
	GlobalSection(SolutionConfigurationPlatforms) = preSolution
		Debug|Any CPU = Debug|Any CPU
		Release|Any CPU = Release|Any CPU
	EndGlobalSection
	GlobalSection(ProjectConfigurationPlatforms) = postSolution
		{60B2A4E7-0142-4B2B-9EF6-44B562898AFC}.Debug|Any CPU.ActiveCfg = Debug|Any CPU
		{60B2A4E7-0142-4B2B-9EF6-44B562898AFC}.Debug|Any CPU.Build.0 = Debug|Any CPU
		{60B2A4E7-0142-4B2B-9EF6-44B562898AFC}.Release|Any CPU.ActiveCfg = Release|Any CPU
		{60B2A4E7-0142-4B2B-9EF6-44B562898AFC}.Release|Any CPU.Build.0 = Release|Any CPU
	EndGlobalSection
	GlobalSection(SolutionProperties) = preSolution
		HideSolutionNode = FALSE
	EndGlobalSection
	GlobalSection(ExtensibilityGlobals) = postSolution
		SolutionGuid = {FCC1E3B9-EB31-4309-A3C8-18CE3AB69B1D}
	EndGlobalSection
EndGlobal
