
Microsoft Visual Studio Solution File, Format Version 12.00
# Visual Studio Version 16
VisualStudioVersion = 16.0.30907.101
MinimumVisualStudioVersion = 10.0.40219.1
Project("{FAE04EC0-301F-11D3-BF4B-00C04F79EFBC}") = "LongestNiceSubstring", "LongestNiceSubstring\LongestNiceSubstring.csproj", "{4440F0E4-86B2-4E65-9511-89B095FEFF9B}"
EndProject
Global
	GlobalSection(SolutionConfigurationPlatforms) = preSolution
		Debug|Any CPU = Debug|Any CPU
		Release|Any CPU = Release|Any CPU
	EndGlobalSection
	GlobalSection(ProjectConfigurationPlatforms) = postSolution
		{4440F0E4-86B2-4E65-9511-89B095FEFF9B}.Debug|Any CPU.ActiveCfg = Debug|Any CPU
		{4440F0E4-86B2-4E65-9511-89B095FEFF9B}.Debug|Any CPU.Build.0 = Debug|Any CPU
		{4440F0E4-86B2-4E65-9511-89B095FEFF9B}.Release|Any CPU.ActiveCfg = Release|Any CPU
		{4440F0E4-86B2-4E65-9511-89B095FEFF9B}.Release|Any CPU.Build.0 = Release|Any CPU
	EndGlobalSection
	GlobalSection(SolutionProperties) = preSolution
		HideSolutionNode = FALSE
	EndGlobalSection
	GlobalSection(ExtensibilityGlobals) = postSolution
		SolutionGuid = {36DC6728-B910-44CA-AE30-0F55E03A0329}
	EndGlobalSection
EndGlobal
