
Microsoft Visual Studio Solution File, Format Version 12.00
# Visual Studio Version 17
VisualStudioVersion = 17.3.32825.248
MinimumVisualStudioVersion = 10.0.40219.1
Project("{FAE04EC0-301F-11D3-BF4B-00C04F79EFBC}") = "SplitTheArrayToMakeCoprimeProducts", "SplitTheArrayToMakeCoprimeProducts\SplitTheArrayToMakeCoprimeProducts.csproj", "{489C1325-D82B-44ED-9CBD-1406F867FA44}"
EndProject
Global
	GlobalSection(SolutionConfigurationPlatforms) = preSolution
		Debug|Any CPU = Debug|Any CPU
		Release|Any CPU = Release|Any CPU
	EndGlobalSection
	GlobalSection(ProjectConfigurationPlatforms) = postSolution
		{489C1325-D82B-44ED-9CBD-1406F867FA44}.Debug|Any CPU.ActiveCfg = Debug|Any CPU
		{489C1325-D82B-44ED-9CBD-1406F867FA44}.Debug|Any CPU.Build.0 = Debug|Any CPU
		{489C1325-D82B-44ED-9CBD-1406F867FA44}.Release|Any CPU.ActiveCfg = Release|Any CPU
		{489C1325-D82B-44ED-9CBD-1406F867FA44}.Release|Any CPU.Build.0 = Release|Any CPU
	EndGlobalSection
	GlobalSection(SolutionProperties) = preSolution
		HideSolutionNode = FALSE
	EndGlobalSection
	GlobalSection(ExtensibilityGlobals) = postSolution
		SolutionGuid = {60B21725-D75D-4665-A1BC-6F5BF99793D2}
	EndGlobalSection
EndGlobal
