
Microsoft Visual Studio Solution File, Format Version 12.00
# Visual Studio Version 17
VisualStudioVersion = 17.0.31903.59
MinimumVisualStudioVersion = 10.0.40219.1
Project("{FAE04EC0-301F-11D3-BF4B-00C04F79EFBC}") = "WalkingRobotSimulationII", "WalkingRobotSimulationII\WalkingRobotSimulationII.csproj", "{8A2E03E8-33B9-4883-8849-6B00B96C9646}"
EndProject
Global
	GlobalSection(SolutionConfigurationPlatforms) = preSolution
		Debug|Any CPU = Debug|Any CPU
		Release|Any CPU = Release|Any CPU
	EndGlobalSection
	GlobalSection(ProjectConfigurationPlatforms) = postSolution
		{8A2E03E8-33B9-4883-8849-6B00B96C9646}.Debug|Any CPU.ActiveCfg = Debug|Any CPU
		{8A2E03E8-33B9-4883-8849-6B00B96C9646}.Debug|Any CPU.Build.0 = Debug|Any CPU
		{8A2E03E8-33B9-4883-8849-6B00B96C9646}.Release|Any CPU.ActiveCfg = Release|Any CPU
		{8A2E03E8-33B9-4883-8849-6B00B96C9646}.Release|Any CPU.Build.0 = Release|Any CPU
	EndGlobalSection
	GlobalSection(SolutionProperties) = preSolution
		HideSolutionNode = FALSE
	EndGlobalSection
	GlobalSection(ExtensibilityGlobals) = postSolution
		SolutionGuid = {5B632834-B79C-4D18-B4C4-605A76988717}
	EndGlobalSection
EndGlobal
