
Microsoft Visual Studio Solution File, Format Version 12.00
# Visual Studio Version 16
VisualStudioVersion = 16.0.29418.71
MinimumVisualStudioVersion = 10.0.40219.1
Project("{FAE04EC0-301F-11D3-BF4B-00C04F79EFBC}") = "Permutations", "Permutations\Permutations.csproj", "{A5AC229B-5241-4A97-ACE6-E298AADA799E}"
EndProject
Global
	GlobalSection(SolutionConfigurationPlatforms) = preSolution
		Debug|Any CPU = Debug|Any CPU
		Release|Any CPU = Release|Any CPU
	EndGlobalSection
	GlobalSection(ProjectConfigurationPlatforms) = postSolution
		{A5AC229B-5241-4A97-ACE6-E298AADA799E}.Debug|Any CPU.ActiveCfg = Debug|Any CPU
		{A5AC229B-5241-4A97-ACE6-E298AADA799E}.Debug|Any CPU.Build.0 = Debug|Any CPU
		{A5AC229B-5241-4A97-ACE6-E298AADA799E}.Release|Any CPU.ActiveCfg = Release|Any CPU
		{A5AC229B-5241-4A97-ACE6-E298AADA799E}.Release|Any CPU.Build.0 = Release|Any CPU
	EndGlobalSection
	GlobalSection(SolutionProperties) = preSolution
		HideSolutionNode = FALSE
	EndGlobalSection
	GlobalSection(ExtensibilityGlobals) = postSolution
		SolutionGuid = {330AAE48-BB99-4D97-ABB0-1A3677A66692}
	EndGlobalSection
EndGlobal
