
Microsoft Visual Studio Solution File, Format Version 12.00
# Visual Studio Version 16
VisualStudioVersion = 16.0.30128.74
MinimumVisualStudioVersion = 10.0.40219.1
Project("{FAE04EC0-301F-11D3-BF4B-00C04F79EFBC}") = "CountSubmatricesWithAllOnes", "CountSubmatricesWithAllOnes\CountSubmatricesWithAllOnes.csproj", "{D247DDEB-690B-4E24-9C6A-44B493B9C3ED}"
EndProject
Global
	GlobalSection(SolutionConfigurationPlatforms) = preSolution
		Debug|Any CPU = Debug|Any CPU
		Release|Any CPU = Release|Any CPU
	EndGlobalSection
	GlobalSection(ProjectConfigurationPlatforms) = postSolution
		{D247DDEB-690B-4E24-9C6A-44B493B9C3ED}.Debug|Any CPU.ActiveCfg = Debug|Any CPU
		{D247DDEB-690B-4E24-9C6A-44B493B9C3ED}.Debug|Any CPU.Build.0 = Debug|Any CPU
		{D247DDEB-690B-4E24-9C6A-44B493B9C3ED}.Release|Any CPU.ActiveCfg = Release|Any CPU
		{D247DDEB-690B-4E24-9C6A-44B493B9C3ED}.Release|Any CPU.Build.0 = Release|Any CPU
	EndGlobalSection
	GlobalSection(SolutionProperties) = preSolution
		HideSolutionNode = FALSE
	EndGlobalSection
	GlobalSection(ExtensibilityGlobals) = postSolution
		SolutionGuid = {35352E5C-0106-42B4-8CF5-C2F074D63954}
	EndGlobalSection
EndGlobal
