
Microsoft Visual Studio Solution File, Format Version 12.00
# Visual Studio Version 16
VisualStudioVersion = 16.0.29020.237
MinimumVisualStudioVersion = 10.0.40219.1
Project("{FAE04EC0-301F-11D3-BF4B-00C04F79EFBC}") = "ExcelSheetColumnTitle", "ExcelSheetColumnTitle\ExcelSheetColumnTitle.csproj", "{CF46EAE3-31A9-4AAE-BE07-A8AA6ED5DE34}"
EndProject
Global
	GlobalSection(SolutionConfigurationPlatforms) = preSolution
		Debug|Any CPU = Debug|Any CPU
		Release|Any CPU = Release|Any CPU
	EndGlobalSection
	GlobalSection(ProjectConfigurationPlatforms) = postSolution
		{CF46EAE3-31A9-4AAE-BE07-A8AA6ED5DE34}.Debug|Any CPU.ActiveCfg = Debug|Any CPU
		{CF46EAE3-31A9-4AAE-BE07-A8AA6ED5DE34}.Debug|Any CPU.Build.0 = Debug|Any CPU
		{CF46EAE3-31A9-4AAE-BE07-A8AA6ED5DE34}.Release|Any CPU.ActiveCfg = Release|Any CPU
		{CF46EAE3-31A9-4AAE-BE07-A8AA6ED5DE34}.Release|Any CPU.Build.0 = Release|Any CPU
	EndGlobalSection
	GlobalSection(SolutionProperties) = preSolution
		HideSolutionNode = FALSE
	EndGlobalSection
	GlobalSection(ExtensibilityGlobals) = postSolution
		SolutionGuid = {945F8A16-CBA2-40A4-B9A9-4CDF556FA5F7}
	EndGlobalSection
EndGlobal
