
Microsoft Visual Studio Solution File, Format Version 12.00
# Visual Studio Version 16
VisualStudioVersion = 16.0.29020.237
MinimumVisualStudioVersion = 10.0.40219.1
Project("{FAE04EC0-301F-11D3-BF4B-00C04F79EFBC}") = "FloodFill", "FloodFill\FloodFill.csproj", "{DE6F77DE-63CF-4B4F-B580-2BD138B85B28}"
EndProject
Global
	GlobalSection(SolutionConfigurationPlatforms) = preSolution
		Debug|Any CPU = Debug|Any CPU
		Release|Any CPU = Release|Any CPU
	EndGlobalSection
	GlobalSection(ProjectConfigurationPlatforms) = postSolution
		{DE6F77DE-63CF-4B4F-B580-2BD138B85B28}.Debug|Any CPU.ActiveCfg = Debug|Any CPU
		{DE6F77DE-63CF-4B4F-B580-2BD138B85B28}.Debug|Any CPU.Build.0 = Debug|Any CPU
		{DE6F77DE-63CF-4B4F-B580-2BD138B85B28}.Release|Any CPU.ActiveCfg = Release|Any CPU
		{DE6F77DE-63CF-4B4F-B580-2BD138B85B28}.Release|Any CPU.Build.0 = Release|Any CPU
	EndGlobalSection
	GlobalSection(SolutionProperties) = preSolution
		HideSolutionNode = FALSE
	EndGlobalSection
	GlobalSection(ExtensibilityGlobals) = postSolution
		SolutionGuid = {2F3FEB63-B09C-4EC9-80B1-086C666D1164}
	EndGlobalSection
EndGlobal
