
Microsoft Visual Studio Solution File, Format Version 12.00
# Visual Studio Version 16
VisualStudioVersion = 16.0.30128.74
MinimumVisualStudioVersion = 10.0.40219.1
Project("{FAE04EC0-301F-11D3-BF4B-00C04F79EFBC}") = "CourseScheduleII", "CourseScheduleII\CourseScheduleII.csproj", "{8055E92D-2EC3-41D7-B040-B80FB839C2B9}"
EndProject
Global
	GlobalSection(SolutionConfigurationPlatforms) = preSolution
		Debug|Any CPU = Debug|Any CPU
		Release|Any CPU = Release|Any CPU
	EndGlobalSection
	GlobalSection(ProjectConfigurationPlatforms) = postSolution
		{8055E92D-2EC3-41D7-B040-B80FB839C2B9}.Debug|Any CPU.ActiveCfg = Debug|Any CPU
		{8055E92D-2EC3-41D7-B040-B80FB839C2B9}.Debug|Any CPU.Build.0 = Debug|Any CPU
		{8055E92D-2EC3-41D7-B040-B80FB839C2B9}.Release|Any CPU.ActiveCfg = Release|Any CPU
		{8055E92D-2EC3-41D7-B040-B80FB839C2B9}.Release|Any CPU.Build.0 = Release|Any CPU
	EndGlobalSection
	GlobalSection(SolutionProperties) = preSolution
		HideSolutionNode = FALSE
	EndGlobalSection
	GlobalSection(ExtensibilityGlobals) = postSolution
		SolutionGuid = {6B4E9754-307D-4686-89DC-98D020CEBA5D}
	EndGlobalSection
EndGlobal
