
Microsoft Visual Studio Solution File, Format Version 12.00
# Visual Studio Version 16
VisualStudioVersion = 16.0.29613.14
MinimumVisualStudioVersion = 10.0.40219.1
Project("{FAE04EC0-301F-11D3-BF4B-00C04F79EFBC}") = "NumberOfEnclaves", "NumberOfEnclaves\NumberOfEnclaves.csproj", "{DF73E3EA-8140-49B4-AFC3-ACCE2BCD95B5}"
EndProject
Global
	GlobalSection(SolutionConfigurationPlatforms) = preSolution
		Debug|Any CPU = Debug|Any CPU
		Release|Any CPU = Release|Any CPU
	EndGlobalSection
	GlobalSection(ProjectConfigurationPlatforms) = postSolution
		{DF73E3EA-8140-49B4-AFC3-ACCE2BCD95B5}.Debug|Any CPU.ActiveCfg = Debug|Any CPU
		{DF73E3EA-8140-49B4-AFC3-ACCE2BCD95B5}.Debug|Any CPU.Build.0 = Debug|Any CPU
		{DF73E3EA-8140-49B4-AFC3-ACCE2BCD95B5}.Release|Any CPU.ActiveCfg = Release|Any CPU
		{DF73E3EA-8140-49B4-AFC3-ACCE2BCD95B5}.Release|Any CPU.Build.0 = Release|Any CPU
	EndGlobalSection
	GlobalSection(SolutionProperties) = preSolution
		HideSolutionNode = FALSE
	EndGlobalSection
	GlobalSection(ExtensibilityGlobals) = postSolution
		SolutionGuid = {2BD5730B-1167-4E98-9FD6-0B29C0D023F6}
	EndGlobalSection
EndGlobal
