
Microsoft Visual Studio Solution File, Format Version 12.00
# Visual Studio Version 16
VisualStudioVersion = 16.0.30104.148
MinimumVisualStudioVersion = 10.0.40219.1
Project("{FAE04EC0-301F-11D3-BF4B-00C04F79EFBC}") = "BinaryTreePostorderTraversal", "BinaryTreePostorderTraversal\BinaryTreePostorderTraversal.csproj", "{235CDC25-007F-4F6D-8063-0FAB0D38957C}"
EndProject
Global
	GlobalSection(SolutionConfigurationPlatforms) = preSolution
		Debug|Any CPU = Debug|Any CPU
		Release|Any CPU = Release|Any CPU
	EndGlobalSection
	GlobalSection(ProjectConfigurationPlatforms) = postSolution
		{235CDC25-007F-4F6D-8063-0FAB0D38957C}.Debug|Any CPU.ActiveCfg = Debug|Any CPU
		{235CDC25-007F-4F6D-8063-0FAB0D38957C}.Debug|Any CPU.Build.0 = Debug|Any CPU
		{235CDC25-007F-4F6D-8063-0FAB0D38957C}.Release|Any CPU.ActiveCfg = Release|Any CPU
		{235CDC25-007F-4F6D-8063-0FAB0D38957C}.Release|Any CPU.Build.0 = Release|Any CPU
	EndGlobalSection
	GlobalSection(SolutionProperties) = preSolution
		HideSolutionNode = FALSE
	EndGlobalSection
	GlobalSection(ExtensibilityGlobals) = postSolution
		SolutionGuid = {BFBE60D8-AE8A-4C04-A06F-A808AA79AF0D}
	EndGlobalSection
EndGlobal
