
Microsoft Visual Studio Solution File, Format Version 12.00
# Visual Studio Version 17
VisualStudioVersion = 17.5.33627.172
MinimumVisualStudioVersion = 10.0.40219.1
Project("{FAE04EC0-301F-11D3-BF4B-00C04F79EFBC}") = "MinimumSumOfMountainTripletsI", "MinimumSumOfMountainTripletsI\MinimumSumOfMountainTripletsI.csproj", "{315579F7-552A-4242-961E-F64938C4939E}"
EndProject
Global
	GlobalSection(SolutionConfigurationPlatforms) = preSolution
		Debug|Any CPU = Debug|Any CPU
		Release|Any CPU = Release|Any CPU
	EndGlobalSection
	GlobalSection(ProjectConfigurationPlatforms) = postSolution
		{315579F7-552A-4242-961E-F64938C4939E}.Debug|Any CPU.ActiveCfg = Debug|Any CPU
		{315579F7-552A-4242-961E-F64938C4939E}.Debug|Any CPU.Build.0 = Debug|Any CPU
		{315579F7-552A-4242-961E-F64938C4939E}.Release|Any CPU.ActiveCfg = Release|Any CPU
		{315579F7-552A-4242-961E-F64938C4939E}.Release|Any CPU.Build.0 = Release|Any CPU
	EndGlobalSection
	GlobalSection(SolutionProperties) = preSolution
		HideSolutionNode = FALSE
	EndGlobalSection
	GlobalSection(ExtensibilityGlobals) = postSolution
		SolutionGuid = {787DF714-B817-478A-8AAE-23CD1E95ED6C}
	EndGlobalSection
EndGlobal
